Microsoft Visual Studio Solution File, Format Version 11.00
# Visual Studio 10
Project("{FAE04EC0-301F-11D3-BF4B-00C04F79EFBC}") = "XamlCompilerCommon_csproj", "XamlCompilerCommon.csproj", "{A9332470-AB9D-4A28-949C-EA0E9A20C626}"
EndProject
Global
	GlobalSection(SolutionConfigurationPlatforms) = preSolution
		VSMSBuild|Any CPU = VSMSBuild|Any CPU
	EndGlobalSection
	GlobalSection(ProjectConfigurationPlatforms) = postSolution
		{A9332470-AB9D-4A28-949C-EA0E9A20C626}.VSMSBuild|Any CPU.ActiveCfg = Debug|Any CPU
		{A9332470-AB9D-4A28-949C-EA0E9A20C626}.VSMSBuild|Any CPU.Build.0 = Debug|Any CPU
	EndGlobalSection
	GlobalSection(NestedProjects) = preSolution
	EndGlobalSection
EndGlobal
