
Microsoft Visual Studio Solution File, Format Version 12.00
# Visual Studio Version 16
VisualStudioVersion = 16.0.28516.95
MinimumVisualStudioVersion = 10.0.40219.1
Project("{9A19103F-16F7-4668-BE54-9A1E7A4F7556}") = "AvaCop", "DRT\AvaCop\AvaCop.csproj", "{2301493A-8DF4-4C7E-9E4B-DB6C365156E8}"
EndProject
Project("{9A19103F-16F7-4668-BE54-9A1E7A4F7556}") = "DrtDataSrv", "DRT\DataSrv\DrtDataSrv.csproj", "{075D9D80-0749-402E-B1BC-2BE5517F4413}"
EndProject
Project("{9A19103F-16F7-4668-BE54-9A1E7A4F7556}") = "DrtDataSrvMSB", "DRT\DataSrvMSB\DrtDataSrvMSB.csproj", "{D60389D9-6C4F-474F-AE3E-ABDA4A8C6797}"
EndProject
Project("{9A19103F-16F7-4668-BE54-9A1E7A4F7556}") = "DataServicesTest2016", "FeatureTests\2016\DataServicesTest2016.csproj", "{DBC0A9AB-6E96-4855-9C27-412C29B4696A}"
EndProject
Project("{9A19103F-16F7-4668-BE54-9A1E7A4F7556}") = "DataServicesTest2017", "FeatureTests\2017\DataServicesTest2017.csproj", "{C2078E89-BB57-46A7-9C46-E4C731624F45}"
EndProject
Project("{9A19103F-16F7-4668-BE54-9A1E7A4F7556}") = "DataServicesTestDev10", "FeatureTests\Dev10\DataServicesTestDev10.csproj", "{C15EE8A4-9641-4BA1-9A97-47FB86DF2CA3}"
EndProject
Project("{9A19103F-16F7-4668-BE54-9A1E7A4F7556}") = "DataServicesTestDev11", "FeatureTests\Dev11\DataServicesTestDev11.csproj", "{E75E16AB-EE10-41A7-9740-C54B76BD6CAD}"
EndProject
Project("{9A19103F-16F7-4668-BE54-9A1E7A4F7556}") = "DataServicesTest", "FeatureTests\BuildSources\DataServicesTest.csproj", "{F5714C1B-055D-4DA1-9421-2BD3FBCA3390}"
EndProject
Project("{9A19103F-16F7-4668-BE54-9A1E7A4F7556}") = "DataServicesTestOrcas", "FeatureTests\Orcas\DataServicesTestOrcas.csproj", "{088A38F5-6D94-49C9-8972-5A15E078C8D4}"
EndProject
Project("{9A19103F-16F7-4668-BE54-9A1E7A4F7556}") = "DataServicesData", "FeatureTests\DataServicesData.csproj", "{5F96090E-BBEA-468A-91E5-C92E7B6BB175}"
EndProject
Project("{9A19103F-16F7-4668-BE54-9A1E7A4F7556}") = "DataServicesTestCommon", "Common\DataServicesTestCommon.csproj", "{24EE085E-FA50-4C7E-A4C3-650528798F29}"
EndProject
Global
	GlobalSection(SolutionConfigurationPlatforms) = preSolution
		Debug|Any CPU = Debug|Any CPU
		Debug|x64 = Debug|x64
		Debug|x86 = Debug|x86
		Release|Any CPU = Release|Any CPU
		Release|x64 = Release|x64
		Release|x86 = Release|x86
	EndGlobalSection
	GlobalSection(ProjectConfigurationPlatforms) = postSolution
		{2301493A-8DF4-4C7E-9E4B-DB6C365156E8}.Debug|Any CPU.ActiveCfg = Debug|Any CPU
		{2301493A-8DF4-4C7E-9E4B-DB6C365156E8}.Debug|Any CPU.Build.0 = Debug|Any CPU
		{2301493A-8DF4-4C7E-9E4B-DB6C365156E8}.Debug|x64.ActiveCfg = Debug|x64
		{2301493A-8DF4-4C7E-9E4B-DB6C365156E8}.Debug|x64.Build.0 = Debug|x64
		{2301493A-8DF4-4C7E-9E4B-DB6C365156E8}.Debug|x86.ActiveCfg = Debug|Any CPU
		{2301493A-8DF4-4C7E-9E4B-DB6C365156E8}.Debug|x86.Build.0 = Debug|Any CPU
		{2301493A-8DF4-4C7E-9E4B-DB6C365156E8}.Release|Any CPU.ActiveCfg = Release|Any CPU
		{2301493A-8DF4-4C7E-9E4B-DB6C365156E8}.Release|Any CPU.Build.0 = Release|Any CPU
		{2301493A-8DF4-4C7E-9E4B-DB6C365156E8}.Release|x64.ActiveCfg = Release|x64
		{2301493A-8DF4-4C7E-9E4B-DB6C365156E8}.Release|x64.Build.0 = Release|x64
		{2301493A-8DF4-4C7E-9E4B-DB6C365156E8}.Release|x86.ActiveCfg = Release|Any CPU
		{2301493A-8DF4-4C7E-9E4B-DB6C365156E8}.Release|x86.Build.0 = Release|Any CPU
		{075D9D80-0749-402E-B1BC-2BE5517F4413}.Debug|Any CPU.ActiveCfg = Debug|Any CPU
		{075D9D80-0749-402E-B1BC-2BE5517F4413}.Debug|Any CPU.Build.0 = Debug|Any CPU
		{075D9D80-0749-402E-B1BC-2BE5517F4413}.Debug|x64.ActiveCfg = Debug|x64
		{075D9D80-0749-402E-B1BC-2BE5517F4413}.Debug|x64.Build.0 = Debug|x64
		{075D9D80-0749-402E-B1BC-2BE5517F4413}.Debug|x86.ActiveCfg = Debug|Any CPU
		{075D9D80-0749-402E-B1BC-2BE5517F4413}.Debug|x86.Build.0 = Debug|Any CPU
		{075D9D80-0749-402E-B1BC-2BE5517F4413}.Release|Any CPU.ActiveCfg = Release|Any CPU
		{075D9D80-0749-402E-B1BC-2BE5517F4413}.Release|Any CPU.Build.0 = Release|Any CPU
		{075D9D80-0749-402E-B1BC-2BE5517F4413}.Release|x64.ActiveCfg = Release|x64
		{075D9D80-0749-402E-B1BC-2BE5517F4413}.Release|x64.Build.0 = Release|x64
		{075D9D80-0749-402E-B1BC-2BE5517F4413}.Release|x86.ActiveCfg = Release|Any CPU
		{075D9D80-0749-402E-B1BC-2BE5517F4413}.Release|x86.Build.0 = Release|Any CPU
		{D60389D9-6C4F-474F-AE3E-ABDA4A8C6797}.Debug|Any CPU.ActiveCfg = Debug|Any CPU
		{D60389D9-6C4F-474F-AE3E-ABDA4A8C6797}.Debug|Any CPU.Build.0 = Debug|Any CPU
		{D60389D9-6C4F-474F-AE3E-ABDA4A8C6797}.Debug|x64.ActiveCfg = Debug|x64
		{D60389D9-6C4F-474F-AE3E-ABDA4A8C6797}.Debug|x64.Build.0 = Debug|x64
		{D60389D9-6C4F-474F-AE3E-ABDA4A8C6797}.Debug|x86.ActiveCfg = Debug|Any CPU
		{D60389D9-6C4F-474F-AE3E-ABDA4A8C6797}.Debug|x86.Build.0 = Debug|Any CPU
		{D60389D9-6C4F-474F-AE3E-ABDA4A8C6797}.Release|Any CPU.ActiveCfg = Release|Any CPU
		{D60389D9-6C4F-474F-AE3E-ABDA4A8C6797}.Release|Any CPU.Build.0 = Release|Any CPU
		{D60389D9-6C4F-474F-AE3E-ABDA4A8C6797}.Release|x64.ActiveCfg = Release|x64
		{D60389D9-6C4F-474F-AE3E-ABDA4A8C6797}.Release|x64.Build.0 = Release|x64
		{D60389D9-6C4F-474F-AE3E-ABDA4A8C6797}.Release|x86.ActiveCfg = Release|Any CPU
		{D60389D9-6C4F-474F-AE3E-ABDA4A8C6797}.Release|x86.Build.0 = Release|Any CPU
		{DBC0A9AB-6E96-4855-9C27-412C29B4696A}.Debug|Any CPU.ActiveCfg = Debug|Any CPU
		{DBC0A9AB-6E96-4855-9C27-412C29B4696A}.Debug|Any CPU.Build.0 = Debug|Any CPU
		{DBC0A9AB-6E96-4855-9C27-412C29B4696A}.Debug|x64.ActiveCfg = Debug|x64
		{DBC0A9AB-6E96-4855-9C27-412C29B4696A}.Debug|x64.Build.0 = Debug|x64
		{DBC0A9AB-6E96-4855-9C27-412C29B4696A}.Debug|x86.ActiveCfg = Debug|Any CPU
		{DBC0A9AB-6E96-4855-9C27-412C29B4696A}.Debug|x86.Build.0 = Debug|Any CPU
		{DBC0A9AB-6E96-4855-9C27-412C29B4696A}.Release|Any CPU.ActiveCfg = Release|Any CPU
		{DBC0A9AB-6E96-4855-9C27-412C29B4696A}.Release|Any CPU.Build.0 = Release|Any CPU
		{DBC0A9AB-6E96-4855-9C27-412C29B4696A}.Release|x64.ActiveCfg = Release|x64
		{DBC0A9AB-6E96-4855-9C27-412C29B4696A}.Release|x64.Build.0 = Release|x64
		{DBC0A9AB-6E96-4855-9C27-412C29B4696A}.Release|x86.ActiveCfg = Release|Any CPU
		{DBC0A9AB-6E96-4855-9C27-412C29B4696A}.Release|x86.Build.0 = Release|Any CPU
		{C2078E89-BB57-46A7-9C46-E4C731624F45}.Debug|Any CPU.ActiveCfg = Debug|Any CPU
		{C2078E89-BB57-46A7-9C46-E4C731624F45}.Debug|Any CPU.Build.0 = Debug|Any CPU
		{C2078E89-BB57-46A7-9C46-E4C731624F45}.Debug|x64.ActiveCfg = Debug|x64
		{C2078E89-BB57-46A7-9C46-E4C731624F45}.Debug|x64.Build.0 = Debug|x64
		{C2078E89-BB57-46A7-9C46-E4C731624F45}.Debug|x86.ActiveCfg = Debug|Any CPU
		{C2078E89-BB57-46A7-9C46-E4C731624F45}.Debug|x86.Build.0 = Debug|Any CPU
		{C2078E89-BB57-46A7-9C46-E4C731624F45}.Release|Any CPU.ActiveCfg = Release|Any CPU
		{C2078E89-BB57-46A7-9C46-E4C731624F45}.Release|Any CPU.Build.0 = Release|Any CPU
		{C2078E89-BB57-46A7-9C46-E4C731624F45}.Release|x64.ActiveCfg = Release|x64
		{C2078E89-BB57-46A7-9C46-E4C731624F45}.Release|x64.Build.0 = Release|x64
		{C2078E89-BB57-46A7-9C46-E4C731624F45}.Release|x86.ActiveCfg = Release|Any CPU
		{C2078E89-BB57-46A7-9C46-E4C731624F45}.Release|x86.Build.0 = Release|Any CPU
		{C15EE8A4-9641-4BA1-9A97-47FB86DF2CA3}.Debug|Any CPU.ActiveCfg = Debug|Any CPU
		{C15EE8A4-9641-4BA1-9A97-47FB86DF2CA3}.Debug|Any CPU.Build.0 = Debug|Any CPU
		{C15EE8A4-9641-4BA1-9A97-47FB86DF2CA3}.Debug|x64.ActiveCfg = Debug|x64
		{C15EE8A4-9641-4BA1-9A97-47FB86DF2CA3}.Debug|x64.Build.0 = Debug|x64
		{C15EE8A4-9641-4BA1-9A97-47FB86DF2CA3}.Debug|x86.ActiveCfg = Debug|Any CPU
		{C15EE8A4-9641-4BA1-9A97-47FB86DF2CA3}.Debug|x86.Build.0 = Debug|Any CPU
		{C15EE8A4-9641-4BA1-9A97-47FB86DF2CA3}.Release|Any CPU.ActiveCfg = Release|Any CPU
		{C15EE8A4-9641-4BA1-9A97-47FB86DF2CA3}.Release|Any CPU.Build.0 = Release|Any CPU
		{C15EE8A4-9641-4BA1-9A97-47FB86DF2CA3}.Release|x64.ActiveCfg = Release|x64
		{C15EE8A4-9641-4BA1-9A97-47FB86DF2CA3}.Release|x64.Build.0 = Release|x64
		{C15EE8A4-9641-4BA1-9A97-47FB86DF2CA3}.Release|x86.ActiveCfg = Release|Any CPU
		{C15EE8A4-9641-4BA1-9A97-47FB86DF2CA3}.Release|x86.Build.0 = Release|Any CPU
		{E75E16AB-EE10-41A7-9740-C54B76BD6CAD}.Debug|Any CPU.ActiveCfg = Debug|Any CPU
		{E75E16AB-EE10-41A7-9740-C54B76BD6CAD}.Debug|Any CPU.Build.0 = Debug|Any CPU
		{E75E16AB-EE10-41A7-9740-C54B76BD6CAD}.Debug|x64.ActiveCfg = Debug|x64
		{E75E16AB-EE10-41A7-9740-C54B76BD6CAD}.Debug|x64.Build.0 = Debug|x64
		{E75E16AB-EE10-41A7-9740-C54B76BD6CAD}.Debug|x86.ActiveCfg = Debug|Any CPU
		{E75E16AB-EE10-41A7-9740-C54B76BD6CAD}.Debug|x86.Build.0 = Debug|Any CPU
		{E75E16AB-EE10-41A7-9740-C54B76BD6CAD}.Release|Any CPU.ActiveCfg = Release|Any CPU
		{E75E16AB-EE10-41A7-9740-C54B76BD6CAD}.Release|Any CPU.Build.0 = Release|Any CPU
		{E75E16AB-EE10-41A7-9740-C54B76BD6CAD}.Release|x64.ActiveCfg = Release|x64
		{E75E16AB-EE10-41A7-9740-C54B76BD6CAD}.Release|x64.Build.0 = Release|x64
		{E75E16AB-EE10-41A7-9740-C54B76BD6CAD}.Release|x86.ActiveCfg = Release|Any CPU
		{E75E16AB-EE10-41A7-9740-C54B76BD6CAD}.Release|x86.Build.0 = Release|Any CPU
		{F5714C1B-055D-4DA1-9421-2BD3FBCA3390}.Debug|Any CPU.ActiveCfg = Debug|Any CPU
		{F5714C1B-055D-4DA1-9421-2BD3FBCA3390}.Debug|Any CPU.Build.0 = Debug|Any CPU
		{F5714C1B-055D-4DA1-9421-2BD3FBCA3390}.Debug|x64.ActiveCfg = Debug|x64
		{F5714C1B-055D-4DA1-9421-2BD3FBCA3390}.Debug|x64.Build.0 = Debug|x64
		{F5714C1B-055D-4DA1-9421-2BD3FBCA3390}.Debug|x86.ActiveCfg = Debug|Any CPU
		{F5714C1B-055D-4DA1-9421-2BD3FBCA3390}.Debug|x86.Build.0 = Debug|Any CPU
		{F5714C1B-055D-4DA1-9421-2BD3FBCA3390}.Release|Any CPU.ActiveCfg = Release|Any CPU
		{F5714C1B-055D-4DA1-9421-2BD3FBCA3390}.Release|Any CPU.Build.0 = Release|Any CPU
		{F5714C1B-055D-4DA1-9421-2BD3FBCA3390}.Release|x64.ActiveCfg = Release|x64
		{F5714C1B-055D-4DA1-9421-2BD3FBCA3390}.Release|x64.Build.0 = Release|x64
		{F5714C1B-055D-4DA1-9421-2BD3FBCA3390}.Release|x86.ActiveCfg = Release|Any CPU
		{F5714C1B-055D-4DA1-9421-2BD3FBCA3390}.Release|x86.Build.0 = Release|Any CPU
		{088A38F5-6D94-49C9-8972-5A15E078C8D4}.Debug|Any CPU.ActiveCfg = Debug|Any CPU
		{088A38F5-6D94-49C9-8972-5A15E078C8D4}.Debug|Any CPU.Build.0 = Debug|Any CPU
		{088A38F5-6D94-49C9-8972-5A15E078C8D4}.Debug|x64.ActiveCfg = Debug|x64
		{088A38F5-6D94-49C9-8972-5A15E078C8D4}.Debug|x64.Build.0 = Debug|x64
		{088A38F5-6D94-49C9-8972-5A15E078C8D4}.Debug|x86.ActiveCfg = Debug|Any CPU
		{088A38F5-6D94-49C9-8972-5A15E078C8D4}.Debug|x86.Build.0 = Debug|Any CPU
		{088A38F5-6D94-49C9-8972-5A15E078C8D4}.Release|Any CPU.ActiveCfg = Release|Any CPU
		{088A38F5-6D94-49C9-8972-5A15E078C8D4}.Release|Any CPU.Build.0 = Release|Any CPU
		{088A38F5-6D94-49C9-8972-5A15E078C8D4}.Release|x64.ActiveCfg = Release|x64
		{088A38F5-6D94-49C9-8972-5A15E078C8D4}.Release|x64.Build.0 = Release|x64
		{088A38F5-6D94-49C9-8972-5A15E078C8D4}.Release|x86.ActiveCfg = Release|Any CPU
		{088A38F5-6D94-49C9-8972-5A15E078C8D4}.Release|x86.Build.0 = Release|Any CPU
		{5F96090E-BBEA-468A-91E5-C92E7B6BB175}.Debug|Any CPU.ActiveCfg = Debug|Any CPU
		{5F96090E-BBEA-468A-91E5-C92E7B6BB175}.Debug|Any CPU.Build.0 = Debug|Any CPU
		{5F96090E-BBEA-468A-91E5-C92E7B6BB175}.Debug|x64.ActiveCfg = Debug|x64
		{5F96090E-BBEA-468A-91E5-C92E7B6BB175}.Debug|x64.Build.0 = Debug|x64
		{5F96090E-BBEA-468A-91E5-C92E7B6BB175}.Debug|x86.ActiveCfg = Debug|Any CPU
		{5F96090E-BBEA-468A-91E5-C92E7B6BB175}.Debug|x86.Build.0 = Debug|Any CPU
		{5F96090E-BBEA-468A-91E5-C92E7B6BB175}.Release|Any CPU.ActiveCfg = Release|Any CPU
		{5F96090E-BBEA-468A-91E5-C92E7B6BB175}.Release|Any CPU.Build.0 = Release|Any CPU
		{5F96090E-BBEA-468A-91E5-C92E7B6BB175}.Release|x64.ActiveCfg = Release|x64
		{5F96090E-BBEA-468A-91E5-C92E7B6BB175}.Release|x64.Build.0 = Release|x64
		{5F96090E-BBEA-468A-91E5-C92E7B6BB175}.Release|x86.ActiveCfg = Release|Any CPU
		{5F96090E-BBEA-468A-91E5-C92E7B6BB175}.Release|x86.Build.0 = Release|Any CPU
		{24EE085E-FA50-4C7E-A4C3-650528798F29}.Debug|Any CPU.ActiveCfg = Debug|Any CPU
		{24EE085E-FA50-4C7E-A4C3-650528798F29}.Debug|Any CPU.Build.0 = Debug|Any CPU
		{24EE085E-FA50-4C7E-A4C3-650528798F29}.Debug|x64.ActiveCfg = Debug|x64
		{24EE085E-FA50-4C7E-A4C3-650528798F29}.Debug|x64.Build.0 = Debug|x64
		{24EE085E-FA50-4C7E-A4C3-650528798F29}.Debug|x86.ActiveCfg = Debug|Any CPU
		{24EE085E-FA50-4C7E-A4C3-650528798F29}.Debug|x86.Build.0 = Debug|Any CPU
		{24EE085E-FA50-4C7E-A4C3-650528798F29}.Release|Any CPU.ActiveCfg = Release|Any CPU
		{24EE085E-FA50-4C7E-A4C3-650528798F29}.Release|Any CPU.Build.0 = Release|Any CPU
		{24EE085E-FA50-4C7E-A4C3-650528798F29}.Release|x64.ActiveCfg = Release|x64
		{24EE085E-FA50-4C7E-A4C3-650528798F29}.Release|x64.Build.0 = Release|x64
		{24EE085E-FA50-4C7E-A4C3-650528798F29}.Release|x86.ActiveCfg = Release|Any CPU
		{24EE085E-FA50-4C7E-A4C3-650528798F29}.Release|x86.Build.0 = Release|Any CPU
	EndGlobalSection
	GlobalSection(SolutionProperties) = preSolution
		HideSolutionNode = FALSE
	EndGlobalSection
EndGlobal
