
Microsoft Visual Studio Solution File, Format Version 12.00
# Visual Studio Version 16
VisualStudioVersion = 16.0.28516.95
MinimumVisualStudioVersion = 10.0.40219.1
Project("{9A19103F-16F7-4668-BE54-9A1E7A4F7556}") = "DrtWindowsFormsIntegration", "DRT\WindowsFormsIntegration\DrtWindowsFormsIntegration.csproj", "{DB4E67BC-0477-494C-8A7B-648CA3E067E1}"
EndProject
Project("{9A19103F-16F7-4668-BE54-9A1E7A4F7556}") = "WindowsFormsIntegrationTests", "FeatureTests\WindowsFormsIntegration\WindowsFormsIntegrationTests.csproj", "{D8033CF3-16FB-4D53-B11B-3CE51F333984}"
EndProject
Project("{9A19103F-16F7-4668-BE54-9A1E7A4F7556}") = "TestDriver", "FeatureTests\TestDriver\TestDriver.csproj", "{C83650D9-B6D4-41EA-AE6C-4A3C7363DEF3}"
EndProject
Global
	GlobalSection(SolutionConfigurationPlatforms) = preSolution
		Debug|Any CPU = Debug|Any CPU
		Debug|x64 = Debug|x64
		Debug|x86 = Debug|x86
		Release|Any CPU = Release|Any CPU
		Release|x64 = Release|x64
		Release|x86 = Release|x86
	EndGlobalSection
	GlobalSection(ProjectConfigurationPlatforms) = postSolution
		{DB4E67BC-0477-494C-8A7B-648CA3E067E1}.Debug|Any CPU.ActiveCfg = Debug|Any CPU
		{DB4E67BC-0477-494C-8A7B-648CA3E067E1}.Debug|Any CPU.Build.0 = Debug|Any CPU
		{DB4E67BC-0477-494C-8A7B-648CA3E067E1}.Debug|x64.ActiveCfg = Debug|x64
		{DB4E67BC-0477-494C-8A7B-648CA3E067E1}.Debug|x64.Build.0 = Debug|x64
		{DB4E67BC-0477-494C-8A7B-648CA3E067E1}.Debug|x86.ActiveCfg = Debug|x86
		{DB4E67BC-0477-494C-8A7B-648CA3E067E1}.Debug|x86.Build.0 = Debug|x86
		{DB4E67BC-0477-494C-8A7B-648CA3E067E1}.Release|Any CPU.ActiveCfg = Release|Any CPU
		{DB4E67BC-0477-494C-8A7B-648CA3E067E1}.Release|Any CPU.Build.0 = Release|Any CPU
		{DB4E67BC-0477-494C-8A7B-648CA3E067E1}.Release|x64.ActiveCfg = Release|x64
		{DB4E67BC-0477-494C-8A7B-648CA3E067E1}.Release|x64.Build.0 = Release|x64
		{DB4E67BC-0477-494C-8A7B-648CA3E067E1}.Release|x86.ActiveCfg = Release|x86
		{DB4E67BC-0477-494C-8A7B-648CA3E067E1}.Release|x86.Build.0 = Release|x86	
		{D8033CF3-16FB-4D53-B11B-3CE51F333984}.Debug|Any CPU.ActiveCfg = Debug|Any CPU
		{D8033CF3-16FB-4D53-B11B-3CE51F333984}.Debug|Any CPU.Build.0 = Debug|Any CPU
		{D8033CF3-16FB-4D53-B11B-3CE51F333984}.Debug|x64.ActiveCfg = Debug|x64
		{D8033CF3-16FB-4D53-B11B-3CE51F333984}.Debug|x64.Build.0 = Debug|x64
		{D8033CF3-16FB-4D53-B11B-3CE51F333984}.Debug|x86.ActiveCfg = Debug|x86
		{D8033CF3-16FB-4D53-B11B-3CE51F333984}.Debug|x86.Build.0 = Debug|x86
		{D8033CF3-16FB-4D53-B11B-3CE51F333984}.Release|Any CPU.ActiveCfg = Release|Any CPU
		{D8033CF3-16FB-4D53-B11B-3CE51F333984}.Release|Any CPU.Build.0 = Release|Any CPU
		{D8033CF3-16FB-4D53-B11B-3CE51F333984}.Release|x64.ActiveCfg = Release|x64
		{D8033CF3-16FB-4D53-B11B-3CE51F333984}.Release|x64.Build.0 = Release|x64
		{D8033CF3-16FB-4D53-B11B-3CE51F333984}.Release|x86.ActiveCfg = Release|x86
		{D8033CF3-16FB-4D53-B11B-3CE51F333984}.Release|x86.Build.0 = Release|x86		
		{C83650D9-B6D4-41EA-AE6C-4A3C7363DEF3}.Debug|Any CPU.ActiveCfg = Debug|Any CPU
		{C83650D9-B6D4-41EA-AE6C-4A3C7363DEF3}.Debug|Any CPU.Build.0 = Debug|Any CPU
		{C83650D9-B6D4-41EA-AE6C-4A3C7363DEF3}.Debug|x64.ActiveCfg = Debug|x64
		{C83650D9-B6D4-41EA-AE6C-4A3C7363DEF3}.Debug|x64.Build.0 = Debug|x64
		{C83650D9-B6D4-41EA-AE6C-4A3C7363DEF3}.Debug|x86.ActiveCfg = Debug|x86
		{C83650D9-B6D4-41EA-AE6C-4A3C7363DEF3}.Debug|x86.Build.0 = Debug|x86
		{C83650D9-B6D4-41EA-AE6C-4A3C7363DEF3}.Release|Any CPU.ActiveCfg = Release|Any CPU
		{C83650D9-B6D4-41EA-AE6C-4A3C7363DEF3}.Release|Any CPU.Build.0 = Release|Any CPU
		{C83650D9-B6D4-41EA-AE6C-4A3C7363DEF3}.Release|x64.ActiveCfg = Release|x64
		{C83650D9-B6D4-41EA-AE6C-4A3C7363DEF3}.Release|x64.Build.0 = Release|x64
		{C83650D9-B6D4-41EA-AE6C-4A3C7363DEF3}.Release|x86.ActiveCfg = Release|x86
		{C83650D9-B6D4-41EA-AE6C-4A3C7363DEF3}.Release|x86.Build.0 = Release|x86
	EndGlobalSection
	GlobalSection(SolutionProperties) = preSolution
		HideSolutionNode = FALSE
	EndGlobalSection
EndGlobal
