
Microsoft Visual Studio Solution File, Format Version 9.00
# Visual Studio 2005
Project("{FAE04EC0-301F-11D3-BF4B-00C04F79EFBC}") = "EditingExaminer", "EditingExaminer\EditingExaminer.csproj", "{FC82A9AF-E029-4B82-A022-DABFCA8DD924}"
EndProject
Global
	GlobalSection(SolutionConfigurationPlatforms) = preSolution
		Debug|Any CPU = Debug|Any CPU
		Release|Any CPU = Release|Any CPU
	EndGlobalSection
	GlobalSection(ProjectConfigurationPlatforms) = postSolution
		{FC82A9AF-E029-4B82-A022-DABFCA8DD924}.Debug|Any CPU.ActiveCfg = Release|Any CPU
		{FC82A9AF-E029-4B82-A022-DABFCA8DD924}.Debug|Any CPU.Build.0 = Release|Any CPU
		{FC82A9AF-E029-4B82-A022-DABFCA8DD924}.Release|Any CPU.ActiveCfg = Release|Any CPU
		{FC82A9AF-E029-4B82-A022-DABFCA8DD924}.Release|Any CPU.Build.0 = Release|Any CPU
	EndGlobalSection
	GlobalSection(SolutionProperties) = preSolution
		HideSolutionNode = FALSE
	EndGlobalSection
EndGlobal
