
Microsoft Visual Studio Solution File, Format Version 12.00
# Visual Studio Version 16
VisualStudioVersion = 16.0.28516.95
MinimumVisualStudioVersion = 10.0.40219.1
Project("{9A19103F-16F7-4668-BE54-9A1E7A4F7556}") = "DrtDocumentViewerSuite", "DRT\ReadingExperience\DocumentViewerSuite\DrtDocumentViewerSuite.csproj", "{ECA4A228-F02E-4CBC-8C57-11E8BC827D46}"
EndProject
Project("{9A19103F-16F7-4668-BE54-9A1E7A4F7556}") = "DrtDRXSerialization", "DRT\ReadingExperience\DrxSerialization\DrtDRXSerialization.csproj", "{66E98533-8926-446C-89B3-8486ACB5DBFD}"
EndProject
Project("{9A19103F-16F7-4668-BE54-9A1E7A4F7556}") = "DrtSequence", "DRT\Payloads\Sequence\DrtSequence.csproj", "{74E6642B-0A79-42F5-B64D-3F2CA91582A0}"
EndProject
Project("{9A19103F-16F7-4668-BE54-9A1E7A4F7556}") = "DrtFixedEdit", "DRT\Payloads\FixedEdit\DrtFixedEdit.csproj", "{74463FC0-F62C-4892-9D03-10D3A928D46E}"
EndProject
Project("{9A19103F-16F7-4668-BE54-9A1E7A4F7556}") = "DrtFixedPanel", "DRT\Payloads\FixedPanel\DrtFixedPanel.csproj", "{15B69571-E7E7-4825-972D-AD74A6E2EF49}"
EndProject
Project("{9A19103F-16F7-4668-BE54-9A1E7A4F7556}") = "DrtPackagingApis", "DRT\Core\Packaging\DrtPackagingApis.csproj", "{06B9F849-D2A7-4B28-A019-0F1AA812EEB8}"
EndProject
Project("{9A19103F-16F7-4668-BE54-9A1E7A4F7556}") = "DrtPageContent", "DRT\Payloads\PageContent\DrtPageContent.csproj", "{102C9D31-9AB4-4ED5-881F-E3A17528DBF2}"
EndProject
Project("{9A19103F-16F7-4668-BE54-9A1E7A4F7556}") = "FixedDocViewer", "DRT\Payloads\FixedDocViewer\FixedDocViewer.csproj", "{C5E8C0A9-62E8-48E7-9732-63C16A2BAC7B}"
EndProject
Project("{9A19103F-16F7-4668-BE54-9A1E7A4F7556}") = "TestRuntime", "..\Common\TestRuntime\TestRuntime.csproj", "{11C94B21-C6E7-4F66-BD81-8BB887540478}"
EndProject
Project("{9A19103F-16F7-4668-BE54-9A1E7A4F7556}") = "TestServices", "..\Common\Drt\TestServices\TestServices.csproj", "{7D4A0841-AC57-4F76-BD8A-1B805F4A057E}"
EndProject
Project("{9A19103F-16F7-4668-BE54-9A1E7A4F7556}") = "TestContracts", "..\Infra\CommunityChest\TestContracts\TestContracts.csproj", "{F8975136-3AFB-4135-83D3-3DE3FF2B6B8D}"
EndProject
Project("{9A19103F-16F7-4668-BE54-9A1E7A4F7556}") = "TestApiCore", "..\Infra\TestApi\TestApiCore\Code\TestApiCore.csproj", "{B09ED152-60C1-4D01-A22A-E483E105CFDA}"
EndProject
Project("{9A19103F-16F7-4668-BE54-9A1E7A4F7556}") = "InternalUtilities", "..\Infra\TestUtilities\InternalUtilities\InternalUtilities.csproj", "{7F299F21-3E35-4B35-A63E-D882EDBE358D}"
EndProject
Project("{9A19103F-16F7-4668-BE54-9A1E7A4F7556}") = "DrtNGCTest", "DRT\Metro\NGCSerialization\DrtNGCTest.csproj", "{7988EF89-B85C-4392-82B3-66D9CD034B92}"
EndProject
Project("{9A19103F-16F7-4668-BE54-9A1E7A4F7556}") = "DrtPackageCoreProperties", "DRT\Metro\PackageCoreProperties\DrtPackageCoreProperties.csproj", "{6C94618D-F55E-40CC-AD41-E3C502BCBE48}"
EndProject
Project("{9A19103F-16F7-4668-BE54-9A1E7A4F7556}") = "DrtVisualSerialization", "DRT\Metro\VisualSerialization\DrtVisualSerialization.csproj", "{86BB6D95-23AE-4441-8F7B-113C0168278F}"
EndProject
Project("{9A19103F-16F7-4668-BE54-9A1E7A4F7556}") = "DrtCompressionXform", "DRT\Metro\CompressionXForm\DrtCompressionXform.csproj", "{5E5BA1AD-8FC1-4262-9433-5A3136A41D56}"
EndProject
Project("{9A19103F-16F7-4668-BE54-9A1E7A4F7556}") = "DrtEncryptedPackageCoreProperties", "DRT\Metro\EncryptedPackageCoreProperties\DrtEncryptedPackageCoreProperties.csproj", "{B3FD0256-E2E9-42A1-94C9-F177C7A2BAD9}"
EndProject
Project("{9A19103F-16F7-4668-BE54-9A1E7A4F7556}") = "DrtAddDocStructure", "DRT\Payloads\DocStructurePackage\DrtAddDocStructure.csproj", "{669A6E95-923B-42B8-81D6-27D801B9ECA1}"
EndProject
Project("{9A19103F-16F7-4668-BE54-9A1E7A4F7556}") = "DrtFixedTest", "DRT\Payloads\FixedTest\DrtFixedTest.csproj", "{B338B766-6A8D-4D3D-B982-7E8725253215}"
EndProject
Project("{9A19103F-16F7-4668-BE54-9A1E7A4F7556}") = "DrtDigitalSignature", "DRT\Core\DigitalSignature\DRT\DrtDigitalSignature.csproj", "{A3843306-EB3A-4780-907C-658BD4012139}"
EndProject
Project("{9A19103F-16F7-4668-BE54-9A1E7A4F7556}") = "DRTXpsApi", "DRT\Metro\XpsApiDrt\DRTXpsApi.csproj", "{5B5E6F34-C58A-4FA0-99F2-43551A98B18A}"
EndProject
Project("{9A19103F-16F7-4668-BE54-9A1E7A4F7556}") = "DrtIndexing", "DRT\Metro\Indexing\Indexing\DrtIndexing.csproj", "{7D08EF74-677A-476D-AFBB-1308B0E08EED}"
EndProject
Project("{9A19103F-16F7-4668-BE54-9A1E7A4F7556}") = "EncryptedPackageBuilder", "DRT\Metro\Indexing\EncryptedPackageBuilder\EncryptedPackageBuilder.csproj", "{EF9FBA1E-BBD9-4F62-B9E3-3522D3F33878}"
EndProject
Project("{9A19103F-16F7-4668-BE54-9A1E7A4F7556}") = "CompareChunkLists", "DRT\Metro\Indexing\CompareChunkLists\CompareChunkLists.csproj", "{3E5E8B0A-7499-495C-B3EA-76C5A962B612}"
EndProject
Project("{9A19103F-16F7-4668-BE54-9A1E7A4F7556}") = "BuildContainer", "DRT\Metro\Indexing\BuildContainer\BuildContainer.csproj", "{604171C3-ADC1-441E-A8A8-CB8607D63C69}"
EndProject
Project("{9A19103F-16F7-4668-BE54-9A1E7A4F7556}") = "DRTPackScheme", "DRT\Core\PackScheme\DRTPackScheme.csproj", "{40BA24CB-EF49-4519-B50E-CB549A64939B}"
EndProject
Global
	GlobalSection(SolutionConfigurationPlatforms) = preSolution
		Debug|Any CPU = Debug|Any CPU
		Debug|x64 = Debug|x64
		Debug|x86 = Debug|x86
		Release|Any CPU = Release|Any CPU
		Release|x64 = Release|x64
		Release|x86 = Release|x86
	EndGlobalSection
	GlobalSection(ProjectConfigurationPlatforms) = postSolution
		{ECA4A228-F02E-4CBC-8C57-11E8BC827D46}.Debug|Any CPU.ActiveCfg = Debug|Any CPU
		{ECA4A228-F02E-4CBC-8C57-11E8BC827D46}.Debug|Any CPU.Build.0 = Debug|Any CPU
		{ECA4A228-F02E-4CBC-8C57-11E8BC827D46}.Debug|x64.ActiveCfg = Debug|x64
		{ECA4A228-F02E-4CBC-8C57-11E8BC827D46}.Debug|x64.Build.0 = Debug|x64
		{ECA4A228-F02E-4CBC-8C57-11E8BC827D46}.Debug|x86.ActiveCfg = Debug|Any CPU
		{ECA4A228-F02E-4CBC-8C57-11E8BC827D46}.Debug|x86.Build.0 = Debug|Any CPU
		{ECA4A228-F02E-4CBC-8C57-11E8BC827D46}.Release|Any CPU.ActiveCfg = Release|Any CPU
		{ECA4A228-F02E-4CBC-8C57-11E8BC827D46}.Release|Any CPU.Build.0 = Release|Any CPU
		{ECA4A228-F02E-4CBC-8C57-11E8BC827D46}.Release|x64.ActiveCfg = Release|x64
		{ECA4A228-F02E-4CBC-8C57-11E8BC827D46}.Release|x64.Build.0 = Release|x64
		{ECA4A228-F02E-4CBC-8C57-11E8BC827D46}.Release|x86.ActiveCfg = Release|Any CPU
		{ECA4A228-F02E-4CBC-8C57-11E8BC827D46}.Release|x86.Build.0 = Release|Any CPU
		{66E98533-8926-446C-89B3-8486ACB5DBFD}.Debug|Any CPU.ActiveCfg = Debug|Any CPU
		{66E98533-8926-446C-89B3-8486ACB5DBFD}.Debug|Any CPU.Build.0 = Debug|Any CPU
		{66E98533-8926-446C-89B3-8486ACB5DBFD}.Debug|x64.ActiveCfg = Debug|x64
		{66E98533-8926-446C-89B3-8486ACB5DBFD}.Debug|x64.Build.0 = Debug|x64
		{66E98533-8926-446C-89B3-8486ACB5DBFD}.Debug|x86.ActiveCfg = Debug|Any CPU
		{66E98533-8926-446C-89B3-8486ACB5DBFD}.Debug|x86.Build.0 = Debug|Any CPU
		{66E98533-8926-446C-89B3-8486ACB5DBFD}.Release|Any CPU.ActiveCfg = Release|Any CPU
		{66E98533-8926-446C-89B3-8486ACB5DBFD}.Release|Any CPU.Build.0 = Release|Any CPU
		{66E98533-8926-446C-89B3-8486ACB5DBFD}.Release|x64.ActiveCfg = Release|x64
		{66E98533-8926-446C-89B3-8486ACB5DBFD}.Release|x64.Build.0 = Release|x64
		{66E98533-8926-446C-89B3-8486ACB5DBFD}.Release|x86.ActiveCfg = Release|Any CPU
		{66E98533-8926-446C-89B3-8486ACB5DBFD}.Release|x86.Build.0 = Release|Any CPU
		{74E6642B-0A79-42F5-B64D-3F2CA91582A0}.Debug|Any CPU.ActiveCfg = Debug|Any CPU
		{74E6642B-0A79-42F5-B64D-3F2CA91582A0}.Debug|Any CPU.Build.0 = Debug|Any CPU
		{74E6642B-0A79-42F5-B64D-3F2CA91582A0}.Debug|x64.ActiveCfg = Debug|x64
		{74E6642B-0A79-42F5-B64D-3F2CA91582A0}.Debug|x64.Build.0 = Debug|x64
		{74E6642B-0A79-42F5-B64D-3F2CA91582A0}.Debug|x86.ActiveCfg = Debug|Any CPU
		{74E6642B-0A79-42F5-B64D-3F2CA91582A0}.Debug|x86.Build.0 = Debug|Any CPU
		{74E6642B-0A79-42F5-B64D-3F2CA91582A0}.Release|Any CPU.ActiveCfg = Release|Any CPU
		{74E6642B-0A79-42F5-B64D-3F2CA91582A0}.Release|Any CPU.Build.0 = Release|Any CPU
		{74E6642B-0A79-42F5-B64D-3F2CA91582A0}.Release|x64.ActiveCfg = Release|x64
		{74E6642B-0A79-42F5-B64D-3F2CA91582A0}.Release|x64.Build.0 = Release|x64
		{74E6642B-0A79-42F5-B64D-3F2CA91582A0}.Release|x86.ActiveCfg = Release|Any CPU
		{74E6642B-0A79-42F5-B64D-3F2CA91582A0}.Release|x86.Build.0 = Release|Any CPU
		{74463FC0-F62C-4892-9D03-10D3A928D46E}.Debug|Any CPU.ActiveCfg = Debug|Any CPU
		{74463FC0-F62C-4892-9D03-10D3A928D46E}.Debug|Any CPU.Build.0 = Debug|Any CPU
		{74463FC0-F62C-4892-9D03-10D3A928D46E}.Debug|x64.ActiveCfg = Debug|x64
		{74463FC0-F62C-4892-9D03-10D3A928D46E}.Debug|x64.Build.0 = Debug|x64
		{74463FC0-F62C-4892-9D03-10D3A928D46E}.Debug|x86.ActiveCfg = Debug|Any CPU
		{74463FC0-F62C-4892-9D03-10D3A928D46E}.Debug|x86.Build.0 = Debug|Any CPU
		{74463FC0-F62C-4892-9D03-10D3A928D46E}.Release|Any CPU.ActiveCfg = Release|Any CPU
		{74463FC0-F62C-4892-9D03-10D3A928D46E}.Release|Any CPU.Build.0 = Release|Any CPU
		{74463FC0-F62C-4892-9D03-10D3A928D46E}.Release|x64.ActiveCfg = Release|x64
		{74463FC0-F62C-4892-9D03-10D3A928D46E}.Release|x64.Build.0 = Release|x64
		{74463FC0-F62C-4892-9D03-10D3A928D46E}.Release|x86.ActiveCfg = Release|Any CPU
		{74463FC0-F62C-4892-9D03-10D3A928D46E}.Release|x86.Build.0 = Release|Any CPU
		{15B69571-E7E7-4825-972D-AD74A6E2EF49}.Debug|Any CPU.ActiveCfg = Debug|Any CPU
		{15B69571-E7E7-4825-972D-AD74A6E2EF49}.Debug|Any CPU.Build.0 = Debug|Any CPU
		{15B69571-E7E7-4825-972D-AD74A6E2EF49}.Debug|x64.ActiveCfg = Debug|x64
		{15B69571-E7E7-4825-972D-AD74A6E2EF49}.Debug|x64.Build.0 = Debug|x64
		{15B69571-E7E7-4825-972D-AD74A6E2EF49}.Debug|x86.ActiveCfg = Debug|Any CPU
		{15B69571-E7E7-4825-972D-AD74A6E2EF49}.Debug|x86.Build.0 = Debug|Any CPU
		{15B69571-E7E7-4825-972D-AD74A6E2EF49}.Release|Any CPU.ActiveCfg = Release|Any CPU
		{15B69571-E7E7-4825-972D-AD74A6E2EF49}.Release|Any CPU.Build.0 = Release|Any CPU
		{15B69571-E7E7-4825-972D-AD74A6E2EF49}.Release|x64.ActiveCfg = Release|x64
		{15B69571-E7E7-4825-972D-AD74A6E2EF49}.Release|x64.Build.0 = Release|x64
		{15B69571-E7E7-4825-972D-AD74A6E2EF49}.Release|x86.ActiveCfg = Release|Any CPU
		{15B69571-E7E7-4825-972D-AD74A6E2EF49}.Release|x86.Build.0 = Release|Any CPU
		{06B9F849-D2A7-4B28-A019-0F1AA812EEB8}.Debug|Any CPU.ActiveCfg = Debug|Any CPU
		{06B9F849-D2A7-4B28-A019-0F1AA812EEB8}.Debug|Any CPU.Build.0 = Debug|Any CPU
		{06B9F849-D2A7-4B28-A019-0F1AA812EEB8}.Debug|x64.ActiveCfg = Debug|x64
		{06B9F849-D2A7-4B28-A019-0F1AA812EEB8}.Debug|x64.Build.0 = Debug|x64
		{06B9F849-D2A7-4B28-A019-0F1AA812EEB8}.Debug|x86.ActiveCfg = Debug|Any CPU
		{06B9F849-D2A7-4B28-A019-0F1AA812EEB8}.Debug|x86.Build.0 = Debug|Any CPU
		{06B9F849-D2A7-4B28-A019-0F1AA812EEB8}.Release|Any CPU.ActiveCfg = Release|Any CPU
		{06B9F849-D2A7-4B28-A019-0F1AA812EEB8}.Release|Any CPU.Build.0 = Release|Any CPU
		{06B9F849-D2A7-4B28-A019-0F1AA812EEB8}.Release|x64.ActiveCfg = Release|x64
		{06B9F849-D2A7-4B28-A019-0F1AA812EEB8}.Release|x64.Build.0 = Release|x64
		{06B9F849-D2A7-4B28-A019-0F1AA812EEB8}.Release|x86.ActiveCfg = Release|Any CPU
		{06B9F849-D2A7-4B28-A019-0F1AA812EEB8}.Release|x86.Build.0 = Release|Any CPU
		{102C9D31-9AB4-4ED5-881F-E3A17528DBF2}.Debug|Any CPU.ActiveCfg = Debug|Any CPU
		{102C9D31-9AB4-4ED5-881F-E3A17528DBF2}.Debug|Any CPU.Build.0 = Debug|Any CPU
		{102C9D31-9AB4-4ED5-881F-E3A17528DBF2}.Debug|x64.ActiveCfg = Debug|x64
		{102C9D31-9AB4-4ED5-881F-E3A17528DBF2}.Debug|x64.Build.0 = Debug|x64
		{102C9D31-9AB4-4ED5-881F-E3A17528DBF2}.Debug|x86.ActiveCfg = Debug|Any CPU
		{102C9D31-9AB4-4ED5-881F-E3A17528DBF2}.Debug|x86.Build.0 = Debug|Any CPU
		{102C9D31-9AB4-4ED5-881F-E3A17528DBF2}.Release|Any CPU.ActiveCfg = Release|Any CPU
		{102C9D31-9AB4-4ED5-881F-E3A17528DBF2}.Release|Any CPU.Build.0 = Release|Any CPU
		{102C9D31-9AB4-4ED5-881F-E3A17528DBF2}.Release|x64.ActiveCfg = Release|x64
		{102C9D31-9AB4-4ED5-881F-E3A17528DBF2}.Release|x64.Build.0 = Release|x64
		{102C9D31-9AB4-4ED5-881F-E3A17528DBF2}.Release|x86.ActiveCfg = Release|Any CPU
		{102C9D31-9AB4-4ED5-881F-E3A17528DBF2}.Release|x86.Build.0 = Release|Any CPU
		{C5E8C0A9-62E8-48E7-9732-63C16A2BAC7B}.Debug|Any CPU.ActiveCfg = Debug|Any CPU
		{C5E8C0A9-62E8-48E7-9732-63C16A2BAC7B}.Debug|Any CPU.Build.0 = Debug|Any CPU
		{C5E8C0A9-62E8-48E7-9732-63C16A2BAC7B}.Debug|x64.ActiveCfg = Debug|x64
		{C5E8C0A9-62E8-48E7-9732-63C16A2BAC7B}.Debug|x64.Build.0 = Debug|x64
		{C5E8C0A9-62E8-48E7-9732-63C16A2BAC7B}.Debug|x86.ActiveCfg = Debug|Any CPU
		{C5E8C0A9-62E8-48E7-9732-63C16A2BAC7B}.Debug|x86.Build.0 = Debug|Any CPU
		{C5E8C0A9-62E8-48E7-9732-63C16A2BAC7B}.Release|Any CPU.ActiveCfg = Release|Any CPU
		{C5E8C0A9-62E8-48E7-9732-63C16A2BAC7B}.Release|Any CPU.Build.0 = Release|Any CPU
		{C5E8C0A9-62E8-48E7-9732-63C16A2BAC7B}.Release|x64.ActiveCfg = Release|x64
		{C5E8C0A9-62E8-48E7-9732-63C16A2BAC7B}.Release|x64.Build.0 = Release|x64
		{C5E8C0A9-62E8-48E7-9732-63C16A2BAC7B}.Release|x86.ActiveCfg = Release|Any CPU
		{C5E8C0A9-62E8-48E7-9732-63C16A2BAC7B}.Release|x86.Build.0 = Release|Any CPU
		{11C94B21-C6E7-4F66-BD81-8BB887540478}.Debug|Any CPU.ActiveCfg = Debug|Any CPU
		{11C94B21-C6E7-4F66-BD81-8BB887540478}.Debug|Any CPU.Build.0 = Debug|Any CPU
		{11C94B21-C6E7-4F66-BD81-8BB887540478}.Debug|x64.ActiveCfg = Debug|x64
		{11C94B21-C6E7-4F66-BD81-8BB887540478}.Debug|x64.Build.0 = Debug|x64
		{11C94B21-C6E7-4F66-BD81-8BB887540478}.Debug|x86.ActiveCfg = Debug|Any CPU
		{11C94B21-C6E7-4F66-BD81-8BB887540478}.Debug|x86.Build.0 = Debug|Any CPU
		{11C94B21-C6E7-4F66-BD81-8BB887540478}.Release|Any CPU.ActiveCfg = Release|Any CPU
		{11C94B21-C6E7-4F66-BD81-8BB887540478}.Release|Any CPU.Build.0 = Release|Any CPU
		{11C94B21-C6E7-4F66-BD81-8BB887540478}.Release|x64.ActiveCfg = Release|x64
		{11C94B21-C6E7-4F66-BD81-8BB887540478}.Release|x64.Build.0 = Release|x64
		{11C94B21-C6E7-4F66-BD81-8BB887540478}.Release|x86.ActiveCfg = Release|Any CPU
		{11C94B21-C6E7-4F66-BD81-8BB887540478}.Release|x86.Build.0 = Release|Any CPU
		{7D4A0841-AC57-4F76-BD8A-1B805F4A057E}.Debug|Any CPU.ActiveCfg = Debug|Any CPU
		{7D4A0841-AC57-4F76-BD8A-1B805F4A057E}.Debug|Any CPU.Build.0 = Debug|Any CPU
		{7D4A0841-AC57-4F76-BD8A-1B805F4A057E}.Debug|x64.ActiveCfg = Debug|x64
		{7D4A0841-AC57-4F76-BD8A-1B805F4A057E}.Debug|x64.Build.0 = Debug|x64
		{7D4A0841-AC57-4F76-BD8A-1B805F4A057E}.Debug|x86.ActiveCfg = Debug|Any CPU
		{7D4A0841-AC57-4F76-BD8A-1B805F4A057E}.Debug|x86.Build.0 = Debug|Any CPU
		{7D4A0841-AC57-4F76-BD8A-1B805F4A057E}.Release|Any CPU.ActiveCfg = Release|Any CPU
		{7D4A0841-AC57-4F76-BD8A-1B805F4A057E}.Release|Any CPU.Build.0 = Release|Any CPU
		{7D4A0841-AC57-4F76-BD8A-1B805F4A057E}.Release|x64.ActiveCfg = Release|x64
		{7D4A0841-AC57-4F76-BD8A-1B805F4A057E}.Release|x64.Build.0 = Release|x64
		{7D4A0841-AC57-4F76-BD8A-1B805F4A057E}.Release|x86.ActiveCfg = Release|Any CPU
		{7D4A0841-AC57-4F76-BD8A-1B805F4A057E}.Release|x86.Build.0 = Release|Any CPU
		{F8975136-3AFB-4135-83D3-3DE3FF2B6B8D}.Debug|Any CPU.ActiveCfg = Debug|Any CPU
		{F8975136-3AFB-4135-83D3-3DE3FF2B6B8D}.Debug|Any CPU.Build.0 = Debug|Any CPU
		{F8975136-3AFB-4135-83D3-3DE3FF2B6B8D}.Debug|x64.ActiveCfg = Debug|x64
		{F8975136-3AFB-4135-83D3-3DE3FF2B6B8D}.Debug|x64.Build.0 = Debug|x64
		{F8975136-3AFB-4135-83D3-3DE3FF2B6B8D}.Debug|x86.ActiveCfg = Debug|Any CPU
		{F8975136-3AFB-4135-83D3-3DE3FF2B6B8D}.Debug|x86.Build.0 = Debug|Any CPU
		{F8975136-3AFB-4135-83D3-3DE3FF2B6B8D}.Release|Any CPU.ActiveCfg = Release|Any CPU
		{F8975136-3AFB-4135-83D3-3DE3FF2B6B8D}.Release|Any CPU.Build.0 = Release|Any CPU
		{F8975136-3AFB-4135-83D3-3DE3FF2B6B8D}.Release|x64.ActiveCfg = Release|x64
		{F8975136-3AFB-4135-83D3-3DE3FF2B6B8D}.Release|x64.Build.0 = Release|x64
		{F8975136-3AFB-4135-83D3-3DE3FF2B6B8D}.Release|x86.ActiveCfg = Release|Any CPU
		{F8975136-3AFB-4135-83D3-3DE3FF2B6B8D}.Release|x86.Build.0 = Release|Any CPU
		{B09ED152-60C1-4D01-A22A-E483E105CFDA}.Debug|Any CPU.ActiveCfg = Debug|Any CPU
		{B09ED152-60C1-4D01-A22A-E483E105CFDA}.Debug|Any CPU.Build.0 = Debug|Any CPU
		{B09ED152-60C1-4D01-A22A-E483E105CFDA}.Debug|x64.ActiveCfg = Debug|x64
		{B09ED152-60C1-4D01-A22A-E483E105CFDA}.Debug|x64.Build.0 = Debug|x64
		{B09ED152-60C1-4D01-A22A-E483E105CFDA}.Debug|x86.ActiveCfg = Debug|Any CPU
		{B09ED152-60C1-4D01-A22A-E483E105CFDA}.Debug|x86.Build.0 = Debug|Any CPU
		{B09ED152-60C1-4D01-A22A-E483E105CFDA}.Release|Any CPU.ActiveCfg = Release|Any CPU
		{B09ED152-60C1-4D01-A22A-E483E105CFDA}.Release|Any CPU.Build.0 = Release|Any CPU
		{B09ED152-60C1-4D01-A22A-E483E105CFDA}.Release|x64.ActiveCfg = Release|x64
		{B09ED152-60C1-4D01-A22A-E483E105CFDA}.Release|x64.Build.0 = Release|x64
		{B09ED152-60C1-4D01-A22A-E483E105CFDA}.Release|x86.ActiveCfg = Release|Any CPU
		{B09ED152-60C1-4D01-A22A-E483E105CFDA}.Release|x86.Build.0 = Release|Any CPU
		{7F299F21-3E35-4B35-A63E-D882EDBE358D}.Debug|Any CPU.ActiveCfg = Debug|Any CPU
		{7F299F21-3E35-4B35-A63E-D882EDBE358D}.Debug|Any CPU.Build.0 = Debug|Any CPU
		{7F299F21-3E35-4B35-A63E-D882EDBE358D}.Debug|x64.ActiveCfg = Debug|x64
		{7F299F21-3E35-4B35-A63E-D882EDBE358D}.Debug|x64.Build.0 = Debug|x64
		{7F299F21-3E35-4B35-A63E-D882EDBE358D}.Debug|x86.ActiveCfg = Debug|Any CPU
		{7F299F21-3E35-4B35-A63E-D882EDBE358D}.Debug|x86.Build.0 = Debug|Any CPU
		{7F299F21-3E35-4B35-A63E-D882EDBE358D}.Release|Any CPU.ActiveCfg = Release|Any CPU
		{7F299F21-3E35-4B35-A63E-D882EDBE358D}.Release|Any CPU.Build.0 = Release|Any CPU
		{7F299F21-3E35-4B35-A63E-D882EDBE358D}.Release|x64.ActiveCfg = Release|x64
		{7F299F21-3E35-4B35-A63E-D882EDBE358D}.Release|x64.Build.0 = Release|x64
		{7F299F21-3E35-4B35-A63E-D882EDBE358D}.Release|x86.ActiveCfg = Release|Any CPU
		{7F299F21-3E35-4B35-A63E-D882EDBE358D}.Release|x86.Build.0 = Release|Any CPU
		{7988EF89-B85C-4392-82B3-66D9CD034B92}.Debug|Any CPU.ActiveCfg = Debug|Any CPU
		{7988EF89-B85C-4392-82B3-66D9CD034B92}.Debug|Any CPU.Build.0 = Debug|Any CPU
		{7988EF89-B85C-4392-82B3-66D9CD034B92}.Debug|x64.ActiveCfg = Debug|x64
		{7988EF89-B85C-4392-82B3-66D9CD034B92}.Debug|x64.Build.0 = Debug|x64
		{7988EF89-B85C-4392-82B3-66D9CD034B92}.Debug|x86.ActiveCfg = Debug|Any CPU
		{7988EF89-B85C-4392-82B3-66D9CD034B92}.Debug|x86.Build.0 = Debug|Any CPU
		{7988EF89-B85C-4392-82B3-66D9CD034B92}.Release|Any CPU.ActiveCfg = Release|Any CPU
		{7988EF89-B85C-4392-82B3-66D9CD034B92}.Release|Any CPU.Build.0 = Release|Any CPU
		{7988EF89-B85C-4392-82B3-66D9CD034B92}.Release|x64.ActiveCfg = Release|x64
		{7988EF89-B85C-4392-82B3-66D9CD034B92}.Release|x64.Build.0 = Release|x64
		{7988EF89-B85C-4392-82B3-66D9CD034B92}.Release|x86.ActiveCfg = Release|Any CPU
		{7988EF89-B85C-4392-82B3-66D9CD034B92}.Release|x86.Build.0 = Release|Any CPU
		{6C94618D-F55E-40CC-AD41-E3C502BCBE48}.Debug|Any CPU.ActiveCfg = Debug|Any CPU
		{6C94618D-F55E-40CC-AD41-E3C502BCBE48}.Debug|Any CPU.Build.0 = Debug|Any CPU
		{6C94618D-F55E-40CC-AD41-E3C502BCBE48}.Debug|x64.ActiveCfg = Debug|x64
		{6C94618D-F55E-40CC-AD41-E3C502BCBE48}.Debug|x64.Build.0 = Debug|x64
		{6C94618D-F55E-40CC-AD41-E3C502BCBE48}.Debug|x86.ActiveCfg = Debug|Any CPU
		{6C94618D-F55E-40CC-AD41-E3C502BCBE48}.Debug|x86.Build.0 = Debug|Any CPU
		{6C94618D-F55E-40CC-AD41-E3C502BCBE48}.Release|Any CPU.ActiveCfg = Release|Any CPU
		{6C94618D-F55E-40CC-AD41-E3C502BCBE48}.Release|Any CPU.Build.0 = Release|Any CPU
		{6C94618D-F55E-40CC-AD41-E3C502BCBE48}.Release|x64.ActiveCfg = Release|x64
		{6C94618D-F55E-40CC-AD41-E3C502BCBE48}.Release|x64.Build.0 = Release|x64
		{6C94618D-F55E-40CC-AD41-E3C502BCBE48}.Release|x86.ActiveCfg = Release|Any CPU
		{6C94618D-F55E-40CC-AD41-E3C502BCBE48}.Release|x86.Build.0 = Release|Any CPU
		{86BB6D95-23AE-4441-8F7B-113C0168278F}.Debug|Any CPU.ActiveCfg = Debug|Any CPU
		{86BB6D95-23AE-4441-8F7B-113C0168278F}.Debug|Any CPU.Build.0 = Debug|Any CPU
		{86BB6D95-23AE-4441-8F7B-113C0168278F}.Debug|x64.ActiveCfg = Debug|x64
		{86BB6D95-23AE-4441-8F7B-113C0168278F}.Debug|x64.Build.0 = Debug|x64
		{86BB6D95-23AE-4441-8F7B-113C0168278F}.Debug|x86.ActiveCfg = Debug|Any CPU
		{86BB6D95-23AE-4441-8F7B-113C0168278F}.Debug|x86.Build.0 = Debug|Any CPU
		{86BB6D95-23AE-4441-8F7B-113C0168278F}.Release|Any CPU.ActiveCfg = Release|Any CPU
		{86BB6D95-23AE-4441-8F7B-113C0168278F}.Release|Any CPU.Build.0 = Release|Any CPU
		{86BB6D95-23AE-4441-8F7B-113C0168278F}.Release|x64.ActiveCfg = Release|x64
		{86BB6D95-23AE-4441-8F7B-113C0168278F}.Release|x64.Build.0 = Release|x64
		{86BB6D95-23AE-4441-8F7B-113C0168278F}.Release|x86.ActiveCfg = Release|Any CPU
		{86BB6D95-23AE-4441-8F7B-113C0168278F}.Release|x86.Build.0 = Release|Any CPU
		{5E5BA1AD-8FC1-4262-9433-5A3136A41D56}.Debug|Any CPU.ActiveCfg = Debug|Any CPU
		{5E5BA1AD-8FC1-4262-9433-5A3136A41D56}.Debug|Any CPU.Build.0 = Debug|Any CPU
		{5E5BA1AD-8FC1-4262-9433-5A3136A41D56}.Debug|x64.ActiveCfg = Debug|x64
		{5E5BA1AD-8FC1-4262-9433-5A3136A41D56}.Debug|x64.Build.0 = Debug|x64
		{5E5BA1AD-8FC1-4262-9433-5A3136A41D56}.Debug|x86.ActiveCfg = Debug|Any CPU
		{5E5BA1AD-8FC1-4262-9433-5A3136A41D56}.Debug|x86.Build.0 = Debug|Any CPU
		{5E5BA1AD-8FC1-4262-9433-5A3136A41D56}.Release|Any CPU.ActiveCfg = Release|Any CPU
		{5E5BA1AD-8FC1-4262-9433-5A3136A41D56}.Release|Any CPU.Build.0 = Release|Any CPU
		{5E5BA1AD-8FC1-4262-9433-5A3136A41D56}.Release|x64.ActiveCfg = Release|x64
		{5E5BA1AD-8FC1-4262-9433-5A3136A41D56}.Release|x64.Build.0 = Release|x64
		{5E5BA1AD-8FC1-4262-9433-5A3136A41D56}.Release|x86.ActiveCfg = Release|Any CPU
		{5E5BA1AD-8FC1-4262-9433-5A3136A41D56}.Release|x86.Build.0 = Release|Any CPU
		{B3FD0256-E2E9-42A1-94C9-F177C7A2BAD9}.Debug|Any CPU.ActiveCfg = Debug|Any CPU
		{B3FD0256-E2E9-42A1-94C9-F177C7A2BAD9}.Debug|Any CPU.Build.0 = Debug|Any CPU
		{B3FD0256-E2E9-42A1-94C9-F177C7A2BAD9}.Debug|x64.ActiveCfg = Debug|x64
		{B3FD0256-E2E9-42A1-94C9-F177C7A2BAD9}.Debug|x64.Build.0 = Debug|x64
		{B3FD0256-E2E9-42A1-94C9-F177C7A2BAD9}.Debug|x86.ActiveCfg = Debug|Any CPU
		{B3FD0256-E2E9-42A1-94C9-F177C7A2BAD9}.Debug|x86.Build.0 = Debug|Any CPU
		{B3FD0256-E2E9-42A1-94C9-F177C7A2BAD9}.Release|Any CPU.ActiveCfg = Release|Any CPU
		{B3FD0256-E2E9-42A1-94C9-F177C7A2BAD9}.Release|Any CPU.Build.0 = Release|Any CPU
		{B3FD0256-E2E9-42A1-94C9-F177C7A2BAD9}.Release|x64.ActiveCfg = Release|x64
		{B3FD0256-E2E9-42A1-94C9-F177C7A2BAD9}.Release|x64.Build.0 = Release|x64
		{B3FD0256-E2E9-42A1-94C9-F177C7A2BAD9}.Release|x86.ActiveCfg = Release|Any CPU
		{B3FD0256-E2E9-42A1-94C9-F177C7A2BAD9}.Release|x86.Build.0 = Release|Any CPU
		{669A6E95-923B-42B8-81D6-27D801B9ECA1}.Debug|Any CPU.ActiveCfg = Debug|Any CPU
		{669A6E95-923B-42B8-81D6-27D801B9ECA1}.Debug|Any CPU.Build.0 = Debug|Any CPU
		{669A6E95-923B-42B8-81D6-27D801B9ECA1}.Debug|x64.ActiveCfg = Debug|x64
		{669A6E95-923B-42B8-81D6-27D801B9ECA1}.Debug|x64.Build.0 = Debug|x64
		{669A6E95-923B-42B8-81D6-27D801B9ECA1}.Debug|x86.ActiveCfg = Debug|Any CPU
		{669A6E95-923B-42B8-81D6-27D801B9ECA1}.Debug|x86.Build.0 = Debug|Any CPU
		{669A6E95-923B-42B8-81D6-27D801B9ECA1}.Release|Any CPU.ActiveCfg = Release|Any CPU
		{669A6E95-923B-42B8-81D6-27D801B9ECA1}.Release|Any CPU.Build.0 = Release|Any CPU
		{669A6E95-923B-42B8-81D6-27D801B9ECA1}.Release|x64.ActiveCfg = Release|x64
		{669A6E95-923B-42B8-81D6-27D801B9ECA1}.Release|x64.Build.0 = Release|x64
		{669A6E95-923B-42B8-81D6-27D801B9ECA1}.Release|x86.ActiveCfg = Release|Any CPU
		{669A6E95-923B-42B8-81D6-27D801B9ECA1}.Release|x86.Build.0 = Release|Any CPU
		{B338B766-6A8D-4D3D-B982-7E8725253215}.Debug|Any CPU.ActiveCfg = Debug|Any CPU
		{B338B766-6A8D-4D3D-B982-7E8725253215}.Debug|Any CPU.Build.0 = Debug|Any CPU
		{B338B766-6A8D-4D3D-B982-7E8725253215}.Debug|x64.ActiveCfg = Debug|x64
		{B338B766-6A8D-4D3D-B982-7E8725253215}.Debug|x64.Build.0 = Debug|x64
		{B338B766-6A8D-4D3D-B982-7E8725253215}.Debug|x86.ActiveCfg = Debug|Any CPU
		{B338B766-6A8D-4D3D-B982-7E8725253215}.Debug|x86.Build.0 = Debug|Any CPU
		{B338B766-6A8D-4D3D-B982-7E8725253215}.Release|Any CPU.ActiveCfg = Release|Any CPU
		{B338B766-6A8D-4D3D-B982-7E8725253215}.Release|Any CPU.Build.0 = Release|Any CPU
		{B338B766-6A8D-4D3D-B982-7E8725253215}.Release|x64.ActiveCfg = Release|x64
		{B338B766-6A8D-4D3D-B982-7E8725253215}.Release|x64.Build.0 = Release|x64
		{B338B766-6A8D-4D3D-B982-7E8725253215}.Release|x86.ActiveCfg = Release|Any CPU
		{B338B766-6A8D-4D3D-B982-7E8725253215}.Release|x86.Build.0 = Release|Any CPU
		{A3843306-EB3A-4780-907C-658BD4012139}.Debug|Any CPU.ActiveCfg = Debug|Any CPU
		{A3843306-EB3A-4780-907C-658BD4012139}.Debug|Any CPU.Build.0 = Debug|Any CPU
		{A3843306-EB3A-4780-907C-658BD4012139}.Debug|x64.ActiveCfg = Debug|x64
		{A3843306-EB3A-4780-907C-658BD4012139}.Debug|x64.Build.0 = Debug|x64
		{A3843306-EB3A-4780-907C-658BD4012139}.Debug|x86.ActiveCfg = Debug|Any CPU
		{A3843306-EB3A-4780-907C-658BD4012139}.Debug|x86.Build.0 = Debug|Any CPU
		{A3843306-EB3A-4780-907C-658BD4012139}.Release|Any CPU.ActiveCfg = Release|Any CPU
		{A3843306-EB3A-4780-907C-658BD4012139}.Release|Any CPU.Build.0 = Release|Any CPU
		{A3843306-EB3A-4780-907C-658BD4012139}.Release|x64.ActiveCfg = Release|x64
		{A3843306-EB3A-4780-907C-658BD4012139}.Release|x64.Build.0 = Release|x64
		{A3843306-EB3A-4780-907C-658BD4012139}.Release|x86.ActiveCfg = Release|Any CPU
		{A3843306-EB3A-4780-907C-658BD4012139}.Release|x86.Build.0 = Release|Any CPU
		{5B5E6F34-C58A-4FA0-99F2-43551A98B18A}.Debug|Any CPU.ActiveCfg = Debug|Any CPU
		{5B5E6F34-C58A-4FA0-99F2-43551A98B18A}.Debug|Any CPU.Build.0 = Debug|Any CPU
		{5B5E6F34-C58A-4FA0-99F2-43551A98B18A}.Debug|x64.ActiveCfg = Debug|x64
		{5B5E6F34-C58A-4FA0-99F2-43551A98B18A}.Debug|x64.Build.0 = Debug|x64
		{5B5E6F34-C58A-4FA0-99F2-43551A98B18A}.Debug|x86.ActiveCfg = Debug|Any CPU
		{5B5E6F34-C58A-4FA0-99F2-43551A98B18A}.Debug|x86.Build.0 = Debug|Any CPU
		{5B5E6F34-C58A-4FA0-99F2-43551A98B18A}.Release|Any CPU.ActiveCfg = Release|Any CPU
		{5B5E6F34-C58A-4FA0-99F2-43551A98B18A}.Release|Any CPU.Build.0 = Release|Any CPU
		{5B5E6F34-C58A-4FA0-99F2-43551A98B18A}.Release|x64.ActiveCfg = Release|x64
		{5B5E6F34-C58A-4FA0-99F2-43551A98B18A}.Release|x64.Build.0 = Release|x64
		{5B5E6F34-C58A-4FA0-99F2-43551A98B18A}.Release|x86.ActiveCfg = Release|Any CPU
		{5B5E6F34-C58A-4FA0-99F2-43551A98B18A}.Release|x86.Build.0 = Release|Any CPU
		{7D08EF74-677A-476D-AFBB-1308B0E08EED}.Debug|Any CPU.ActiveCfg = Debug|Any CPU
		{7D08EF74-677A-476D-AFBB-1308B0E08EED}.Debug|Any CPU.Build.0 = Debug|Any CPU
		{7D08EF74-677A-476D-AFBB-1308B0E08EED}.Debug|x64.ActiveCfg = Debug|x64
		{7D08EF74-677A-476D-AFBB-1308B0E08EED}.Debug|x64.Build.0 = Debug|x64
		{7D08EF74-677A-476D-AFBB-1308B0E08EED}.Debug|x86.ActiveCfg = Debug|Any CPU
		{7D08EF74-677A-476D-AFBB-1308B0E08EED}.Debug|x86.Build.0 = Debug|Any CPU
		{7D08EF74-677A-476D-AFBB-1308B0E08EED}.Release|Any CPU.ActiveCfg = Release|Any CPU
		{7D08EF74-677A-476D-AFBB-1308B0E08EED}.Release|Any CPU.Build.0 = Release|Any CPU
		{7D08EF74-677A-476D-AFBB-1308B0E08EED}.Release|x64.ActiveCfg = Release|x64
		{7D08EF74-677A-476D-AFBB-1308B0E08EED}.Release|x64.Build.0 = Release|x64
		{7D08EF74-677A-476D-AFBB-1308B0E08EED}.Release|x86.ActiveCfg = Release|Any CPU
		{7D08EF74-677A-476D-AFBB-1308B0E08EED}.Release|x86.Build.0 = Release|Any CPU
		{EF9FBA1E-BBD9-4F62-B9E3-3522D3F33878}.Debug|Any CPU.ActiveCfg = Debug|Any CPU
		{EF9FBA1E-BBD9-4F62-B9E3-3522D3F33878}.Debug|Any CPU.Build.0 = Debug|Any CPU
		{EF9FBA1E-BBD9-4F62-B9E3-3522D3F33878}.Debug|x64.ActiveCfg = Debug|x64
		{EF9FBA1E-BBD9-4F62-B9E3-3522D3F33878}.Debug|x64.Build.0 = Debug|x64
		{EF9FBA1E-BBD9-4F62-B9E3-3522D3F33878}.Debug|x86.ActiveCfg = Debug|Any CPU
		{EF9FBA1E-BBD9-4F62-B9E3-3522D3F33878}.Debug|x86.Build.0 = Debug|Any CPU
		{EF9FBA1E-BBD9-4F62-B9E3-3522D3F33878}.Release|Any CPU.ActiveCfg = Release|Any CPU
		{EF9FBA1E-BBD9-4F62-B9E3-3522D3F33878}.Release|Any CPU.Build.0 = Release|Any CPU
		{EF9FBA1E-BBD9-4F62-B9E3-3522D3F33878}.Release|x64.ActiveCfg = Release|x64
		{EF9FBA1E-BBD9-4F62-B9E3-3522D3F33878}.Release|x64.Build.0 = Release|x64
		{EF9FBA1E-BBD9-4F62-B9E3-3522D3F33878}.Release|x86.ActiveCfg = Release|Any CPU
		{EF9FBA1E-BBD9-4F62-B9E3-3522D3F33878}.Release|x86.Build.0 = Release|Any CPU
		{3E5E8B0A-7499-495C-B3EA-76C5A962B612}.Debug|Any CPU.ActiveCfg = Debug|Any CPU
		{3E5E8B0A-7499-495C-B3EA-76C5A962B612}.Debug|Any CPU.Build.0 = Debug|Any CPU
		{3E5E8B0A-7499-495C-B3EA-76C5A962B612}.Debug|x64.ActiveCfg = Debug|x64
		{3E5E8B0A-7499-495C-B3EA-76C5A962B612}.Debug|x64.Build.0 = Debug|x64
		{3E5E8B0A-7499-495C-B3EA-76C5A962B612}.Debug|x86.ActiveCfg = Debug|Any CPU
		{3E5E8B0A-7499-495C-B3EA-76C5A962B612}.Debug|x86.Build.0 = Debug|Any CPU
		{3E5E8B0A-7499-495C-B3EA-76C5A962B612}.Release|Any CPU.ActiveCfg = Release|Any CPU
		{3E5E8B0A-7499-495C-B3EA-76C5A962B612}.Release|Any CPU.Build.0 = Release|Any CPU
		{3E5E8B0A-7499-495C-B3EA-76C5A962B612}.Release|x64.ActiveCfg = Release|x64
		{3E5E8B0A-7499-495C-B3EA-76C5A962B612}.Release|x64.Build.0 = Release|x64
		{3E5E8B0A-7499-495C-B3EA-76C5A962B612}.Release|x86.ActiveCfg = Release|Any CPU
		{3E5E8B0A-7499-495C-B3EA-76C5A962B612}.Release|x86.Build.0 = Release|Any CPU
		{604171C3-ADC1-441E-A8A8-CB8607D63C69}.Debug|Any CPU.ActiveCfg = Debug|Any CPU
		{604171C3-ADC1-441E-A8A8-CB8607D63C69}.Debug|Any CPU.Build.0 = Debug|Any CPU
		{604171C3-ADC1-441E-A8A8-CB8607D63C69}.Debug|x64.ActiveCfg = Debug|x64
		{604171C3-ADC1-441E-A8A8-CB8607D63C69}.Debug|x64.Build.0 = Debug|x64
		{604171C3-ADC1-441E-A8A8-CB8607D63C69}.Debug|x86.ActiveCfg = Debug|Any CPU
		{604171C3-ADC1-441E-A8A8-CB8607D63C69}.Debug|x86.Build.0 = Debug|Any CPU
		{604171C3-ADC1-441E-A8A8-CB8607D63C69}.Release|Any CPU.ActiveCfg = Release|Any CPU
		{604171C3-ADC1-441E-A8A8-CB8607D63C69}.Release|Any CPU.Build.0 = Release|Any CPU
		{604171C3-ADC1-441E-A8A8-CB8607D63C69}.Release|x64.ActiveCfg = Release|x64
		{604171C3-ADC1-441E-A8A8-CB8607D63C69}.Release|x64.Build.0 = Release|x64
		{604171C3-ADC1-441E-A8A8-CB8607D63C69}.Release|x86.ActiveCfg = Release|Any CPU
		{604171C3-ADC1-441E-A8A8-CB8607D63C69}.Release|x86.Build.0 = Release|Any CPU
		{40BA24CB-EF49-4519-B50E-CB549A64939B}.Debug|Any CPU.ActiveCfg = Debug|Any CPU
		{40BA24CB-EF49-4519-B50E-CB549A64939B}.Debug|Any CPU.Build.0 = Debug|Any CPU
		{40BA24CB-EF49-4519-B50E-CB549A64939B}.Debug|x64.ActiveCfg = Debug|x64
		{40BA24CB-EF49-4519-B50E-CB549A64939B}.Debug|x64.Build.0 = Debug|x64
		{40BA24CB-EF49-4519-B50E-CB549A64939B}.Debug|x86.ActiveCfg = Debug|Any CPU
		{40BA24CB-EF49-4519-B50E-CB549A64939B}.Debug|x86.Build.0 = Debug|Any CPU
		{40BA24CB-EF49-4519-B50E-CB549A64939B}.Release|Any CPU.ActiveCfg = Release|Any CPU
		{40BA24CB-EF49-4519-B50E-CB549A64939B}.Release|Any CPU.Build.0 = Release|Any CPU
		{40BA24CB-EF49-4519-B50E-CB549A64939B}.Release|x64.ActiveCfg = Release|x64
		{40BA24CB-EF49-4519-B50E-CB549A64939B}.Release|x64.Build.0 = Release|x64
		{40BA24CB-EF49-4519-B50E-CB549A64939B}.Release|x86.ActiveCfg = Release|Any CPU
		{40BA24CB-EF49-4519-B50E-CB549A64939B}.Release|x86.Build.0 = Release|Any CPU
	EndGlobalSection
	GlobalSection(SolutionProperties) = preSolution
		HideSolutionNode = FALSE
	EndGlobalSection
	GlobalSection(ExtensibilityGlobals) = postSolution
		SolutionGuid = {BB282FFA-CBD5-4146-8272-09523FDD28FE}
	EndGlobalSection
EndGlobal
