
Microsoft Visual Studio Solution File, Format Version 12.00
# Visual Studio Version 16
VisualStudioVersion = 16.0.28516.95
MinimumVisualStudioVersion = 10.0.40219.1
Project("{9A19103F-16F7-4668-BE54-9A1E7A4F7556}") = "TestApiCore", "..\Infra\TestApi\TestApiCore\Code\TestApiCore.csproj", "{F1D5D3EB-403C-473C-8F6D-75CCD7C8E739}"
EndProject
Project("{9A19103F-16F7-4668-BE54-9A1E7A4F7556}") = "TestContracts", "..\Infra\CommunityChest\TestContracts\TestContracts.csproj", "{73F8EE66-BFAB-49FC-B217-FB704C21CF1B}"
EndProject
Project("{9A19103F-16F7-4668-BE54-9A1E7A4F7556}") = "TestRuntime", "..\Common\TestRuntime\TestRuntime.csproj", "{5314EE1D-3C38-4D20-98FC-3353117A6A7D}"
EndProject
Project("{9A19103F-16F7-4668-BE54-9A1E7A4F7556}") = "CompilerServices", "..\Common\CompilerServices\CompilerServices.csproj", "{391A120F-3B68-4BA5-BE4C-F2012B8F21E4}"
EndProject
Project("{9A19103F-16F7-4668-BE54-9A1E7A4F7556}") = "InternalUtilities", "..\Infra\TestUtilities\InternalUtilities\InternalUtilities.csproj", "{A25E87CA-4817-4A24-9504-5CD5BCD36EB4}"
EndProject
Project("{9A19103F-16F7-4668-BE54-9A1E7A4F7556}") = "XamlTestClasses", "DRT\XamlTestClasses\XamlTestClasses.csproj", "{78032E93-00E3-45E4-AEBC-851F2771B0E3}"
EndProject
Project("{9A19103F-16F7-4668-BE54-9A1E7A4F7556}") = "BamlTestClasses40", "DRT\BamlTestClasses40\BamlTestClasses40.csproj", "{EC4CEFD5-3668-42F4-81E5-57115075E232}"
EndProject
Project("{9A19103F-16F7-4668-BE54-9A1E7A4F7556}") = "BamlTestClasses35", "DRT\BamlTestClasses35\BamlTestClasses35.csproj", "{E9961F25-68D0-4E1B-9932-91347306176B}"
EndProject
Project("{9A19103F-16F7-4668-BE54-9A1E7A4F7556}") = "DrtXaml", "DRT\DrtXaml\DrtXaml.csproj", "{331D7F4C-E328-421A-86B0-F86F05D675E9}"
EndProject
Project("{9A19103F-16F7-4668-BE54-9A1E7A4F7556}") = "DrtXaml.PartialTrustTests", "DRT\PartialTrustTests\DrtXaml.PartialTrustTests.csproj", "{4FB62703-6421-4D28-ABC1-2227FD9BA6B4}"
EndProject
Project("{9A19103F-16F7-4668-BE54-9A1E7A4F7556}") = "BamlAvoidXmlTest", "DRT\BamlAvoidXmlTest\BamlAvoidXmlTest.csproj", "{0FEDD62E-3F0B-44A3-B22F-3F0DD52C643C}"
EndProject
Project("{9A19103F-16F7-4668-BE54-9A1E7A4F7556}") = "XamlTestClasses.FriendWithKey", "DRT\FriendWithKey\XamlTestClasses.FriendWithKey.csproj", "{AC8DD212-C04E-4ACD-963F-53E191A5F7BB}"
EndProject
Project("{9A19103F-16F7-4668-BE54-9A1E7A4F7556}") = "XamlTestClasses.FriendWithoutKey", "DRT\FriendWithoutKey\XamlTestClasses.FriendWithoutKey.csproj", "{3F133713-7631-4D79-8E2A-256CAA5DD389}"
EndProject
Project("{9A19103F-16F7-4668-BE54-9A1E7A4F7556}") = "BamlTools", "FeatureTests\BamlTools\BamlTools.csproj", "{3D30C69D-3B99-47A1-8348-832222A62D97}"
EndProject
Project("{9A19103F-16F7-4668-BE54-9A1E7A4F7556}") = "XamlCommon", "FeatureTests\XamlCommon\XamlCommon.csproj", "{5D5BC5F7-AD63-4AEB-953D-B14BD5D2F06F}"
EndProject
Project("{9A19103F-16F7-4668-BE54-9A1E7A4F7556}") = "XamlCompilerCommon", "FeatureTests\XamlCompilerCommon\XamlCompilerCommon.csproj", "{3DDC9418-2E85-41B7-B9AD-BF4DE0C58512}"
EndProject
Project("{9A19103F-16F7-4668-BE54-9A1E7A4F7556}") = "Microsoft.Xaml.Tools", "FeatureTests\XamlTools\Microsoft.Xaml.Tools.csproj", "{CBD27F3A-D880-4A79-AEAF-CA755CEC9EC6}"
EndProject
Project("{9A19103F-16F7-4668-BE54-9A1E7A4F7556}") = "BadAssembly", "FeatureTests\data\Assemblies\BadAssembly\BadAssembly.csproj", "{BE2F984C-C021-4DE4-96CE-D166B9615109}"
EndProject
Project("{9A19103F-16F7-4668-BE54-9A1E7A4F7556}") = "BadAssemblyXmlns", "FeatureTests\data\Assemblies\BadAssemblyXmlns\BadAssemblyXmlns.csproj", "{4C819F03-4EEF-4E2A-A24F-719A3C77DA5C}"
EndProject
Project("{9A19103F-16F7-4668-BE54-9A1E7A4F7556}") = "GoodAssembly", "FeatureTests\data\Assemblies\GoodAssembly\GoodAssembly.csproj", "{674F51C7-A694-4E00-BA0E-97296FF5DBD2}"
EndProject
Project("{9A19103F-16F7-4668-BE54-9A1E7A4F7556}") = "XamlData", "FeatureTests\data\XamlData.csproj", "{F12E4318-FEBF-4AA7-8051-2DBB7576602D}"
EndProject
Project("{9A19103F-16F7-4668-BE54-9A1E7A4F7556}") = "ParserTestControlsV1", "FeatureTests\ParserTestControls\Version1\ParserTestControlsV1.csproj", "{FAB71C9E-71A5-40B7-922C-D039DFF09A86}"
EndProject
Project("{9A19103F-16F7-4668-BE54-9A1E7A4F7556}") = "ParserTestControlsV2", "FeatureTests\ParserTestControls\Version2\ParserTestControlsV2.csproj", "{3BBD5AFB-A71F-4280-B86D-C470D6868529}"
EndProject
Project("{9A19103F-16F7-4668-BE54-9A1E7A4F7556}") = "ParserTestControlsV2SubsumingV1", "FeatureTests\ParserTestControls\Version2SubsumingV1\ParserTestControlsV2SubsumingV1.csproj", "{41EF4D1A-9A5F-4A72-838D-4808980E795D}"
EndProject
Project("{9A19103F-16F7-4668-BE54-9A1E7A4F7556}") = "ParserTestControlsV3SubsumingV2", "FeatureTests\ParserTestControls\Version3SubsumingV2\ParserTestControlsV3SubsumingV2.csproj", "{AEB2C1ED-F381-4548-877F-E9D14C3817DC}"
EndProject
Project("{9A19103F-16F7-4668-BE54-9A1E7A4F7556}") = "XamlClrTypes", "FeatureTests\Types\XamlClrTypes\XamlClrTypes.csproj", "{D8BF5BF6-6813-42D9-8DF9-5F51F20DA722}"
EndProject
Project("{9A19103F-16F7-4668-BE54-9A1E7A4F7556}") = "XamlWpfTypes", "FeatureTests\Types\XamlWpfTypes\XamlWpfTypes.csproj", "{F8B6B108-CA8F-45B0-9D35-292DFF194E85}"
EndProject
Project("{9A19103F-16F7-4668-BE54-9A1E7A4F7556}") = "XamlTests35", "FeatureTests\XamlTests35\XamlTests35.csproj", "{0CB97C55-45A8-40CE-8415-3252B6FBE4F1}"
EndProject
Project("{9A19103F-16F7-4668-BE54-9A1E7A4F7556}") = "XamlWpfTests40", "FeatureTests\XamlTests40\XamlWpfTests40\XamlWpfTests40.csproj", "{E93AE1A8-67AF-4E41-8A17-A98F71ECBEE6}"
EndProject
Project("{9A19103F-16F7-4668-BE54-9A1E7A4F7556}") = "BamlDump", "Tools\BamlDump\BamlDump.csproj", "{C610AC61-EAD5-4781-BF8E-5BF630ADC6D9}"
EndProject
Project("{9A19103F-16F7-4668-BE54-9A1E7A4F7556}") = "XamlClrTests40", "FeatureTests\XamlTests40\XamlClrTests40\XamlClrTests40.csproj", "{E73836F1-EB27-4705-A3FE-008C7474E7AE}"
EndProject
Global
	GlobalSection(SolutionConfigurationPlatforms) = preSolution
		Debug|Any CPU = Debug|Any CPU
		Debug|x64 = Debug|x64
		Debug|x86 = Debug|x86
		Release|Any CPU = Release|Any CPU
		Release|x64 = Release|x64
		Release|x86 = Release|x86
	EndGlobalSection
	GlobalSection(ProjectConfigurationPlatforms) = postSolution
		{F1D5D3EB-403C-473C-8F6D-75CCD7C8E739}.Debug|Any CPU.ActiveCfg = Debug|Any CPU
		{F1D5D3EB-403C-473C-8F6D-75CCD7C8E739}.Debug|Any CPU.Build.0 = Debug|Any CPU
		{F1D5D3EB-403C-473C-8F6D-75CCD7C8E739}.Debug|x64.ActiveCfg = Debug|x64
		{F1D5D3EB-403C-473C-8F6D-75CCD7C8E739}.Debug|x64.Build.0 = Debug|x64
		{F1D5D3EB-403C-473C-8F6D-75CCD7C8E739}.Debug|x86.ActiveCfg = Debug|Any CPU
		{F1D5D3EB-403C-473C-8F6D-75CCD7C8E739}.Debug|x86.Build.0 = Debug|Any CPU
		{F1D5D3EB-403C-473C-8F6D-75CCD7C8E739}.Release|Any CPU.ActiveCfg = Release|Any CPU
		{F1D5D3EB-403C-473C-8F6D-75CCD7C8E739}.Release|Any CPU.Build.0 = Release|Any CPU
		{F1D5D3EB-403C-473C-8F6D-75CCD7C8E739}.Release|x64.ActiveCfg = Release|x64
		{F1D5D3EB-403C-473C-8F6D-75CCD7C8E739}.Release|x64.Build.0 = Release|x64
		{F1D5D3EB-403C-473C-8F6D-75CCD7C8E739}.Release|x86.ActiveCfg = Release|Any CPU
		{F1D5D3EB-403C-473C-8F6D-75CCD7C8E739}.Release|x86.Build.0 = Release|Any CPU
		{73F8EE66-BFAB-49FC-B217-FB704C21CF1B}.Debug|Any CPU.ActiveCfg = Debug|Any CPU
		{73F8EE66-BFAB-49FC-B217-FB704C21CF1B}.Debug|Any CPU.Build.0 = Debug|Any CPU
		{73F8EE66-BFAB-49FC-B217-FB704C21CF1B}.Debug|x64.ActiveCfg = Debug|x64
		{73F8EE66-BFAB-49FC-B217-FB704C21CF1B}.Debug|x64.Build.0 = Debug|x64
		{73F8EE66-BFAB-49FC-B217-FB704C21CF1B}.Debug|x86.ActiveCfg = Debug|Any CPU
		{73F8EE66-BFAB-49FC-B217-FB704C21CF1B}.Debug|x86.Build.0 = Debug|Any CPU
		{73F8EE66-BFAB-49FC-B217-FB704C21CF1B}.Release|Any CPU.ActiveCfg = Release|Any CPU
		{73F8EE66-BFAB-49FC-B217-FB704C21CF1B}.Release|Any CPU.Build.0 = Release|Any CPU
		{73F8EE66-BFAB-49FC-B217-FB704C21CF1B}.Release|x64.ActiveCfg = Release|x64
		{73F8EE66-BFAB-49FC-B217-FB704C21CF1B}.Release|x64.Build.0 = Release|x64
		{73F8EE66-BFAB-49FC-B217-FB704C21CF1B}.Release|x86.ActiveCfg = Release|Any CPU
		{73F8EE66-BFAB-49FC-B217-FB704C21CF1B}.Release|x86.Build.0 = Release|Any CPU
		{5314EE1D-3C38-4D20-98FC-3353117A6A7D}.Debug|Any CPU.ActiveCfg = Debug|Any CPU
		{5314EE1D-3C38-4D20-98FC-3353117A6A7D}.Debug|Any CPU.Build.0 = Debug|Any CPU
		{5314EE1D-3C38-4D20-98FC-3353117A6A7D}.Debug|x64.ActiveCfg = Debug|x64
		{5314EE1D-3C38-4D20-98FC-3353117A6A7D}.Debug|x64.Build.0 = Debug|x64
		{5314EE1D-3C38-4D20-98FC-3353117A6A7D}.Debug|x86.ActiveCfg = Debug|Any CPU
		{5314EE1D-3C38-4D20-98FC-3353117A6A7D}.Debug|x86.Build.0 = Debug|Any CPU
		{5314EE1D-3C38-4D20-98FC-3353117A6A7D}.Release|Any CPU.ActiveCfg = Release|Any CPU
		{5314EE1D-3C38-4D20-98FC-3353117A6A7D}.Release|Any CPU.Build.0 = Release|Any CPU
		{5314EE1D-3C38-4D20-98FC-3353117A6A7D}.Release|x64.ActiveCfg = Release|x64
		{5314EE1D-3C38-4D20-98FC-3353117A6A7D}.Release|x64.Build.0 = Release|x64
		{5314EE1D-3C38-4D20-98FC-3353117A6A7D}.Release|x86.ActiveCfg = Release|Any CPU
		{5314EE1D-3C38-4D20-98FC-3353117A6A7D}.Release|x86.Build.0 = Release|Any CPU
		{391A120F-3B68-4BA5-BE4C-F2012B8F21E4}.Debug|Any CPU.ActiveCfg = Debug|Any CPU
		{391A120F-3B68-4BA5-BE4C-F2012B8F21E4}.Debug|Any CPU.Build.0 = Debug|Any CPU
		{391A120F-3B68-4BA5-BE4C-F2012B8F21E4}.Debug|x64.ActiveCfg = Debug|x64
		{391A120F-3B68-4BA5-BE4C-F2012B8F21E4}.Debug|x64.Build.0 = Debug|x64
		{391A120F-3B68-4BA5-BE4C-F2012B8F21E4}.Debug|x86.ActiveCfg = Debug|Any CPU
		{391A120F-3B68-4BA5-BE4C-F2012B8F21E4}.Debug|x86.Build.0 = Debug|Any CPU
		{391A120F-3B68-4BA5-BE4C-F2012B8F21E4}.Release|Any CPU.ActiveCfg = Release|Any CPU
		{391A120F-3B68-4BA5-BE4C-F2012B8F21E4}.Release|Any CPU.Build.0 = Release|Any CPU
		{391A120F-3B68-4BA5-BE4C-F2012B8F21E4}.Release|x64.ActiveCfg = Release|x64
		{391A120F-3B68-4BA5-BE4C-F2012B8F21E4}.Release|x64.Build.0 = Release|x64
		{391A120F-3B68-4BA5-BE4C-F2012B8F21E4}.Release|x86.ActiveCfg = Release|Any CPU
		{391A120F-3B68-4BA5-BE4C-F2012B8F21E4}.Release|x86.Build.0 = Release|Any CPU
		{A25E87CA-4817-4A24-9504-5CD5BCD36EB4}.Debug|Any CPU.ActiveCfg = Debug|Any CPU
		{A25E87CA-4817-4A24-9504-5CD5BCD36EB4}.Debug|Any CPU.Build.0 = Debug|Any CPU
		{A25E87CA-4817-4A24-9504-5CD5BCD36EB4}.Debug|x64.ActiveCfg = Debug|x64
		{A25E87CA-4817-4A24-9504-5CD5BCD36EB4}.Debug|x64.Build.0 = Debug|x64
		{A25E87CA-4817-4A24-9504-5CD5BCD36EB4}.Debug|x86.ActiveCfg = Debug|Any CPU
		{A25E87CA-4817-4A24-9504-5CD5BCD36EB4}.Debug|x86.Build.0 = Debug|Any CPU
		{A25E87CA-4817-4A24-9504-5CD5BCD36EB4}.Release|Any CPU.ActiveCfg = Release|Any CPU
		{A25E87CA-4817-4A24-9504-5CD5BCD36EB4}.Release|Any CPU.Build.0 = Release|Any CPU
		{A25E87CA-4817-4A24-9504-5CD5BCD36EB4}.Release|x64.ActiveCfg = Release|x64
		{A25E87CA-4817-4A24-9504-5CD5BCD36EB4}.Release|x64.Build.0 = Release|x64
		{A25E87CA-4817-4A24-9504-5CD5BCD36EB4}.Release|x86.ActiveCfg = Release|Any CPU
		{A25E87CA-4817-4A24-9504-5CD5BCD36EB4}.Release|x86.Build.0 = Release|Any CPU
		{78032E93-00E3-45E4-AEBC-851F2771B0E3}.Debug|Any CPU.ActiveCfg = Debug|Any CPU
		{78032E93-00E3-45E4-AEBC-851F2771B0E3}.Debug|Any CPU.Build.0 = Debug|Any CPU
		{78032E93-00E3-45E4-AEBC-851F2771B0E3}.Debug|x64.ActiveCfg = Debug|x64
		{78032E93-00E3-45E4-AEBC-851F2771B0E3}.Debug|x64.Build.0 = Debug|x64
		{78032E93-00E3-45E4-AEBC-851F2771B0E3}.Debug|x86.ActiveCfg = Debug|x86
		{78032E93-00E3-45E4-AEBC-851F2771B0E3}.Debug|x86.Build.0 = Debug|x86
		{78032E93-00E3-45E4-AEBC-851F2771B0E3}.Release|Any CPU.ActiveCfg = Release|Any CPU
		{78032E93-00E3-45E4-AEBC-851F2771B0E3}.Release|Any CPU.Build.0 = Release|Any CPU
		{78032E93-00E3-45E4-AEBC-851F2771B0E3}.Release|x64.ActiveCfg = Release|x64
		{78032E93-00E3-45E4-AEBC-851F2771B0E3}.Release|x64.Build.0 = Release|x64
		{78032E93-00E3-45E4-AEBC-851F2771B0E3}.Release|x86.ActiveCfg = Release|x86
		{78032E93-00E3-45E4-AEBC-851F2771B0E3}.Release|x86.Build.0 = Release|x86
		{EC4CEFD5-3668-42F4-81E5-57115075E232}.Debug|Any CPU.ActiveCfg = Debug|Any CPU
		{EC4CEFD5-3668-42F4-81E5-57115075E232}.Debug|Any CPU.Build.0 = Debug|Any CPU
		{EC4CEFD5-3668-42F4-81E5-57115075E232}.Debug|x64.ActiveCfg = Debug|x64
		{EC4CEFD5-3668-42F4-81E5-57115075E232}.Debug|x64.Build.0 = Debug|x64
		{EC4CEFD5-3668-42F4-81E5-57115075E232}.Debug|x86.ActiveCfg = Debug|x86
		{EC4CEFD5-3668-42F4-81E5-57115075E232}.Debug|x86.Build.0 = Debug|x86
		{EC4CEFD5-3668-42F4-81E5-57115075E232}.Release|Any CPU.ActiveCfg = Release|Any CPU
		{EC4CEFD5-3668-42F4-81E5-57115075E232}.Release|Any CPU.Build.0 = Release|Any CPU
		{EC4CEFD5-3668-42F4-81E5-57115075E232}.Release|x64.ActiveCfg = Release|x64
		{EC4CEFD5-3668-42F4-81E5-57115075E232}.Release|x64.Build.0 = Release|x64
		{EC4CEFD5-3668-42F4-81E5-57115075E232}.Release|x86.ActiveCfg = Release|x86
		{EC4CEFD5-3668-42F4-81E5-57115075E232}.Release|x86.Build.0 = Release|x86
		{E9961F25-68D0-4E1B-9932-91347306176B}.Debug|Any CPU.ActiveCfg = Debug|Any CPU
		{E9961F25-68D0-4E1B-9932-91347306176B}.Debug|Any CPU.Build.0 = Debug|Any CPU
		{E9961F25-68D0-4E1B-9932-91347306176B}.Debug|x64.ActiveCfg = Debug|x64
		{E9961F25-68D0-4E1B-9932-91347306176B}.Debug|x64.Build.0 = Debug|x64
		{E9961F25-68D0-4E1B-9932-91347306176B}.Debug|x86.ActiveCfg = Debug|x86
		{E9961F25-68D0-4E1B-9932-91347306176B}.Debug|x86.Build.0 = Debug|x86
		{E9961F25-68D0-4E1B-9932-91347306176B}.Release|Any CPU.ActiveCfg = Release|Any CPU
		{E9961F25-68D0-4E1B-9932-91347306176B}.Release|Any CPU.Build.0 = Release|Any CPU
		{E9961F25-68D0-4E1B-9932-91347306176B}.Release|x64.ActiveCfg = Release|x64
		{E9961F25-68D0-4E1B-9932-91347306176B}.Release|x64.Build.0 = Release|x64
		{E9961F25-68D0-4E1B-9932-91347306176B}.Release|x86.ActiveCfg = Release|x86
		{E9961F25-68D0-4E1B-9932-91347306176B}.Release|x86.Build.0 = Release|x86
		{331D7F4C-E328-421A-86B0-F86F05D675E9}.Debug|Any CPU.ActiveCfg = Debug|Any CPU
		{331D7F4C-E328-421A-86B0-F86F05D675E9}.Debug|Any CPU.Build.0 = Debug|Any CPU
		{331D7F4C-E328-421A-86B0-F86F05D675E9}.Debug|x64.ActiveCfg = Debug|x64
		{331D7F4C-E328-421A-86B0-F86F05D675E9}.Debug|x64.Build.0 = Debug|x64
		{331D7F4C-E328-421A-86B0-F86F05D675E9}.Debug|x86.ActiveCfg = Debug|x86
		{331D7F4C-E328-421A-86B0-F86F05D675E9}.Debug|x86.Build.0 = Debug|x86
		{331D7F4C-E328-421A-86B0-F86F05D675E9}.Release|Any CPU.ActiveCfg = Release|Any CPU
		{331D7F4C-E328-421A-86B0-F86F05D675E9}.Release|Any CPU.Build.0 = Release|Any CPU
		{331D7F4C-E328-421A-86B0-F86F05D675E9}.Release|x64.ActiveCfg = Release|x64
		{331D7F4C-E328-421A-86B0-F86F05D675E9}.Release|x64.Build.0 = Release|x64
		{331D7F4C-E328-421A-86B0-F86F05D675E9}.Release|x86.ActiveCfg = Release|x86
		{331D7F4C-E328-421A-86B0-F86F05D675E9}.Release|x86.Build.0 = Release|x86
		{4FB62703-6421-4D28-ABC1-2227FD9BA6B4}.Debug|Any CPU.ActiveCfg = Debug|Any CPU
		{4FB62703-6421-4D28-ABC1-2227FD9BA6B4}.Debug|Any CPU.Build.0 = Debug|Any CPU
		{4FB62703-6421-4D28-ABC1-2227FD9BA6B4}.Debug|x64.ActiveCfg = Debug|x64
		{4FB62703-6421-4D28-ABC1-2227FD9BA6B4}.Debug|x64.Build.0 = Debug|x64
		{4FB62703-6421-4D28-ABC1-2227FD9BA6B4}.Debug|x86.ActiveCfg = Debug|x86
		{4FB62703-6421-4D28-ABC1-2227FD9BA6B4}.Debug|x86.Build.0 = Debug|x86
		{4FB62703-6421-4D28-ABC1-2227FD9BA6B4}.Release|Any CPU.ActiveCfg = Release|Any CPU
		{4FB62703-6421-4D28-ABC1-2227FD9BA6B4}.Release|Any CPU.Build.0 = Release|Any CPU
		{4FB62703-6421-4D28-ABC1-2227FD9BA6B4}.Release|x64.ActiveCfg = Release|x64
		{4FB62703-6421-4D28-ABC1-2227FD9BA6B4}.Release|x64.Build.0 = Release|x64
		{4FB62703-6421-4D28-ABC1-2227FD9BA6B4}.Release|x86.ActiveCfg = Release|x86
		{4FB62703-6421-4D28-ABC1-2227FD9BA6B4}.Release|x86.Build.0 = Release|x86
		{0FEDD62E-3F0B-44A3-B22F-3F0DD52C643C}.Debug|Any CPU.ActiveCfg = Debug|Any CPU
		{0FEDD62E-3F0B-44A3-B22F-3F0DD52C643C}.Debug|Any CPU.Build.0 = Debug|Any CPU
		{0FEDD62E-3F0B-44A3-B22F-3F0DD52C643C}.Debug|x64.ActiveCfg = Debug|x64
		{0FEDD62E-3F0B-44A3-B22F-3F0DD52C643C}.Debug|x64.Build.0 = Debug|x64
		{0FEDD62E-3F0B-44A3-B22F-3F0DD52C643C}.Debug|x86.ActiveCfg = Debug|x86
		{0FEDD62E-3F0B-44A3-B22F-3F0DD52C643C}.Debug|x86.Build.0 = Debug|x86
		{0FEDD62E-3F0B-44A3-B22F-3F0DD52C643C}.Release|Any CPU.ActiveCfg = Release|Any CPU
		{0FEDD62E-3F0B-44A3-B22F-3F0DD52C643C}.Release|Any CPU.Build.0 = Release|Any CPU
		{0FEDD62E-3F0B-44A3-B22F-3F0DD52C643C}.Release|x64.ActiveCfg = Release|x64
		{0FEDD62E-3F0B-44A3-B22F-3F0DD52C643C}.Release|x64.Build.0 = Release|x64
		{0FEDD62E-3F0B-44A3-B22F-3F0DD52C643C}.Release|x86.ActiveCfg = Release|x86
		{0FEDD62E-3F0B-44A3-B22F-3F0DD52C643C}.Release|x86.Build.0 = Release|x86
		{AC8DD212-C04E-4ACD-963F-53E191A5F7BB}.Debug|Any CPU.ActiveCfg = Debug|Any CPU
		{AC8DD212-C04E-4ACD-963F-53E191A5F7BB}.Debug|Any CPU.Build.0 = Debug|Any CPU
		{AC8DD212-C04E-4ACD-963F-53E191A5F7BB}.Debug|x64.ActiveCfg = Debug|x64
		{AC8DD212-C04E-4ACD-963F-53E191A5F7BB}.Debug|x64.Build.0 = Debug|x64
		{AC8DD212-C04E-4ACD-963F-53E191A5F7BB}.Debug|x86.ActiveCfg = Debug|x86
		{AC8DD212-C04E-4ACD-963F-53E191A5F7BB}.Debug|x86.Build.0 = Debug|x86
		{AC8DD212-C04E-4ACD-963F-53E191A5F7BB}.Release|Any CPU.ActiveCfg = Release|Any CPU
		{AC8DD212-C04E-4ACD-963F-53E191A5F7BB}.Release|Any CPU.Build.0 = Release|Any CPU
		{AC8DD212-C04E-4ACD-963F-53E191A5F7BB}.Release|x64.ActiveCfg = Release|x64
		{AC8DD212-C04E-4ACD-963F-53E191A5F7BB}.Release|x64.Build.0 = Release|x64
		{AC8DD212-C04E-4ACD-963F-53E191A5F7BB}.Release|x86.ActiveCfg = Release|x86
		{AC8DD212-C04E-4ACD-963F-53E191A5F7BB}.Release|x86.Build.0 = Release|x86
		{3F133713-7631-4D79-8E2A-256CAA5DD389}.Debug|Any CPU.ActiveCfg = Debug|Any CPU
		{3F133713-7631-4D79-8E2A-256CAA5DD389}.Debug|Any CPU.Build.0 = Debug|Any CPU
		{3F133713-7631-4D79-8E2A-256CAA5DD389}.Debug|x64.ActiveCfg = Debug|x64
		{3F133713-7631-4D79-8E2A-256CAA5DD389}.Debug|x64.Build.0 = Debug|x64
		{3F133713-7631-4D79-8E2A-256CAA5DD389}.Debug|x86.ActiveCfg = Debug|x86
		{3F133713-7631-4D79-8E2A-256CAA5DD389}.Debug|x86.Build.0 = Debug|x86
		{3F133713-7631-4D79-8E2A-256CAA5DD389}.Release|Any CPU.ActiveCfg = Release|Any CPU
		{3F133713-7631-4D79-8E2A-256CAA5DD389}.Release|Any CPU.Build.0 = Release|Any CPU
		{3F133713-7631-4D79-8E2A-256CAA5DD389}.Release|x64.ActiveCfg = Release|x64
		{3F133713-7631-4D79-8E2A-256CAA5DD389}.Release|x64.Build.0 = Release|x64
		{3F133713-7631-4D79-8E2A-256CAA5DD389}.Release|x86.ActiveCfg = Release|x86
		{3F133713-7631-4D79-8E2A-256CAA5DD389}.Release|x86.Build.0 = Release|x86
		{3D30C69D-3B99-47A1-8348-832222A62D97}.Debug|Any CPU.ActiveCfg = Debug|Any CPU
		{3D30C69D-3B99-47A1-8348-832222A62D97}.Debug|Any CPU.Build.0 = Debug|Any CPU
		{3D30C69D-3B99-47A1-8348-832222A62D97}.Debug|x64.ActiveCfg = Debug|x64
		{3D30C69D-3B99-47A1-8348-832222A62D97}.Debug|x64.Build.0 = Debug|x64
		{3D30C69D-3B99-47A1-8348-832222A62D97}.Debug|x86.ActiveCfg = Debug|Any CPU
		{3D30C69D-3B99-47A1-8348-832222A62D97}.Debug|x86.Build.0 = Debug|Any CPU
		{3D30C69D-3B99-47A1-8348-832222A62D97}.Release|Any CPU.ActiveCfg = Release|Any CPU
		{3D30C69D-3B99-47A1-8348-832222A62D97}.Release|Any CPU.Build.0 = Release|Any CPU
		{3D30C69D-3B99-47A1-8348-832222A62D97}.Release|x64.ActiveCfg = Release|x64
		{3D30C69D-3B99-47A1-8348-832222A62D97}.Release|x64.Build.0 = Release|x64
		{3D30C69D-3B99-47A1-8348-832222A62D97}.Release|x86.ActiveCfg = Release|Any CPU
		{3D30C69D-3B99-47A1-8348-832222A62D97}.Release|x86.Build.0 = Release|Any CPU
		{5D5BC5F7-AD63-4AEB-953D-B14BD5D2F06F}.Debug|Any CPU.ActiveCfg = Debug|Any CPU
		{5D5BC5F7-AD63-4AEB-953D-B14BD5D2F06F}.Debug|Any CPU.Build.0 = Debug|Any CPU
		{5D5BC5F7-AD63-4AEB-953D-B14BD5D2F06F}.Debug|x64.ActiveCfg = Debug|x64
		{5D5BC5F7-AD63-4AEB-953D-B14BD5D2F06F}.Debug|x64.Build.0 = Debug|x64
		{5D5BC5F7-AD63-4AEB-953D-B14BD5D2F06F}.Debug|x86.ActiveCfg = Debug|Any CPU
		{5D5BC5F7-AD63-4AEB-953D-B14BD5D2F06F}.Debug|x86.Build.0 = Debug|Any CPU
		{5D5BC5F7-AD63-4AEB-953D-B14BD5D2F06F}.Release|Any CPU.ActiveCfg = Release|Any CPU
		{5D5BC5F7-AD63-4AEB-953D-B14BD5D2F06F}.Release|Any CPU.Build.0 = Release|Any CPU
		{5D5BC5F7-AD63-4AEB-953D-B14BD5D2F06F}.Release|x64.ActiveCfg = Release|x64
		{5D5BC5F7-AD63-4AEB-953D-B14BD5D2F06F}.Release|x64.Build.0 = Release|x64
		{5D5BC5F7-AD63-4AEB-953D-B14BD5D2F06F}.Release|x86.ActiveCfg = Release|Any CPU
		{5D5BC5F7-AD63-4AEB-953D-B14BD5D2F06F}.Release|x86.Build.0 = Release|Any CPU
		{3DDC9418-2E85-41B7-B9AD-BF4DE0C58512}.Debug|Any CPU.ActiveCfg = Debug|Any CPU
		{3DDC9418-2E85-41B7-B9AD-BF4DE0C58512}.Debug|Any CPU.Build.0 = Debug|Any CPU
		{3DDC9418-2E85-41B7-B9AD-BF4DE0C58512}.Debug|x64.ActiveCfg = Debug|x64
		{3DDC9418-2E85-41B7-B9AD-BF4DE0C58512}.Debug|x64.Build.0 = Debug|x64
		{3DDC9418-2E85-41B7-B9AD-BF4DE0C58512}.Debug|x86.ActiveCfg = Debug|Any CPU
		{3DDC9418-2E85-41B7-B9AD-BF4DE0C58512}.Debug|x86.Build.0 = Debug|Any CPU
		{3DDC9418-2E85-41B7-B9AD-BF4DE0C58512}.Release|Any CPU.ActiveCfg = Release|Any CPU
		{3DDC9418-2E85-41B7-B9AD-BF4DE0C58512}.Release|Any CPU.Build.0 = Release|Any CPU
		{3DDC9418-2E85-41B7-B9AD-BF4DE0C58512}.Release|x64.ActiveCfg = Release|x64
		{3DDC9418-2E85-41B7-B9AD-BF4DE0C58512}.Release|x64.Build.0 = Release|x64
		{3DDC9418-2E85-41B7-B9AD-BF4DE0C58512}.Release|x86.ActiveCfg = Release|Any CPU
		{3DDC9418-2E85-41B7-B9AD-BF4DE0C58512}.Release|x86.Build.0 = Release|Any CPU
		{CBD27F3A-D880-4A79-AEAF-CA755CEC9EC6}.Debug|Any CPU.ActiveCfg = Debug|Any CPU
		{CBD27F3A-D880-4A79-AEAF-CA755CEC9EC6}.Debug|Any CPU.Build.0 = Debug|Any CPU
		{CBD27F3A-D880-4A79-AEAF-CA755CEC9EC6}.Debug|x64.ActiveCfg = Debug|x64
		{CBD27F3A-D880-4A79-AEAF-CA755CEC9EC6}.Debug|x64.Build.0 = Debug|x64
		{CBD27F3A-D880-4A79-AEAF-CA755CEC9EC6}.Debug|x86.ActiveCfg = Debug|Any CPU
		{CBD27F3A-D880-4A79-AEAF-CA755CEC9EC6}.Debug|x86.Build.0 = Debug|Any CPU
		{CBD27F3A-D880-4A79-AEAF-CA755CEC9EC6}.Release|Any CPU.ActiveCfg = Release|Any CPU
		{CBD27F3A-D880-4A79-AEAF-CA755CEC9EC6}.Release|Any CPU.Build.0 = Release|Any CPU
		{CBD27F3A-D880-4A79-AEAF-CA755CEC9EC6}.Release|x64.ActiveCfg = Release|x64
		{CBD27F3A-D880-4A79-AEAF-CA755CEC9EC6}.Release|x64.Build.0 = Release|x64
		{CBD27F3A-D880-4A79-AEAF-CA755CEC9EC6}.Release|x86.ActiveCfg = Release|Any CPU
		{CBD27F3A-D880-4A79-AEAF-CA755CEC9EC6}.Release|x86.Build.0 = Release|Any CPU
		{BE2F984C-C021-4DE4-96CE-D166B9615109}.Debug|Any CPU.ActiveCfg = Debug|Any CPU
		{BE2F984C-C021-4DE4-96CE-D166B9615109}.Debug|Any CPU.Build.0 = Debug|Any CPU
		{BE2F984C-C021-4DE4-96CE-D166B9615109}.Debug|x64.ActiveCfg = Debug|x64
		{BE2F984C-C021-4DE4-96CE-D166B9615109}.Debug|x64.Build.0 = Debug|x64
		{BE2F984C-C021-4DE4-96CE-D166B9615109}.Debug|x86.ActiveCfg = Debug|Any CPU
		{BE2F984C-C021-4DE4-96CE-D166B9615109}.Debug|x86.Build.0 = Debug|Any CPU
		{BE2F984C-C021-4DE4-96CE-D166B9615109}.Release|Any CPU.ActiveCfg = Release|Any CPU
		{BE2F984C-C021-4DE4-96CE-D166B9615109}.Release|Any CPU.Build.0 = Release|Any CPU
		{BE2F984C-C021-4DE4-96CE-D166B9615109}.Release|x64.ActiveCfg = Release|x64
		{BE2F984C-C021-4DE4-96CE-D166B9615109}.Release|x64.Build.0 = Release|x64
		{BE2F984C-C021-4DE4-96CE-D166B9615109}.Release|x86.ActiveCfg = Release|Any CPU
		{BE2F984C-C021-4DE4-96CE-D166B9615109}.Release|x86.Build.0 = Release|Any CPU
		{4C819F03-4EEF-4E2A-A24F-719A3C77DA5C}.Debug|Any CPU.ActiveCfg = Debug|Any CPU
		{4C819F03-4EEF-4E2A-A24F-719A3C77DA5C}.Debug|Any CPU.Build.0 = Debug|Any CPU
		{4C819F03-4EEF-4E2A-A24F-719A3C77DA5C}.Debug|x64.ActiveCfg = Debug|x64
		{4C819F03-4EEF-4E2A-A24F-719A3C77DA5C}.Debug|x64.Build.0 = Debug|x64
		{4C819F03-4EEF-4E2A-A24F-719A3C77DA5C}.Debug|x86.ActiveCfg = Debug|Any CPU
		{4C819F03-4EEF-4E2A-A24F-719A3C77DA5C}.Debug|x86.Build.0 = Debug|Any CPU
		{4C819F03-4EEF-4E2A-A24F-719A3C77DA5C}.Release|Any CPU.ActiveCfg = Release|Any CPU
		{4C819F03-4EEF-4E2A-A24F-719A3C77DA5C}.Release|Any CPU.Build.0 = Release|Any CPU
		{4C819F03-4EEF-4E2A-A24F-719A3C77DA5C}.Release|x64.ActiveCfg = Release|x64
		{4C819F03-4EEF-4E2A-A24F-719A3C77DA5C}.Release|x64.Build.0 = Release|x64
		{4C819F03-4EEF-4E2A-A24F-719A3C77DA5C}.Release|x86.ActiveCfg = Release|Any CPU
		{4C819F03-4EEF-4E2A-A24F-719A3C77DA5C}.Release|x86.Build.0 = Release|Any CPU
		{674F51C7-A694-4E00-BA0E-97296FF5DBD2}.Debug|Any CPU.ActiveCfg = Debug|Any CPU
		{674F51C7-A694-4E00-BA0E-97296FF5DBD2}.Debug|Any CPU.Build.0 = Debug|Any CPU
		{674F51C7-A694-4E00-BA0E-97296FF5DBD2}.Debug|x64.ActiveCfg = Debug|x64
		{674F51C7-A694-4E00-BA0E-97296FF5DBD2}.Debug|x64.Build.0 = Debug|x64
		{674F51C7-A694-4E00-BA0E-97296FF5DBD2}.Debug|x86.ActiveCfg = Debug|Any CPU
		{674F51C7-A694-4E00-BA0E-97296FF5DBD2}.Debug|x86.Build.0 = Debug|Any CPU
		{674F51C7-A694-4E00-BA0E-97296FF5DBD2}.Release|Any CPU.ActiveCfg = Release|Any CPU
		{674F51C7-A694-4E00-BA0E-97296FF5DBD2}.Release|Any CPU.Build.0 = Release|Any CPU
		{674F51C7-A694-4E00-BA0E-97296FF5DBD2}.Release|x64.ActiveCfg = Release|x64
		{674F51C7-A694-4E00-BA0E-97296FF5DBD2}.Release|x64.Build.0 = Release|x64
		{674F51C7-A694-4E00-BA0E-97296FF5DBD2}.Release|x86.ActiveCfg = Release|Any CPU
		{674F51C7-A694-4E00-BA0E-97296FF5DBD2}.Release|x86.Build.0 = Release|Any CPU
		{F12E4318-FEBF-4AA7-8051-2DBB7576602D}.Debug|Any CPU.ActiveCfg = Debug|Any CPU
		{F12E4318-FEBF-4AA7-8051-2DBB7576602D}.Debug|Any CPU.Build.0 = Debug|Any CPU
		{F12E4318-FEBF-4AA7-8051-2DBB7576602D}.Debug|x64.ActiveCfg = Debug|x64
		{F12E4318-FEBF-4AA7-8051-2DBB7576602D}.Debug|x64.Build.0 = Debug|x64
		{F12E4318-FEBF-4AA7-8051-2DBB7576602D}.Debug|x86.ActiveCfg = Debug|Any CPU
		{F12E4318-FEBF-4AA7-8051-2DBB7576602D}.Debug|x86.Build.0 = Debug|Any CPU
		{F12E4318-FEBF-4AA7-8051-2DBB7576602D}.Release|Any CPU.ActiveCfg = Release|Any CPU
		{F12E4318-FEBF-4AA7-8051-2DBB7576602D}.Release|Any CPU.Build.0 = Release|Any CPU
		{F12E4318-FEBF-4AA7-8051-2DBB7576602D}.Release|x64.ActiveCfg = Release|x64
		{F12E4318-FEBF-4AA7-8051-2DBB7576602D}.Release|x64.Build.0 = Release|x64
		{F12E4318-FEBF-4AA7-8051-2DBB7576602D}.Release|x86.ActiveCfg = Release|Any CPU
		{F12E4318-FEBF-4AA7-8051-2DBB7576602D}.Release|x86.Build.0 = Release|Any CPU
		{FAB71C9E-71A5-40B7-922C-D039DFF09A86}.Debug|Any CPU.ActiveCfg = Debug|Any CPU
		{FAB71C9E-71A5-40B7-922C-D039DFF09A86}.Debug|Any CPU.Build.0 = Debug|Any CPU
		{FAB71C9E-71A5-40B7-922C-D039DFF09A86}.Debug|x64.ActiveCfg = Debug|x64
		{FAB71C9E-71A5-40B7-922C-D039DFF09A86}.Debug|x64.Build.0 = Debug|x64
		{FAB71C9E-71A5-40B7-922C-D039DFF09A86}.Debug|x86.ActiveCfg = Debug|Any CPU
		{FAB71C9E-71A5-40B7-922C-D039DFF09A86}.Debug|x86.Build.0 = Debug|Any CPU
		{FAB71C9E-71A5-40B7-922C-D039DFF09A86}.Release|Any CPU.ActiveCfg = Release|Any CPU
		{FAB71C9E-71A5-40B7-922C-D039DFF09A86}.Release|Any CPU.Build.0 = Release|Any CPU
		{FAB71C9E-71A5-40B7-922C-D039DFF09A86}.Release|x64.ActiveCfg = Release|x64
		{FAB71C9E-71A5-40B7-922C-D039DFF09A86}.Release|x64.Build.0 = Release|x64
		{FAB71C9E-71A5-40B7-922C-D039DFF09A86}.Release|x86.ActiveCfg = Release|Any CPU
		{FAB71C9E-71A5-40B7-922C-D039DFF09A86}.Release|x86.Build.0 = Release|Any CPU
		{3BBD5AFB-A71F-4280-B86D-C470D6868529}.Debug|Any CPU.ActiveCfg = Debug|Any CPU
		{3BBD5AFB-A71F-4280-B86D-C470D6868529}.Debug|Any CPU.Build.0 = Debug|Any CPU
		{3BBD5AFB-A71F-4280-B86D-C470D6868529}.Debug|x64.ActiveCfg = Debug|x64
		{3BBD5AFB-A71F-4280-B86D-C470D6868529}.Debug|x64.Build.0 = Debug|x64
		{3BBD5AFB-A71F-4280-B86D-C470D6868529}.Debug|x86.ActiveCfg = Debug|Any CPU
		{3BBD5AFB-A71F-4280-B86D-C470D6868529}.Debug|x86.Build.0 = Debug|Any CPU
		{3BBD5AFB-A71F-4280-B86D-C470D6868529}.Release|Any CPU.ActiveCfg = Release|Any CPU
		{3BBD5AFB-A71F-4280-B86D-C470D6868529}.Release|Any CPU.Build.0 = Release|Any CPU
		{3BBD5AFB-A71F-4280-B86D-C470D6868529}.Release|x64.ActiveCfg = Release|x64
		{3BBD5AFB-A71F-4280-B86D-C470D6868529}.Release|x64.Build.0 = Release|x64
		{3BBD5AFB-A71F-4280-B86D-C470D6868529}.Release|x86.ActiveCfg = Release|Any CPU
		{3BBD5AFB-A71F-4280-B86D-C470D6868529}.Release|x86.Build.0 = Release|Any CPU
		{41EF4D1A-9A5F-4A72-838D-4808980E795D}.Debug|Any CPU.ActiveCfg = Debug|Any CPU
		{41EF4D1A-9A5F-4A72-838D-4808980E795D}.Debug|Any CPU.Build.0 = Debug|Any CPU
		{41EF4D1A-9A5F-4A72-838D-4808980E795D}.Debug|x64.ActiveCfg = Debug|x64
		{41EF4D1A-9A5F-4A72-838D-4808980E795D}.Debug|x64.Build.0 = Debug|x64
		{41EF4D1A-9A5F-4A72-838D-4808980E795D}.Debug|x86.ActiveCfg = Debug|Any CPU
		{41EF4D1A-9A5F-4A72-838D-4808980E795D}.Debug|x86.Build.0 = Debug|Any CPU
		{41EF4D1A-9A5F-4A72-838D-4808980E795D}.Release|Any CPU.ActiveCfg = Release|Any CPU
		{41EF4D1A-9A5F-4A72-838D-4808980E795D}.Release|Any CPU.Build.0 = Release|Any CPU
		{41EF4D1A-9A5F-4A72-838D-4808980E795D}.Release|x64.ActiveCfg = Release|x64
		{41EF4D1A-9A5F-4A72-838D-4808980E795D}.Release|x64.Build.0 = Release|x64
		{41EF4D1A-9A5F-4A72-838D-4808980E795D}.Release|x86.ActiveCfg = Release|Any CPU
		{41EF4D1A-9A5F-4A72-838D-4808980E795D}.Release|x86.Build.0 = Release|Any CPU
		{AEB2C1ED-F381-4548-877F-E9D14C3817DC}.Debug|Any CPU.ActiveCfg = Debug|Any CPU
		{AEB2C1ED-F381-4548-877F-E9D14C3817DC}.Debug|Any CPU.Build.0 = Debug|Any CPU
		{AEB2C1ED-F381-4548-877F-E9D14C3817DC}.Debug|x64.ActiveCfg = Debug|x64
		{AEB2C1ED-F381-4548-877F-E9D14C3817DC}.Debug|x64.Build.0 = Debug|x64
		{AEB2C1ED-F381-4548-877F-E9D14C3817DC}.Debug|x86.ActiveCfg = Debug|Any CPU
		{AEB2C1ED-F381-4548-877F-E9D14C3817DC}.Debug|x86.Build.0 = Debug|Any CPU
		{AEB2C1ED-F381-4548-877F-E9D14C3817DC}.Release|Any CPU.ActiveCfg = Release|Any CPU
		{AEB2C1ED-F381-4548-877F-E9D14C3817DC}.Release|Any CPU.Build.0 = Release|Any CPU
		{AEB2C1ED-F381-4548-877F-E9D14C3817DC}.Release|x64.ActiveCfg = Release|x64
		{AEB2C1ED-F381-4548-877F-E9D14C3817DC}.Release|x64.Build.0 = Release|x64
		{AEB2C1ED-F381-4548-877F-E9D14C3817DC}.Release|x86.ActiveCfg = Release|Any CPU
		{AEB2C1ED-F381-4548-877F-E9D14C3817DC}.Release|x86.Build.0 = Release|Any CPU
		{D8BF5BF6-6813-42D9-8DF9-5F51F20DA722}.Debug|Any CPU.ActiveCfg = Debug|Any CPU
		{D8BF5BF6-6813-42D9-8DF9-5F51F20DA722}.Debug|Any CPU.Build.0 = Debug|Any CPU
		{D8BF5BF6-6813-42D9-8DF9-5F51F20DA722}.Debug|x64.ActiveCfg = Debug|x64
		{D8BF5BF6-6813-42D9-8DF9-5F51F20DA722}.Debug|x64.Build.0 = Debug|x64
		{D8BF5BF6-6813-42D9-8DF9-5F51F20DA722}.Debug|x86.ActiveCfg = Debug|Any CPU
		{D8BF5BF6-6813-42D9-8DF9-5F51F20DA722}.Debug|x86.Build.0 = Debug|Any CPU
		{D8BF5BF6-6813-42D9-8DF9-5F51F20DA722}.Release|Any CPU.ActiveCfg = Release|Any CPU
		{D8BF5BF6-6813-42D9-8DF9-5F51F20DA722}.Release|Any CPU.Build.0 = Release|Any CPU
		{D8BF5BF6-6813-42D9-8DF9-5F51F20DA722}.Release|x64.ActiveCfg = Release|x64
		{D8BF5BF6-6813-42D9-8DF9-5F51F20DA722}.Release|x64.Build.0 = Release|x64
		{D8BF5BF6-6813-42D9-8DF9-5F51F20DA722}.Release|x86.ActiveCfg = Release|Any CPU
		{D8BF5BF6-6813-42D9-8DF9-5F51F20DA722}.Release|x86.Build.0 = Release|Any CPU
		{F8B6B108-CA8F-45B0-9D35-292DFF194E85}.Debug|Any CPU.ActiveCfg = Debug|Any CPU
		{F8B6B108-CA8F-45B0-9D35-292DFF194E85}.Debug|Any CPU.Build.0 = Debug|Any CPU
		{F8B6B108-CA8F-45B0-9D35-292DFF194E85}.Debug|x64.ActiveCfg = Debug|x64
		{F8B6B108-CA8F-45B0-9D35-292DFF194E85}.Debug|x64.Build.0 = Debug|x64
		{F8B6B108-CA8F-45B0-9D35-292DFF194E85}.Debug|x86.ActiveCfg = Debug|Any CPU
		{F8B6B108-CA8F-45B0-9D35-292DFF194E85}.Debug|x86.Build.0 = Debug|Any CPU
		{F8B6B108-CA8F-45B0-9D35-292DFF194E85}.Release|Any CPU.ActiveCfg = Release|Any CPU
		{F8B6B108-CA8F-45B0-9D35-292DFF194E85}.Release|Any CPU.Build.0 = Release|Any CPU
		{F8B6B108-CA8F-45B0-9D35-292DFF194E85}.Release|x64.ActiveCfg = Release|x64
		{F8B6B108-CA8F-45B0-9D35-292DFF194E85}.Release|x64.Build.0 = Release|x64
		{F8B6B108-CA8F-45B0-9D35-292DFF194E85}.Release|x86.ActiveCfg = Release|Any CPU
		{F8B6B108-CA8F-45B0-9D35-292DFF194E85}.Release|x86.Build.0 = Release|Any CPU
		{0CB97C55-45A8-40CE-8415-3252B6FBE4F1}.Debug|Any CPU.ActiveCfg = Debug|Any CPU
		{0CB97C55-45A8-40CE-8415-3252B6FBE4F1}.Debug|Any CPU.Build.0 = Debug|Any CPU
		{0CB97C55-45A8-40CE-8415-3252B6FBE4F1}.Debug|x64.ActiveCfg = Debug|x64
		{0CB97C55-45A8-40CE-8415-3252B6FBE4F1}.Debug|x64.Build.0 = Debug|x64
		{0CB97C55-45A8-40CE-8415-3252B6FBE4F1}.Debug|x86.ActiveCfg = Debug|Any CPU
		{0CB97C55-45A8-40CE-8415-3252B6FBE4F1}.Debug|x86.Build.0 = Debug|Any CPU
		{0CB97C55-45A8-40CE-8415-3252B6FBE4F1}.Release|Any CPU.ActiveCfg = Release|Any CPU
		{0CB97C55-45A8-40CE-8415-3252B6FBE4F1}.Release|Any CPU.Build.0 = Release|Any CPU
		{0CB97C55-45A8-40CE-8415-3252B6FBE4F1}.Release|x64.ActiveCfg = Release|x64
		{0CB97C55-45A8-40CE-8415-3252B6FBE4F1}.Release|x64.Build.0 = Release|x64
		{0CB97C55-45A8-40CE-8415-3252B6FBE4F1}.Release|x86.ActiveCfg = Release|Any CPU
		{0CB97C55-45A8-40CE-8415-3252B6FBE4F1}.Release|x86.Build.0 = Release|Any CPU
		{E93AE1A8-67AF-4E41-8A17-A98F71ECBEE6}.Debug|Any CPU.ActiveCfg = Debug|Any CPU
		{E93AE1A8-67AF-4E41-8A17-A98F71ECBEE6}.Debug|Any CPU.Build.0 = Debug|Any CPU
		{E93AE1A8-67AF-4E41-8A17-A98F71ECBEE6}.Debug|x64.ActiveCfg = Debug|x64
		{E93AE1A8-67AF-4E41-8A17-A98F71ECBEE6}.Debug|x64.Build.0 = Debug|x64
		{E93AE1A8-67AF-4E41-8A17-A98F71ECBEE6}.Debug|x86.ActiveCfg = Debug|Any CPU
		{E93AE1A8-67AF-4E41-8A17-A98F71ECBEE6}.Debug|x86.Build.0 = Debug|Any CPU
		{E93AE1A8-67AF-4E41-8A17-A98F71ECBEE6}.Release|Any CPU.ActiveCfg = Release|Any CPU
		{E93AE1A8-67AF-4E41-8A17-A98F71ECBEE6}.Release|Any CPU.Build.0 = Release|Any CPU
		{E93AE1A8-67AF-4E41-8A17-A98F71ECBEE6}.Release|x64.ActiveCfg = Release|x64
		{E93AE1A8-67AF-4E41-8A17-A98F71ECBEE6}.Release|x64.Build.0 = Release|x64
		{E93AE1A8-67AF-4E41-8A17-A98F71ECBEE6}.Release|x86.ActiveCfg = Release|Any CPU
		{E93AE1A8-67AF-4E41-8A17-A98F71ECBEE6}.Release|x86.Build.0 = Release|Any CPU
		{C610AC61-EAD5-4781-BF8E-5BF630ADC6D9}.Debug|Any CPU.ActiveCfg = Debug|Any CPU
		{C610AC61-EAD5-4781-BF8E-5BF630ADC6D9}.Debug|Any CPU.Build.0 = Debug|Any CPU
		{C610AC61-EAD5-4781-BF8E-5BF630ADC6D9}.Debug|x64.ActiveCfg = Debug|x64
		{C610AC61-EAD5-4781-BF8E-5BF630ADC6D9}.Debug|x64.Build.0 = Debug|x64
		{C610AC61-EAD5-4781-BF8E-5BF630ADC6D9}.Debug|x86.ActiveCfg = Debug|Any CPU
		{C610AC61-EAD5-4781-BF8E-5BF630ADC6D9}.Debug|x86.Build.0 = Debug|Any CPU
		{C610AC61-EAD5-4781-BF8E-5BF630ADC6D9}.Release|Any CPU.ActiveCfg = Release|Any CPU
		{C610AC61-EAD5-4781-BF8E-5BF630ADC6D9}.Release|Any CPU.Build.0 = Release|Any CPU
		{C610AC61-EAD5-4781-BF8E-5BF630ADC6D9}.Release|x64.ActiveCfg = Release|x64
		{C610AC61-EAD5-4781-BF8E-5BF630ADC6D9}.Release|x64.Build.0 = Release|x64
		{C610AC61-EAD5-4781-BF8E-5BF630ADC6D9}.Release|x86.ActiveCfg = Release|Any CPU
		{C610AC61-EAD5-4781-BF8E-5BF630ADC6D9}.Release|x86.Build.0 = Release|Any CPU
		{E73836F1-EB27-4705-A3FE-008C7474E7AE}.Debug|Any CPU.ActiveCfg = Debug|Any CPU
		{E73836F1-EB27-4705-A3FE-008C7474E7AE}.Debug|Any CPU.Build.0 = Debug|Any CPU
		{E73836F1-EB27-4705-A3FE-008C7474E7AE}.Debug|x64.ActiveCfg = Debug|x64
		{E73836F1-EB27-4705-A3FE-008C7474E7AE}.Debug|x64.Build.0 = Debug|x64
		{E73836F1-EB27-4705-A3FE-008C7474E7AE}.Debug|x86.ActiveCfg = Debug|Any CPU
		{E73836F1-EB27-4705-A3FE-008C7474E7AE}.Debug|x86.Build.0 = Debug|Any CPU
		{E73836F1-EB27-4705-A3FE-008C7474E7AE}.Release|Any CPU.ActiveCfg = Release|Any CPU
		{E73836F1-EB27-4705-A3FE-008C7474E7AE}.Release|Any CPU.Build.0 = Release|Any CPU
		{E73836F1-EB27-4705-A3FE-008C7474E7AE}.Release|x64.ActiveCfg = Release|x64
		{E73836F1-EB27-4705-A3FE-008C7474E7AE}.Release|x64.Build.0 = Release|x64
		{E73836F1-EB27-4705-A3FE-008C7474E7AE}.Release|x86.ActiveCfg = Release|Any CPU
		{E73836F1-EB27-4705-A3FE-008C7474E7AE}.Release|x86.Build.0 = Release|Any CPU
	EndGlobalSection
	GlobalSection(SolutionProperties) = preSolution
		HideSolutionNode = FALSE
	EndGlobalSection
EndGlobal
