
Microsoft Visual Studio Solution File, Format Version 12.00
# Visual Studio Version 16
VisualStudioVersion = 16.0.28516.95
MinimumVisualStudioVersion = 10.0.40219.1
Project("{9A19103F-16F7-4668-BE54-9A1E7A4F7556}") = "CGT3D", "CGT3D\CGT3D.csproj", "{8C289E47-6865-4B24-8E23-2D85D19F8CFE}"
EndProject
Project("{9A19103F-16F7-4668-BE54-9A1E7A4F7556}") = "3DData", "Data\3DData.csproj", "{C1C1B2AF-4BFD-4BE0-84FE-726129C45008}"
EndProject
Project("{9A19103F-16F7-4668-BE54-9A1E7A4F7556}") = "Scenario3D", "Scenario3D\Scenario3D.csproj", "{5FF00A16-EA62-49BD-AE84-F620FB5F865B}"
EndProject
Project("{9A19103F-16F7-4668-BE54-9A1E7A4F7556}") = "TestContracts", "..\Infra\CommunityChest\TestContracts\TestContracts.csproj", "{7C90C6E6-9C27-4150-B229-A7B27615EF63}"
EndProject
Project("{9A19103F-16F7-4668-BE54-9A1E7A4F7556}") = "InternalUtilities", "..\Infra\TestUtilities\InternalUtilities\InternalUtilities.csproj", "{D48A1270-FD9B-4B5E-B7AF-6ACBC780F17B}"
EndProject
Project("{9A19103F-16F7-4668-BE54-9A1E7A4F7556}") = "TestApiCore", "..\Infra\TestApi\TestApiCore\Code\TestApiCore.csproj", "{73364320-4E5D-44A5-BA8C-82C77F55EC70}"
EndProject
Project("{9A19103F-16F7-4668-BE54-9A1E7A4F7556}") = "TestRuntime", "..\Common\TestRuntime\TestRuntime.csproj", "{9017334B-BEA1-4E20-A3F5-8A119F8F163D}"
EndProject
Project("{9A19103F-16F7-4668-BE54-9A1E7A4F7556}") = "Part13D", "Part1\Code\Part13D.csproj", "{7A6AF59E-C53B-448C-838E-EE762258D828}"
EndProject
Project("{9A19103F-16F7-4668-BE54-9A1E7A4F7556}") = "OrcasData", "Orcas\Data\OrcasData.csproj", "{03B1DAAE-20AA-4570-A359-82504182EC78}"
EndProject
Project("{9A19103F-16F7-4668-BE54-9A1E7A4F7556}") = "Orcas3D", "Orcas\Orcas3D\Orcas3D.csproj", "{68BBAB95-2CE6-4315-95F0-AFD784746C84}"
EndProject
Project("{9A19103F-16F7-4668-BE54-9A1E7A4F7556}") = "CGTGenerated", "CGTGenerated\CGTGenerated.csproj", "{A2339734-38DB-49C8-98E9-B0BB6B853483}"
EndProject
Global
	GlobalSection(SolutionConfigurationPlatforms) = preSolution
		Debug|Any CPU = Debug|Any CPU
		Debug|x64 = Debug|x64
		Debug|x86 = Debug|x86
		Release|Any CPU = Release|Any CPU
		Release|x64 = Release|x64
		Release|x86 = Release|x86
	EndGlobalSection
	GlobalSection(ProjectConfigurationPlatforms) = postSolution
		{8C289E47-6865-4B24-8E23-2D85D19F8CFE}.Debug|Any CPU.ActiveCfg = Debug|Any CPU
		{8C289E47-6865-4B24-8E23-2D85D19F8CFE}.Debug|Any CPU.Build.0 = Debug|Any CPU
		{8C289E47-6865-4B24-8E23-2D85D19F8CFE}.Debug|x64.ActiveCfg = Debug|x64
		{8C289E47-6865-4B24-8E23-2D85D19F8CFE}.Debug|x64.Build.0 = Debug|x64
		{8C289E47-6865-4B24-8E23-2D85D19F8CFE}.Debug|x86.ActiveCfg = Debug|x86
		{8C289E47-6865-4B24-8E23-2D85D19F8CFE}.Debug|x86.Build.0 = Debug|x86
		{8C289E47-6865-4B24-8E23-2D85D19F8CFE}.Release|Any CPU.ActiveCfg = Release|Any CPU
		{8C289E47-6865-4B24-8E23-2D85D19F8CFE}.Release|Any CPU.Build.0 = Release|Any CPU
		{8C289E47-6865-4B24-8E23-2D85D19F8CFE}.Release|x64.ActiveCfg = Release|x64
		{8C289E47-6865-4B24-8E23-2D85D19F8CFE}.Release|x64.Build.0 = Release|x64
		{8C289E47-6865-4B24-8E23-2D85D19F8CFE}.Release|x86.ActiveCfg = Release|x86
		{8C289E47-6865-4B24-8E23-2D85D19F8CFE}.Release|x86.Build.0 = Release|x86
		{C1C1B2AF-4BFD-4BE0-84FE-726129C45008}.Debug|Any CPU.ActiveCfg = Debug|Any CPU
		{C1C1B2AF-4BFD-4BE0-84FE-726129C45008}.Debug|Any CPU.Build.0 = Debug|Any CPU
		{C1C1B2AF-4BFD-4BE0-84FE-726129C45008}.Debug|x64.ActiveCfg = Debug|x64
		{C1C1B2AF-4BFD-4BE0-84FE-726129C45008}.Debug|x64.Build.0 = Debug|x64
		{C1C1B2AF-4BFD-4BE0-84FE-726129C45008}.Debug|x86.ActiveCfg = Debug|x86
		{C1C1B2AF-4BFD-4BE0-84FE-726129C45008}.Debug|x86.Build.0 = Debug|x86
		{C1C1B2AF-4BFD-4BE0-84FE-726129C45008}.Release|Any CPU.ActiveCfg = Release|Any CPU
		{C1C1B2AF-4BFD-4BE0-84FE-726129C45008}.Release|Any CPU.Build.0 = Release|Any CPU
		{C1C1B2AF-4BFD-4BE0-84FE-726129C45008}.Release|x64.ActiveCfg = Release|x64
		{C1C1B2AF-4BFD-4BE0-84FE-726129C45008}.Release|x64.Build.0 = Release|x64
		{C1C1B2AF-4BFD-4BE0-84FE-726129C45008}.Release|x86.ActiveCfg = Release|x86
		{C1C1B2AF-4BFD-4BE0-84FE-726129C45008}.Release|x86.Build.0 = Release|x86
		{5FF00A16-EA62-49BD-AE84-F620FB5F865B}.Debug|Any CPU.ActiveCfg = Debug|Any CPU
		{5FF00A16-EA62-49BD-AE84-F620FB5F865B}.Debug|Any CPU.Build.0 = Debug|Any CPU
		{5FF00A16-EA62-49BD-AE84-F620FB5F865B}.Debug|x64.ActiveCfg = Debug|x64
		{5FF00A16-EA62-49BD-AE84-F620FB5F865B}.Debug|x64.Build.0 = Debug|x64
		{5FF00A16-EA62-49BD-AE84-F620FB5F865B}.Debug|x86.ActiveCfg = Debug|x86
		{5FF00A16-EA62-49BD-AE84-F620FB5F865B}.Debug|x86.Build.0 = Debug|x86
		{5FF00A16-EA62-49BD-AE84-F620FB5F865B}.Release|Any CPU.ActiveCfg = Release|Any CPU
		{5FF00A16-EA62-49BD-AE84-F620FB5F865B}.Release|Any CPU.Build.0 = Release|Any CPU
		{5FF00A16-EA62-49BD-AE84-F620FB5F865B}.Release|x64.ActiveCfg = Release|x64
		{5FF00A16-EA62-49BD-AE84-F620FB5F865B}.Release|x64.Build.0 = Release|x64
		{5FF00A16-EA62-49BD-AE84-F620FB5F865B}.Release|x86.ActiveCfg = Release|x86
		{5FF00A16-EA62-49BD-AE84-F620FB5F865B}.Release|x86.Build.0 = Release|x86
		{7C90C6E6-9C27-4150-B229-A7B27615EF63}.Debug|Any CPU.ActiveCfg = Debug|Any CPU
		{7C90C6E6-9C27-4150-B229-A7B27615EF63}.Debug|Any CPU.Build.0 = Debug|Any CPU
		{7C90C6E6-9C27-4150-B229-A7B27615EF63}.Debug|x64.ActiveCfg = Debug|x64
		{7C90C6E6-9C27-4150-B229-A7B27615EF63}.Debug|x64.Build.0 = Debug|x64
		{7C90C6E6-9C27-4150-B229-A7B27615EF63}.Debug|x86.ActiveCfg = Debug|x86
		{7C90C6E6-9C27-4150-B229-A7B27615EF63}.Debug|x86.Build.0 = Debug|x86
		{7C90C6E6-9C27-4150-B229-A7B27615EF63}.Release|Any CPU.ActiveCfg = Release|Any CPU
		{7C90C6E6-9C27-4150-B229-A7B27615EF63}.Release|Any CPU.Build.0 = Release|Any CPU
		{7C90C6E6-9C27-4150-B229-A7B27615EF63}.Release|x64.ActiveCfg = Release|x64
		{7C90C6E6-9C27-4150-B229-A7B27615EF63}.Release|x64.Build.0 = Release|x64
		{7C90C6E6-9C27-4150-B229-A7B27615EF63}.Release|x86.ActiveCfg = Release|x86
		{7C90C6E6-9C27-4150-B229-A7B27615EF63}.Release|x86.Build.0 = Release|x86
		{D48A1270-FD9B-4B5E-B7AF-6ACBC780F17B}.Debug|Any CPU.ActiveCfg = Debug|Any CPU
		{D48A1270-FD9B-4B5E-B7AF-6ACBC780F17B}.Debug|Any CPU.Build.0 = Debug|Any CPU
		{D48A1270-FD9B-4B5E-B7AF-6ACBC780F17B}.Debug|x64.ActiveCfg = Debug|x64
		{D48A1270-FD9B-4B5E-B7AF-6ACBC780F17B}.Debug|x64.Build.0 = Debug|x64
		{D48A1270-FD9B-4B5E-B7AF-6ACBC780F17B}.Debug|x86.ActiveCfg = Debug|x86
		{D48A1270-FD9B-4B5E-B7AF-6ACBC780F17B}.Debug|x86.Build.0 = Debug|x86
		{D48A1270-FD9B-4B5E-B7AF-6ACBC780F17B}.Release|Any CPU.ActiveCfg = Release|Any CPU
		{D48A1270-FD9B-4B5E-B7AF-6ACBC780F17B}.Release|Any CPU.Build.0 = Release|Any CPU
		{D48A1270-FD9B-4B5E-B7AF-6ACBC780F17B}.Release|x64.ActiveCfg = Release|x64
		{D48A1270-FD9B-4B5E-B7AF-6ACBC780F17B}.Release|x64.Build.0 = Release|x64
		{D48A1270-FD9B-4B5E-B7AF-6ACBC780F17B}.Release|x86.ActiveCfg = Release|x86
		{D48A1270-FD9B-4B5E-B7AF-6ACBC780F17B}.Release|x86.Build.0 = Release|x86
		{73364320-4E5D-44A5-BA8C-82C77F55EC70}.Debug|Any CPU.ActiveCfg = Debug|Any CPU
		{73364320-4E5D-44A5-BA8C-82C77F55EC70}.Debug|Any CPU.Build.0 = Debug|Any CPU
		{73364320-4E5D-44A5-BA8C-82C77F55EC70}.Debug|x64.ActiveCfg = Debug|x64
		{73364320-4E5D-44A5-BA8C-82C77F55EC70}.Debug|x64.Build.0 = Debug|x64
		{73364320-4E5D-44A5-BA8C-82C77F55EC70}.Debug|x86.ActiveCfg = Debug|x86
		{73364320-4E5D-44A5-BA8C-82C77F55EC70}.Debug|x86.Build.0 = Debug|x86
		{73364320-4E5D-44A5-BA8C-82C77F55EC70}.Release|Any CPU.ActiveCfg = Release|Any CPU
		{73364320-4E5D-44A5-BA8C-82C77F55EC70}.Release|Any CPU.Build.0 = Release|Any CPU
		{73364320-4E5D-44A5-BA8C-82C77F55EC70}.Release|x64.ActiveCfg = Release|x64
		{73364320-4E5D-44A5-BA8C-82C77F55EC70}.Release|x64.Build.0 = Release|x64
		{73364320-4E5D-44A5-BA8C-82C77F55EC70}.Release|x86.ActiveCfg = Release|x86
		{73364320-4E5D-44A5-BA8C-82C77F55EC70}.Release|x86.Build.0 = Release|x86
		{9017334B-BEA1-4E20-A3F5-8A119F8F163D}.Debug|Any CPU.ActiveCfg = Debug|Any CPU
		{9017334B-BEA1-4E20-A3F5-8A119F8F163D}.Debug|Any CPU.Build.0 = Debug|Any CPU
		{9017334B-BEA1-4E20-A3F5-8A119F8F163D}.Debug|x64.ActiveCfg = Debug|x64
		{9017334B-BEA1-4E20-A3F5-8A119F8F163D}.Debug|x64.Build.0 = Debug|x64
		{9017334B-BEA1-4E20-A3F5-8A119F8F163D}.Debug|x86.ActiveCfg = Debug|x86
		{9017334B-BEA1-4E20-A3F5-8A119F8F163D}.Debug|x86.Build.0 = Debug|x86
		{9017334B-BEA1-4E20-A3F5-8A119F8F163D}.Release|Any CPU.ActiveCfg = Release|Any CPU
		{9017334B-BEA1-4E20-A3F5-8A119F8F163D}.Release|Any CPU.Build.0 = Release|Any CPU
		{9017334B-BEA1-4E20-A3F5-8A119F8F163D}.Release|x64.ActiveCfg = Release|x64
		{9017334B-BEA1-4E20-A3F5-8A119F8F163D}.Release|x64.Build.0 = Release|x64
		{9017334B-BEA1-4E20-A3F5-8A119F8F163D}.Release|x86.ActiveCfg = Release|x86
		{9017334B-BEA1-4E20-A3F5-8A119F8F163D}.Release|x86.Build.0 = Release|x86
		{7A6AF59E-C53B-448C-838E-EE762258D828}.Debug|Any CPU.ActiveCfg = Debug|Any CPU
		{7A6AF59E-C53B-448C-838E-EE762258D828}.Debug|Any CPU.Build.0 = Debug|Any CPU
		{7A6AF59E-C53B-448C-838E-EE762258D828}.Debug|x64.ActiveCfg = Debug|x64
		{7A6AF59E-C53B-448C-838E-EE762258D828}.Debug|x64.Build.0 = Debug|x64
		{7A6AF59E-C53B-448C-838E-EE762258D828}.Debug|x86.ActiveCfg = Debug|x86
		{7A6AF59E-C53B-448C-838E-EE762258D828}.Debug|x86.Build.0 = Debug|x86
		{7A6AF59E-C53B-448C-838E-EE762258D828}.Release|Any CPU.ActiveCfg = Release|Any CPU
		{7A6AF59E-C53B-448C-838E-EE762258D828}.Release|Any CPU.Build.0 = Release|Any CPU
		{7A6AF59E-C53B-448C-838E-EE762258D828}.Release|x64.ActiveCfg = Release|x64
		{7A6AF59E-C53B-448C-838E-EE762258D828}.Release|x64.Build.0 = Release|x64
		{7A6AF59E-C53B-448C-838E-EE762258D828}.Release|x86.ActiveCfg = Release|x86
		{7A6AF59E-C53B-448C-838E-EE762258D828}.Release|x86.Build.0 = Release|x86
		{03B1DAAE-20AA-4570-A359-82504182EC78}.Debug|Any CPU.ActiveCfg = Debug|Any CPU
		{03B1DAAE-20AA-4570-A359-82504182EC78}.Debug|Any CPU.Build.0 = Debug|Any CPU
		{03B1DAAE-20AA-4570-A359-82504182EC78}.Debug|x64.ActiveCfg = Debug|x64
		{03B1DAAE-20AA-4570-A359-82504182EC78}.Debug|x64.Build.0 = Debug|x64
		{03B1DAAE-20AA-4570-A359-82504182EC78}.Debug|x86.ActiveCfg = Debug|x86
		{03B1DAAE-20AA-4570-A359-82504182EC78}.Debug|x86.Build.0 = Debug|x86
		{03B1DAAE-20AA-4570-A359-82504182EC78}.Release|Any CPU.ActiveCfg = Release|Any CPU
		{03B1DAAE-20AA-4570-A359-82504182EC78}.Release|Any CPU.Build.0 = Release|Any CPU
		{03B1DAAE-20AA-4570-A359-82504182EC78}.Release|x64.ActiveCfg = Release|x64
		{03B1DAAE-20AA-4570-A359-82504182EC78}.Release|x64.Build.0 = Release|x64
		{03B1DAAE-20AA-4570-A359-82504182EC78}.Release|x86.ActiveCfg = Release|x86
		{03B1DAAE-20AA-4570-A359-82504182EC78}.Release|x86.Build.0 = Release|x86
		{68BBAB95-2CE6-4315-95F0-AFD784746C84}.Debug|Any CPU.ActiveCfg = Debug|Any CPU
		{68BBAB95-2CE6-4315-95F0-AFD784746C84}.Debug|Any CPU.Build.0 = Debug|Any CPU
		{68BBAB95-2CE6-4315-95F0-AFD784746C84}.Debug|x64.ActiveCfg = Debug|x64
		{68BBAB95-2CE6-4315-95F0-AFD784746C84}.Debug|x64.Build.0 = Debug|x64
		{68BBAB95-2CE6-4315-95F0-AFD784746C84}.Debug|x86.ActiveCfg = Debug|x86
		{68BBAB95-2CE6-4315-95F0-AFD784746C84}.Debug|x86.Build.0 = Debug|x86
		{68BBAB95-2CE6-4315-95F0-AFD784746C84}.Release|Any CPU.ActiveCfg = Release|Any CPU
		{68BBAB95-2CE6-4315-95F0-AFD784746C84}.Release|Any CPU.Build.0 = Release|Any CPU
		{68BBAB95-2CE6-4315-95F0-AFD784746C84}.Release|x64.ActiveCfg = Release|x64
		{68BBAB95-2CE6-4315-95F0-AFD784746C84}.Release|x64.Build.0 = Release|x64
		{68BBAB95-2CE6-4315-95F0-AFD784746C84}.Release|x86.ActiveCfg = Release|x86
		{68BBAB95-2CE6-4315-95F0-AFD784746C84}.Release|x86.Build.0 = Release|x86
		{A2339734-38DB-49C8-98E9-B0BB6B853483}.Debug|Any CPU.ActiveCfg = Debug|Any CPU
		{A2339734-38DB-49C8-98E9-B0BB6B853483}.Debug|Any CPU.Build.0 = Debug|Any CPU
		{A2339734-38DB-49C8-98E9-B0BB6B853483}.Debug|x64.ActiveCfg = Debug|x64
		{A2339734-38DB-49C8-98E9-B0BB6B853483}.Debug|x64.Build.0 = Debug|x64
		{A2339734-38DB-49C8-98E9-B0BB6B853483}.Debug|x86.ActiveCfg = Debug|x86
		{A2339734-38DB-49C8-98E9-B0BB6B853483}.Debug|x86.Build.0 = Debug|x86
		{A2339734-38DB-49C8-98E9-B0BB6B853483}.Release|Any CPU.ActiveCfg = Release|Any CPU
		{A2339734-38DB-49C8-98E9-B0BB6B853483}.Release|Any CPU.Build.0 = Release|Any CPU
		{A2339734-38DB-49C8-98E9-B0BB6B853483}.Release|x64.ActiveCfg = Release|x64
		{A2339734-38DB-49C8-98E9-B0BB6B853483}.Release|x64.Build.0 = Release|x64
		{A2339734-38DB-49C8-98E9-B0BB6B853483}.Release|x86.ActiveCfg = Release|x86
		{A2339734-38DB-49C8-98E9-B0BB6B853483}.Release|x86.Build.0 = Release|x86
	EndGlobalSection
	GlobalSection(SolutionProperties) = preSolution
		HideSolutionNode = FALSE
	EndGlobalSection
	GlobalSection(ExtensibilityGlobals) = postSolution
		SolutionGuid = {AAFE9408-AC65-4909-9808-D35A5521621D}
	EndGlobalSection
EndGlobal
