
Microsoft Visual Studio Solution File, Format Version 12.00
# Visual Studio Version 16
VisualStudioVersion = 16.0.28516.95
MinimumVisualStudioVersion = 10.0.40219.1
Project("{9A19103F-16F7-4668-BE54-9A1E7A4F7556}") = "DrtEditing", "DRT\DrtEditing.csproj", "{7491A875-04F6-4223-9F35-334A35BA5C09}"
EndProject
Project("{9A19103F-16F7-4668-BE54-9A1E7A4F7556}") = "TestServices", "..\Common\Drt\TestServices\TestServices.csproj", "{B2003DC1-9781-4FA6-8E2E-C2AC4E2EE10C}"
EndProject
Project("{9A19103F-16F7-4668-BE54-9A1E7A4F7556}") = "TestRuntime", "..\Common\TestRuntime\TestRuntime.csproj", "{9017334B-BEA1-4E20-A3F5-8A119F8F163D}"
EndProject
Project("{9A19103F-16F7-4668-BE54-9A1E7A4F7556}") = "TestContracts", "..\Infra\CommunityChest\TestContracts\TestContracts.csproj", "{7C90C6E6-9C27-4150-B229-A7B27615EF63}"
EndProject
Project("{9A19103F-16F7-4668-BE54-9A1E7A4F7556}") = "TestApiCore", "..\Infra\TestApi\TestApiCore\Code\TestApiCore.csproj", "{73364320-4E5D-44A5-BA8C-82C77F55EC70}"
EndProject
Project("{9A19103F-16F7-4668-BE54-9A1E7A4F7556}") = "InternalUtilities", "..\Infra\TestUtilities\InternalUtilities\InternalUtilities.csproj", "{D48A1270-FD9B-4B5E-B7AF-6ACBC780F17B}"
EndProject
Project("{9A19103F-16F7-4668-BE54-9A1E7A4F7556}") = "EditingTest", "FeatureTests\ExeTarget\EditingTest.csproj", "{B88948C0-6BD5-4D9E-BEAA-9E858D7BA5C2}"
EndProject
Project("{9A19103F-16F7-4668-BE54-9A1E7A4F7556}") = "EditingTestLib", "FeatureTests\Common\library\EditingTestLib.csproj", "{CF7E018F-8DAF-48D4-9871-ECF8C83C16FF}"
EndProject
Project("{9A19103F-16F7-4668-BE54-9A1E7A4F7556}") = "EditingTestDev10", "FeatureTests\Dev10\EditingTestDev10.csproj", "{F931E029-8046-4ADC-963A-441B0FC143A3}"
EndProject
Project("{9A19103F-16F7-4668-BE54-9A1E7A4F7556}") = "EditingData", "FeatureTests\Data\EditingData.csproj", "{9E08BEB6-256E-4990-AF12-8FD403FC1E23}"
EndProject
Project("{9A19103F-16F7-4668-BE54-9A1E7A4F7556}") = "EditingOrcasTest", "src\Test\Editing\FeatureTests\Orcas\EditingOrcasTest.csproj", "{0AF769AC-8693-4D44-A47D-02C9068BD1A9}"
EndProject
Global
	GlobalSection(SolutionConfigurationPlatforms) = preSolution
		Debug|Any CPU = Debug|Any CPU
		Debug|x64 = Debug|x64
		Debug|x86 = Debug|x86
		Release|Any CPU = Release|Any CPU
		Release|x64 = Release|x64
		Release|x86 = Release|x86
	EndGlobalSection
	GlobalSection(ProjectConfigurationPlatforms) = postSolution
		{7491A875-04F6-4223-9F35-334A35BA5C09}.Debug|Any CPU.ActiveCfg = Debug|Any CPU
		{7491A875-04F6-4223-9F35-334A35BA5C09}.Debug|Any CPU.Build.0 = Debug|Any CPU
		{7491A875-04F6-4223-9F35-334A35BA5C09}.Debug|x64.ActiveCfg = Debug|x64
		{7491A875-04F6-4223-9F35-334A35BA5C09}.Debug|x64.Build.0 = Debug|x64
		{7491A875-04F6-4223-9F35-334A35BA5C09}.Debug|x86.ActiveCfg = Debug|x86
		{7491A875-04F6-4223-9F35-334A35BA5C09}.Debug|x86.Build.0 = Debug|x86
		{7491A875-04F6-4223-9F35-334A35BA5C09}.Release|Any CPU.ActiveCfg = Release|Any CPU
		{7491A875-04F6-4223-9F35-334A35BA5C09}.Release|Any CPU.Build.0 = Release|Any CPU
		{7491A875-04F6-4223-9F35-334A35BA5C09}.Release|x64.ActiveCfg = Release|x64
		{7491A875-04F6-4223-9F35-334A35BA5C09}.Release|x64.Build.0 = Release|x64
		{7491A875-04F6-4223-9F35-334A35BA5C09}.Release|x86.ActiveCfg = Release|x86
		{7491A875-04F6-4223-9F35-334A35BA5C09}.Release|x86.Build.0 = Release|x86
		{B2003DC1-9781-4FA6-8E2E-C2AC4E2EE10C}.Debug|Any CPU.ActiveCfg = Debug|Any CPU
		{B2003DC1-9781-4FA6-8E2E-C2AC4E2EE10C}.Debug|Any CPU.Build.0 = Debug|Any CPU
		{B2003DC1-9781-4FA6-8E2E-C2AC4E2EE10C}.Debug|x64.ActiveCfg = Debug|x64
		{B2003DC1-9781-4FA6-8E2E-C2AC4E2EE10C}.Debug|x64.Build.0 = Debug|x64
		{B2003DC1-9781-4FA6-8E2E-C2AC4E2EE10C}.Debug|x86.ActiveCfg = Debug|x86
		{B2003DC1-9781-4FA6-8E2E-C2AC4E2EE10C}.Debug|x86.Build.0 = Debug|x86
		{B2003DC1-9781-4FA6-8E2E-C2AC4E2EE10C}.Release|Any CPU.ActiveCfg = Release|Any CPU
		{B2003DC1-9781-4FA6-8E2E-C2AC4E2EE10C}.Release|Any CPU.Build.0 = Release|Any CPU
		{B2003DC1-9781-4FA6-8E2E-C2AC4E2EE10C}.Release|x64.ActiveCfg = Release|x64
		{B2003DC1-9781-4FA6-8E2E-C2AC4E2EE10C}.Release|x64.Build.0 = Release|x64
		{B2003DC1-9781-4FA6-8E2E-C2AC4E2EE10C}.Release|x86.ActiveCfg = Release|x86
		{B2003DC1-9781-4FA6-8E2E-C2AC4E2EE10C}.Release|x86.Build.0 = Release|x86
		{9017334B-BEA1-4E20-A3F5-8A119F8F163D}.Debug|Any CPU.ActiveCfg = Debug|Any CPU
		{9017334B-BEA1-4E20-A3F5-8A119F8F163D}.Debug|Any CPU.Build.0 = Debug|Any CPU
		{9017334B-BEA1-4E20-A3F5-8A119F8F163D}.Debug|x64.ActiveCfg = Debug|x64
		{9017334B-BEA1-4E20-A3F5-8A119F8F163D}.Debug|x64.Build.0 = Debug|x64
		{9017334B-BEA1-4E20-A3F5-8A119F8F163D}.Debug|x86.ActiveCfg = Debug|x86
		{9017334B-BEA1-4E20-A3F5-8A119F8F163D}.Debug|x86.Build.0 = Debug|x86
		{9017334B-BEA1-4E20-A3F5-8A119F8F163D}.Release|Any CPU.ActiveCfg = Release|Any CPU
		{9017334B-BEA1-4E20-A3F5-8A119F8F163D}.Release|Any CPU.Build.0 = Release|Any CPU
		{9017334B-BEA1-4E20-A3F5-8A119F8F163D}.Release|x64.ActiveCfg = Release|x64
		{9017334B-BEA1-4E20-A3F5-8A119F8F163D}.Release|x64.Build.0 = Release|x64
		{9017334B-BEA1-4E20-A3F5-8A119F8F163D}.Release|x86.ActiveCfg = Release|x86
		{9017334B-BEA1-4E20-A3F5-8A119F8F163D}.Release|x86.Build.0 = Release|x86
		{7C90C6E6-9C27-4150-B229-A7B27615EF63}.Debug|Any CPU.ActiveCfg = Debug|Any CPU
		{7C90C6E6-9C27-4150-B229-A7B27615EF63}.Debug|Any CPU.Build.0 = Debug|Any CPU
		{7C90C6E6-9C27-4150-B229-A7B27615EF63}.Debug|x64.ActiveCfg = Debug|x64
		{7C90C6E6-9C27-4150-B229-A7B27615EF63}.Debug|x64.Build.0 = Debug|x64
		{7C90C6E6-9C27-4150-B229-A7B27615EF63}.Debug|x86.ActiveCfg = Debug|x86
		{7C90C6E6-9C27-4150-B229-A7B27615EF63}.Debug|x86.Build.0 = Debug|x86
		{7C90C6E6-9C27-4150-B229-A7B27615EF63}.Release|Any CPU.ActiveCfg = Release|Any CPU
		{7C90C6E6-9C27-4150-B229-A7B27615EF63}.Release|Any CPU.Build.0 = Release|Any CPU
		{7C90C6E6-9C27-4150-B229-A7B27615EF63}.Release|x64.ActiveCfg = Release|x64
		{7C90C6E6-9C27-4150-B229-A7B27615EF63}.Release|x64.Build.0 = Release|x64
		{7C90C6E6-9C27-4150-B229-A7B27615EF63}.Release|x86.ActiveCfg = Release|x86
		{7C90C6E6-9C27-4150-B229-A7B27615EF63}.Release|x86.Build.0 = Release|x86
		{73364320-4E5D-44A5-BA8C-82C77F55EC70}.Debug|Any CPU.ActiveCfg = Debug|Any CPU
		{73364320-4E5D-44A5-BA8C-82C77F55EC70}.Debug|Any CPU.Build.0 = Debug|Any CPU
		{73364320-4E5D-44A5-BA8C-82C77F55EC70}.Debug|x64.ActiveCfg = Debug|x64
		{73364320-4E5D-44A5-BA8C-82C77F55EC70}.Debug|x64.Build.0 = Debug|x64
		{73364320-4E5D-44A5-BA8C-82C77F55EC70}.Debug|x86.ActiveCfg = Debug|x86
		{73364320-4E5D-44A5-BA8C-82C77F55EC70}.Debug|x86.Build.0 = Debug|x86
		{73364320-4E5D-44A5-BA8C-82C77F55EC70}.Release|Any CPU.ActiveCfg = Release|Any CPU
		{73364320-4E5D-44A5-BA8C-82C77F55EC70}.Release|Any CPU.Build.0 = Release|Any CPU
		{73364320-4E5D-44A5-BA8C-82C77F55EC70}.Release|x64.ActiveCfg = Release|x64
		{73364320-4E5D-44A5-BA8C-82C77F55EC70}.Release|x64.Build.0 = Release|x64
		{73364320-4E5D-44A5-BA8C-82C77F55EC70}.Release|x86.ActiveCfg = Release|x86
		{73364320-4E5D-44A5-BA8C-82C77F55EC70}.Release|x86.Build.0 = Release|x86
		{D48A1270-FD9B-4B5E-B7AF-6ACBC780F17B}.Debug|Any CPU.ActiveCfg = Debug|Any CPU
		{D48A1270-FD9B-4B5E-B7AF-6ACBC780F17B}.Debug|Any CPU.Build.0 = Debug|Any CPU
		{D48A1270-FD9B-4B5E-B7AF-6ACBC780F17B}.Debug|x64.ActiveCfg = Debug|x64
		{D48A1270-FD9B-4B5E-B7AF-6ACBC780F17B}.Debug|x64.Build.0 = Debug|x64
		{D48A1270-FD9B-4B5E-B7AF-6ACBC780F17B}.Debug|x86.ActiveCfg = Debug|x86
		{D48A1270-FD9B-4B5E-B7AF-6ACBC780F17B}.Debug|x86.Build.0 = Debug|x86
		{D48A1270-FD9B-4B5E-B7AF-6ACBC780F17B}.Release|Any CPU.ActiveCfg = Release|Any CPU
		{D48A1270-FD9B-4B5E-B7AF-6ACBC780F17B}.Release|Any CPU.Build.0 = Release|Any CPU
		{D48A1270-FD9B-4B5E-B7AF-6ACBC780F17B}.Release|x64.ActiveCfg = Release|x64
		{D48A1270-FD9B-4B5E-B7AF-6ACBC780F17B}.Release|x64.Build.0 = Release|x64
		{D48A1270-FD9B-4B5E-B7AF-6ACBC780F17B}.Release|x86.ActiveCfg = Release|x86
		{D48A1270-FD9B-4B5E-B7AF-6ACBC780F17B}.Release|x86.Build.0 = Release|x86
		{B88948C0-6BD5-4D9E-BEAA-9E858D7BA5C2}.Debug|Any CPU.ActiveCfg = Debug|Any CPU
		{B88948C0-6BD5-4D9E-BEAA-9E858D7BA5C2}.Debug|Any CPU.Build.0 = Debug|Any CPU
		{B88948C0-6BD5-4D9E-BEAA-9E858D7BA5C2}.Debug|x64.ActiveCfg = Debug|x64
		{B88948C0-6BD5-4D9E-BEAA-9E858D7BA5C2}.Debug|x64.Build.0 = Debug|x64
		{B88948C0-6BD5-4D9E-BEAA-9E858D7BA5C2}.Debug|x86.ActiveCfg = Debug|x86
		{B88948C0-6BD5-4D9E-BEAA-9E858D7BA5C2}.Debug|x86.Build.0 = Debug|x86
		{B88948C0-6BD5-4D9E-BEAA-9E858D7BA5C2}.Release|Any CPU.ActiveCfg = Release|Any CPU
		{B88948C0-6BD5-4D9E-BEAA-9E858D7BA5C2}.Release|Any CPU.Build.0 = Release|Any CPU
		{B88948C0-6BD5-4D9E-BEAA-9E858D7BA5C2}.Release|x64.ActiveCfg = Release|x64
		{B88948C0-6BD5-4D9E-BEAA-9E858D7BA5C2}.Release|x64.Build.0 = Release|x64
		{B88948C0-6BD5-4D9E-BEAA-9E858D7BA5C2}.Release|x86.ActiveCfg = Release|x86
		{B88948C0-6BD5-4D9E-BEAA-9E858D7BA5C2}.Release|x86.Build.0 = Release|x86
		{CF7E018F-8DAF-48D4-9871-ECF8C83C16FF}.Debug|Any CPU.ActiveCfg = Debug|Any CPU
		{CF7E018F-8DAF-48D4-9871-ECF8C83C16FF}.Debug|Any CPU.Build.0 = Debug|Any CPU
		{CF7E018F-8DAF-48D4-9871-ECF8C83C16FF}.Debug|x64.ActiveCfg = Debug|x64
		{CF7E018F-8DAF-48D4-9871-ECF8C83C16FF}.Debug|x64.Build.0 = Debug|x64
		{CF7E018F-8DAF-48D4-9871-ECF8C83C16FF}.Debug|x86.ActiveCfg = Debug|x86
		{CF7E018F-8DAF-48D4-9871-ECF8C83C16FF}.Debug|x86.Build.0 = Debug|x86
		{CF7E018F-8DAF-48D4-9871-ECF8C83C16FF}.Release|Any CPU.ActiveCfg = Release|Any CPU
		{CF7E018F-8DAF-48D4-9871-ECF8C83C16FF}.Release|Any CPU.Build.0 = Release|Any CPU
		{CF7E018F-8DAF-48D4-9871-ECF8C83C16FF}.Release|x64.ActiveCfg = Release|x64
		{CF7E018F-8DAF-48D4-9871-ECF8C83C16FF}.Release|x64.Build.0 = Release|x64
		{CF7E018F-8DAF-48D4-9871-ECF8C83C16FF}.Release|x86.ActiveCfg = Release|x86
		{CF7E018F-8DAF-48D4-9871-ECF8C83C16FF}.Release|x86.Build.0 = Release|x86
		{F931E029-8046-4ADC-963A-441B0FC143A3}.Debug|Any CPU.ActiveCfg = Debug|Any CPU
		{F931E029-8046-4ADC-963A-441B0FC143A3}.Debug|Any CPU.Build.0 = Debug|Any CPU
		{F931E029-8046-4ADC-963A-441B0FC143A3}.Debug|x64.ActiveCfg = Debug|x64
		{F931E029-8046-4ADC-963A-441B0FC143A3}.Debug|x64.Build.0 = Debug|x64
		{F931E029-8046-4ADC-963A-441B0FC143A3}.Debug|x86.ActiveCfg = Debug|x86
		{F931E029-8046-4ADC-963A-441B0FC143A3}.Debug|x86.Build.0 = Debug|x86
		{F931E029-8046-4ADC-963A-441B0FC143A3}.Release|Any CPU.ActiveCfg = Release|Any CPU
		{F931E029-8046-4ADC-963A-441B0FC143A3}.Release|Any CPU.Build.0 = Release|Any CPU
		{F931E029-8046-4ADC-963A-441B0FC143A3}.Release|x64.ActiveCfg = Release|x64
		{F931E029-8046-4ADC-963A-441B0FC143A3}.Release|x64.Build.0 = Release|x64
		{F931E029-8046-4ADC-963A-441B0FC143A3}.Release|x86.ActiveCfg = Release|x86
		{F931E029-8046-4ADC-963A-441B0FC143A3}.Release|x86.Build.0 = Release|x86
		{9E08BEB6-256E-4990-AF12-8FD403FC1E23}.Debug|Any CPU.ActiveCfg = Debug|Any CPU
		{9E08BEB6-256E-4990-AF12-8FD403FC1E23}.Debug|Any CPU.Build.0 = Debug|Any CPU
		{9E08BEB6-256E-4990-AF12-8FD403FC1E23}.Debug|x64.ActiveCfg = Debug|x64
		{9E08BEB6-256E-4990-AF12-8FD403FC1E23}.Debug|x64.Build.0 = Debug|x64
		{9E08BEB6-256E-4990-AF12-8FD403FC1E23}.Debug|x86.ActiveCfg = Debug|x86
		{9E08BEB6-256E-4990-AF12-8FD403FC1E23}.Debug|x86.Build.0 = Debug|x86
		{9E08BEB6-256E-4990-AF12-8FD403FC1E23}.Release|Any CPU.ActiveCfg = Release|Any CPU
		{9E08BEB6-256E-4990-AF12-8FD403FC1E23}.Release|Any CPU.Build.0 = Release|Any CPU
		{9E08BEB6-256E-4990-AF12-8FD403FC1E23}.Release|x64.ActiveCfg = Release|x64
		{9E08BEB6-256E-4990-AF12-8FD403FC1E23}.Release|x64.Build.0 = Release|x64
		{9E08BEB6-256E-4990-AF12-8FD403FC1E23}.Release|x86.ActiveCfg = Release|x86
		{9E08BEB6-256E-4990-AF12-8FD403FC1E23}.Release|x86.Build.0 = Release|x86
		{0AF769AC-8693-4D44-A47D-02C9068BD1A9}.Debug|Any CPU.ActiveCfg = Debug|Any CPU
		{0AF769AC-8693-4D44-A47D-02C9068BD1A9}.Debug|Any CPU.Build.0 = Debug|Any CPU
		{0AF769AC-8693-4D44-A47D-02C9068BD1A9}.Debug|x64.ActiveCfg = Debug|x64
		{0AF769AC-8693-4D44-A47D-02C9068BD1A9}.Debug|x64.Build.0 = Debug|x64
		{0AF769AC-8693-4D44-A47D-02C9068BD1A9}.Debug|x86.ActiveCfg = Debug|x86
		{0AF769AC-8693-4D44-A47D-02C9068BD1A9}.Debug|x86.Build.0 = Debug|x86
		{0AF769AC-8693-4D44-A47D-02C9068BD1A9}.Release|Any CPU.ActiveCfg = Release|Any CPU
		{0AF769AC-8693-4D44-A47D-02C9068BD1A9}.Release|Any CPU.Build.0 = Release|Any CPU
		{0AF769AC-8693-4D44-A47D-02C9068BD1A9}.Release|x64.ActiveCfg = Release|x64
		{0AF769AC-8693-4D44-A47D-02C9068BD1A9}.Release|x64.Build.0 = Release|x64
		{0AF769AC-8693-4D44-A47D-02C9068BD1A9}.Release|x86.ActiveCfg = Release|x86
		{0AF769AC-8693-4D44-A47D-02C9068BD1A9}.Release|x86.Build.0 = Release|x86
		
	EndGlobalSection
	GlobalSection(SolutionProperties) = preSolution
		HideSolutionNode = FALSE
	EndGlobalSection
	GlobalSection(ExtensibilityGlobals) = postSolution
		SolutionGuid = {AAFE9408-AC65-4909-9808-D35A5521621D}
	EndGlobalSection
EndGlobal
