
Microsoft Visual Studio Solution File, Format Version 12.00
# Visual Studio Version 16
VisualStudioVersion = 16.0.28516.95
MinimumVisualStudioVersion = 10.0.40219.1
Project("{9A19103F-16F7-4668-BE54-9A1E7A4F7556}") = "DrtFlow", "DRT\Flow\DrtFlow.csproj", "{937347E0-3C74-4FAA-B8B4-9C5E3E641EB8}"
EndProject
Project("{9A19103F-16F7-4668-BE54-9A1E7A4F7556}") = "DrtFlowLayout", "DRT\FlowLayout\DrtFlowLayout.csproj", "{E5CDF15B-006E-495A-87F4-CB2C74DB201D}"
EndProject
Project("{9A19103F-16F7-4668-BE54-9A1E7A4F7556}") = "DrtFlowLayoutExt", "DRT\FlowLayoutExt\DrtFlowLayoutExt.csproj", "{E204933B-BE9A-4A12-983A-4174EAA4BC60}"
EndProject
Project("{9A19103F-16F7-4668-BE54-9A1E7A4F7556}") = "FlowLayoutTestPart1", "FeatureTests\Part1\FlowLayoutTestPart1.csproj", "{A777F395-5168-4938-BACA-071599FD84BD}"
EndProject
Project("{9A19103F-16F7-4668-BE54-9A1E7A4F7556}") = "FlowLayoutOrcasTest", "FeatureTests\BuildSources\Orcas\FlowLayoutOrcasTest.csproj", "{928FD739-E551-40CF-B09F-D772D78654D7}"
EndProject
Project("{9A19103F-16F7-4668-BE54-9A1E7A4F7556}") = "FlowLayoutTest", "FeatureTests\BuildSources\RTM\FlowLayoutTest.csproj", "{7DFB7CF6-77FE-44CA-BE55-D94E298B435B}"
EndProject
Project("{9A19103F-16F7-4668-BE54-9A1E7A4F7556}") = "FlowLayoutData", "FeatureTests\Data\FlowLayoutData.csproj", "{0042842F-A8F2-4BF2-A6B0-1085A2C91D0C}"
EndProject
Global
	GlobalSection(SolutionConfigurationPlatforms) = preSolution
		Debug|Any CPU = Debug|Any CPU
		Debug|x64 = Debug|x64
		Debug|x86 = Debug|x86
		Release|Any CPU = Release|Any CPU
		Release|x64 = Release|x64
		Release|x86 = Release|x86
	EndGlobalSection
	GlobalSection(ProjectConfigurationPlatforms) = postSolution
		{937347E0-3C74-4FAA-B8B4-9C5E3E641EB8}.Debug|Any CPU.ActiveCfg = Debug|Any CPU
		{937347E0-3C74-4FAA-B8B4-9C5E3E641EB8}.Debug|Any CPU.Build.0 = Debug|Any CPU
		{937347E0-3C74-4FAA-B8B4-9C5E3E641EB8}.Debug|x64.ActiveCfg = Debug|x64
		{937347E0-3C74-4FAA-B8B4-9C5E3E641EB8}.Debug|x64.Build.0 = Debug|x64
		{937347E0-3C74-4FAA-B8B4-9C5E3E641EB8}.Debug|x86.ActiveCfg = Debug|Any CPU
		{937347E0-3C74-4FAA-B8B4-9C5E3E641EB8}.Debug|x86.Build.0 = Debug|Any CPU
		{937347E0-3C74-4FAA-B8B4-9C5E3E641EB8}.Release|Any CPU.ActiveCfg = Release|Any CPU
		{937347E0-3C74-4FAA-B8B4-9C5E3E641EB8}.Release|Any CPU.Build.0 = Release|Any CPU
		{937347E0-3C74-4FAA-B8B4-9C5E3E641EB8}.Release|x64.ActiveCfg = Release|x64
		{937347E0-3C74-4FAA-B8B4-9C5E3E641EB8}.Release|x64.Build.0 = Release|x64
		{937347E0-3C74-4FAA-B8B4-9C5E3E641EB8}.Release|x86.ActiveCfg = Release|Any CPU
		{937347E0-3C74-4FAA-B8B4-9C5E3E641EB8}.Release|x86.Build.0 = Release|Any CPU
		{E5CDF15B-006E-495A-87F4-CB2C74DB201D}.Debug|Any CPU.ActiveCfg = Debug|Any CPU
		{E5CDF15B-006E-495A-87F4-CB2C74DB201D}.Debug|Any CPU.Build.0 = Debug|Any CPU
		{E5CDF15B-006E-495A-87F4-CB2C74DB201D}.Debug|x64.ActiveCfg = Debug|x64
		{E5CDF15B-006E-495A-87F4-CB2C74DB201D}.Debug|x64.Build.0 = Debug|x64
		{E5CDF15B-006E-495A-87F4-CB2C74DB201D}.Debug|x86.ActiveCfg = Debug|Any CPU
		{E5CDF15B-006E-495A-87F4-CB2C74DB201D}.Debug|x86.Build.0 = Debug|Any CPU
		{E5CDF15B-006E-495A-87F4-CB2C74DB201D}.Release|Any CPU.ActiveCfg = Release|Any CPU
		{E5CDF15B-006E-495A-87F4-CB2C74DB201D}.Release|Any CPU.Build.0 = Release|Any CPU
		{E5CDF15B-006E-495A-87F4-CB2C74DB201D}.Release|x64.ActiveCfg = Release|x64
		{E5CDF15B-006E-495A-87F4-CB2C74DB201D}.Release|x64.Build.0 = Release|x64
		{E5CDF15B-006E-495A-87F4-CB2C74DB201D}.Release|x86.ActiveCfg = Release|Any CPU
		{E5CDF15B-006E-495A-87F4-CB2C74DB201D}.Release|x86.Build.0 = Release|Any CPU
		{E204933B-BE9A-4A12-983A-4174EAA4BC60}.Debug|Any CPU.ActiveCfg = Debug|Any CPU
		{E204933B-BE9A-4A12-983A-4174EAA4BC60}.Debug|Any CPU.Build.0 = Debug|Any CPU
		{E204933B-BE9A-4A12-983A-4174EAA4BC60}.Debug|x64.ActiveCfg = Debug|x64
		{E204933B-BE9A-4A12-983A-4174EAA4BC60}.Debug|x64.Build.0 = Debug|x64
		{E204933B-BE9A-4A12-983A-4174EAA4BC60}.Debug|x86.ActiveCfg = Debug|Any CPU
		{E204933B-BE9A-4A12-983A-4174EAA4BC60}.Debug|x86.Build.0 = Debug|Any CPU
		{E204933B-BE9A-4A12-983A-4174EAA4BC60}.Release|Any CPU.ActiveCfg = Release|Any CPU
		{E204933B-BE9A-4A12-983A-4174EAA4BC60}.Release|Any CPU.Build.0 = Release|Any CPU
		{E204933B-BE9A-4A12-983A-4174EAA4BC60}.Release|x64.ActiveCfg = Release|x64
		{E204933B-BE9A-4A12-983A-4174EAA4BC60}.Release|x64.Build.0 = Release|x64
		{E204933B-BE9A-4A12-983A-4174EAA4BC60}.Release|x86.ActiveCfg = Release|Any CPU
		{E204933B-BE9A-4A12-983A-4174EAA4BC60}.Release|x86.Build.0 = Release|Any CPU
		{A777F395-5168-4938-BACA-071599FD84BD}.Debug|Any CPU.ActiveCfg = Debug|Any CPU
		{A777F395-5168-4938-BACA-071599FD84BD}.Debug|Any CPU.Build.0 = Debug|Any CPU
		{A777F395-5168-4938-BACA-071599FD84BD}.Debug|x64.ActiveCfg = Debug|x64
		{A777F395-5168-4938-BACA-071599FD84BD}.Debug|x64.Build.0 = Debug|x64
		{A777F395-5168-4938-BACA-071599FD84BD}.Debug|x86.ActiveCfg = Debug|Any CPU
		{A777F395-5168-4938-BACA-071599FD84BD}.Debug|x86.Build.0 = Debug|Any CPU
		{A777F395-5168-4938-BACA-071599FD84BD}.Release|Any CPU.ActiveCfg = Release|Any CPU
		{A777F395-5168-4938-BACA-071599FD84BD}.Release|Any CPU.Build.0 = Release|Any CPU
		{A777F395-5168-4938-BACA-071599FD84BD}.Release|x64.ActiveCfg = Release|x64
		{A777F395-5168-4938-BACA-071599FD84BD}.Release|x64.Build.0 = Release|x64
		{A777F395-5168-4938-BACA-071599FD84BD}.Release|x86.ActiveCfg = Release|Any CPU
		{A777F395-5168-4938-BACA-071599FD84BD}.Release|x86.Build.0 = Release|Any CPU
		{928FD739-E551-40CF-B09F-D772D78654D7}.Debug|Any CPU.ActiveCfg = Debug|Any CPU
		{928FD739-E551-40CF-B09F-D772D78654D7}.Debug|Any CPU.Build.0 = Debug|Any CPU
		{928FD739-E551-40CF-B09F-D772D78654D7}.Debug|x64.ActiveCfg = Debug|x64
		{928FD739-E551-40CF-B09F-D772D78654D7}.Debug|x64.Build.0 = Debug|x64
		{928FD739-E551-40CF-B09F-D772D78654D7}.Debug|x86.ActiveCfg = Debug|Any CPU
		{928FD739-E551-40CF-B09F-D772D78654D7}.Debug|x86.Build.0 = Debug|Any CPU
		{928FD739-E551-40CF-B09F-D772D78654D7}.Release|Any CPU.ActiveCfg = Release|Any CPU
		{928FD739-E551-40CF-B09F-D772D78654D7}.Release|Any CPU.Build.0 = Release|Any CPU
		{928FD739-E551-40CF-B09F-D772D78654D7}.Release|x64.ActiveCfg = Release|x64
		{928FD739-E551-40CF-B09F-D772D78654D7}.Release|x64.Build.0 = Release|x64
		{928FD739-E551-40CF-B09F-D772D78654D7}.Release|x86.ActiveCfg = Release|Any CPU
		{928FD739-E551-40CF-B09F-D772D78654D7}.Release|x86.Build.0 = Release|Any CPU
		{7DFB7CF6-77FE-44CA-BE55-D94E298B435B}.Debug|Any CPU.ActiveCfg = Debug|Any CPU
		{7DFB7CF6-77FE-44CA-BE55-D94E298B435B}.Debug|Any CPU.Build.0 = Debug|Any CPU
		{7DFB7CF6-77FE-44CA-BE55-D94E298B435B}.Debug|x64.ActiveCfg = Debug|x64
		{7DFB7CF6-77FE-44CA-BE55-D94E298B435B}.Debug|x64.Build.0 = Debug|x64
		{7DFB7CF6-77FE-44CA-BE55-D94E298B435B}.Debug|x86.ActiveCfg = Debug|Any CPU
		{7DFB7CF6-77FE-44CA-BE55-D94E298B435B}.Debug|x86.Build.0 = Debug|Any CPU
		{7DFB7CF6-77FE-44CA-BE55-D94E298B435B}.Release|Any CPU.ActiveCfg = Release|Any CPU
		{7DFB7CF6-77FE-44CA-BE55-D94E298B435B}.Release|Any CPU.Build.0 = Release|Any CPU
		{7DFB7CF6-77FE-44CA-BE55-D94E298B435B}.Release|x64.ActiveCfg = Release|x64
		{7DFB7CF6-77FE-44CA-BE55-D94E298B435B}.Release|x64.Build.0 = Release|x64
		{7DFB7CF6-77FE-44CA-BE55-D94E298B435B}.Release|x86.ActiveCfg = Release|Any CPU
		{7DFB7CF6-77FE-44CA-BE55-D94E298B435B}.Release|x86.Build.0 = Release|Any CPU
		{0042842F-A8F2-4BF2-A6B0-1085A2C91D0C}.Debug|Any CPU.ActiveCfg = Debug|Any CPU
		{0042842F-A8F2-4BF2-A6B0-1085A2C91D0C}.Debug|Any CPU.Build.0 = Debug|Any CPU
		{0042842F-A8F2-4BF2-A6B0-1085A2C91D0C}.Debug|x64.ActiveCfg = Debug|x64
		{0042842F-A8F2-4BF2-A6B0-1085A2C91D0C}.Debug|x64.Build.0 = Debug|x64
		{0042842F-A8F2-4BF2-A6B0-1085A2C91D0C}.Debug|x86.ActiveCfg = Debug|Any CPU
		{0042842F-A8F2-4BF2-A6B0-1085A2C91D0C}.Debug|x86.Build.0 = Debug|Any CPU
		{0042842F-A8F2-4BF2-A6B0-1085A2C91D0C}.Release|Any CPU.ActiveCfg = Release|Any CPU
		{0042842F-A8F2-4BF2-A6B0-1085A2C91D0C}.Release|Any CPU.Build.0 = Release|Any CPU
		{0042842F-A8F2-4BF2-A6B0-1085A2C91D0C}.Release|x64.ActiveCfg = Release|x64
		{0042842F-A8F2-4BF2-A6B0-1085A2C91D0C}.Release|x64.Build.0 = Release|x64
		{0042842F-A8F2-4BF2-A6B0-1085A2C91D0C}.Release|x86.ActiveCfg = Release|Any CPU
		{0042842F-A8F2-4BF2-A6B0-1085A2C91D0C}.Release|x86.Build.0 = Release|Any CPU
	EndGlobalSection
	GlobalSection(SolutionProperties) = preSolution
		HideSolutionNode = FALSE
	EndGlobalSection
EndGlobal
