
Microsoft Visual Studio Solution File, Format Version 12.00
# Visual Studio Version 16
VisualStudioVersion = 16.0.28516.95
MinimumVisualStudioVersion = 10.0.40219.1
Project("{9A19103F-16F7-4668-BE54-9A1E7A4F7556}") = "TestServices", "..\Common\Drt\TestServices\TestServices.csproj", "{B2003DC1-9781-4FA6-8E2E-C2AC4E2EE10C}"
EndProject
Project("{9A19103F-16F7-4668-BE54-9A1E7A4F7556}") = "TestRuntime", "..\Common\TestRuntime\TestRuntime.csproj", "{9017334B-BEA1-4E20-A3F5-8A119F8F163D}"
EndProject
Project("{9A19103F-16F7-4668-BE54-9A1E7A4F7556}") = "TestContracts", "..\Infra\CommunityChest\TestContracts\TestContracts.csproj", "{7C90C6E6-9C27-4150-B229-A7B27615EF63}"
EndProject
Project("{9A19103F-16F7-4668-BE54-9A1E7A4F7556}") = "TestApiCore", "..\Infra\TestApi\TestApiCore\Code\TestApiCore.csproj", "{73364320-4E5D-44A5-BA8C-82C77F55EC70}"
EndProject
Project("{9A19103F-16F7-4668-BE54-9A1E7A4F7556}") = "InternalUtilities", "..\Infra\TestUtilities\InternalUtilities\InternalUtilities.csproj", "{D48A1270-FD9B-4B5E-B7AF-6ACBC780F17B}"
EndProject
Project("{9A19103F-16F7-4668-BE54-9A1E7A4F7556}") = "DrtAppModelSuites", "DRT\AppModelSuites\DrtAppModelSuites.csproj", "{A96B02D1-32AD-4484-B94F-B8FED2775C2C}"
EndProject
Project("{9A19103F-16F7-4668-BE54-9A1E7A4F7556}") = "DrtApplicationEvents", "DRT\Application\ApplicationEvents\DrtApplicationEvents.csproj", "{9CA98BFB-FFD3-4E92-A866-078A0AB530D3}"
EndProject
Project("{9A19103F-16F7-4668-BE54-9A1E7A4F7556}") = "DrtAppShutdown", "DRT\Application\AppShutdown\DrtAppShutdown.csproj", "{60236464-3181-4E68-8409-674445DD2477}"
EndProject
Project("{9A19103F-16F7-4668-BE54-9A1E7A4F7556}") = "DrtAppThreadingModel", "DRT\Application\AppThreadingModel\DrtAppThreadingModel.csproj", "{DF066778-2B3D-4544-A609-2B77065ED3AA}"
EndProject
Project("{9A19103F-16F7-4668-BE54-9A1E7A4F7556}") = "DrtAppWindowList", "DRT\Application\AppWindowList\DrtAppWindowList.csproj", "{F9AF8227-170C-481A-AE15-C48E79B3857F}"
EndProject
Project("{9A19103F-16F7-4668-BE54-9A1E7A4F7556}") = "DrtStartupUriXamlNavigationWindow", "DRT\Application\StartupUriXamlNavigationWindow\DrtStartupUriXamlNavigationWindow.csproj", "{63AE1470-D005-4F27-A9CE-27F8B47FE657}"
EndProject
Project("{9A19103F-16F7-4668-BE54-9A1E7A4F7556}") = "DrtFrameJournaling", "DRT\Journaling\FrameJournaling\DrtFrameJournaling.csproj", "{545943D3-C6D1-4606-B524-6CE3A1B669A0}"
EndProject
Project("{9A19103F-16F7-4668-BE54-9A1E7A4F7556}") = "DrtJournal", "DRT\Journaling\Journal\DrtJournal.csproj", "{BC582CC6-F4B3-4BA4-A22E-F77AC7A8478A}"
EndProject
Project("{9A19103F-16F7-4668-BE54-9A1E7A4F7556}") = "DrtJournalMode", "DRT\Journaling\JournalMode\DrtJournalMode.csproj", "{51FA56DA-B62D-4AD5-9EE5-9DE41387D520}"
EndProject
Project("{9A19103F-16F7-4668-BE54-9A1E7A4F7556}") = "DrtReparentNavigator", "DRT\Journaling\ReparentNavigator\DrtReparentNavigator.csproj", "{AE977DEC-4801-4ACE-B5EE-DD4DAA5868AF}"
EndProject
Project("{9A19103F-16F7-4668-BE54-9A1E7A4F7556}") = "DrtHyperlinkTargeting", "DRT\Navigation\HyperlinkTargeting\DrtHyperlinkTargeting.csproj", "{A49BB840-EC12-4A00-A875-DEB65CA9D582}"
EndProject
Project("{9A19103F-16F7-4668-BE54-9A1E7A4F7556}") = "DrtNavigationApplication", "DRT\Navigation\NavigationApplication\DrtNavigationApplication.csproj", "{1223478B-33E5-4C2A-8F8F-95673930E0B2}"
EndProject
Project("{9A19103F-16F7-4668-BE54-9A1E7A4F7556}") = "DrtNavError", "DRT\Navigation\NavigationError\DrtNavError.csproj", "{6B0DC340-47BF-40A7-B113-B57851640940}"
EndProject
Project("{9A19103F-16F7-4668-BE54-9A1E7A4F7556}") = "DrtNavigationEvents", "DRT\Navigation\NavigationEvents\DrtNavigationEvents.csproj", "{3A9DCCF8-5936-441D-A472-F7575A97EC9C}"
EndProject
Project("{9A19103F-16F7-4668-BE54-9A1E7A4F7556}") = "DrtNavigationToObject", "DRT\Navigation\NavigationToObject\DrtNavigationToObject.csproj", "{E9957BAA-59B2-4018-967B-E1571CBE3094}"
EndProject
Project("{9A19103F-16F7-4668-BE54-9A1E7A4F7556}") = "DrtNavigationWindow", "DRT\Navigation\NavigationWindow\DrtNavigationWindow.csproj", "{9BD16CF7-8129-4047-81A9-EC5E46826D4C}"
EndProject
Project("{9A19103F-16F7-4668-BE54-9A1E7A4F7556}") = "DrtXamlContainer", "DRT\Navigation\XamlContainer\DrtXamlContainer.csproj", "{3BF6F369-5D61-44AF-81C1-DB0770811712}"
EndProject
Project("{9A19103F-16F7-4668-BE54-9A1E7A4F7556}") = "DrtPageFunction", "DRT\PageFunction\DrtPageFunction.csproj", "{D97400A2-A87F-4B07-A522-76415FF76B70}"
EndProject
Project("{9A19103F-16F7-4668-BE54-9A1E7A4F7556}") = "DrtDialog", "DRT\Window\Dialog\DrtDialog.csproj", "{BAFD11FA-3304-45F2-8AFB-2A19295AA1F5}"
EndProject
Project("{9A19103F-16F7-4668-BE54-9A1E7A4F7556}") = "DrtIcon", "DRT\Window\Icon\DrtIcon.csproj", "{97E3A319-8844-4892-9544-B2CC26D4BB7C}"
EndProject
Project("{9A19103F-16F7-4668-BE54-9A1E7A4F7556}") = "DrtPage", "DRT\Window\Page\DrtPage.csproj", "{A8422B92-B108-4682-A1A7-9117365821FA}"
EndProject
Project("{9A19103F-16F7-4668-BE54-9A1E7A4F7556}") = "DrtWindow", "DRT\Window\Window\DrtWindow.csproj", "{5D568071-7EAA-47FD-897A-80D9634FB109}"
EndProject
Project("{9A19103F-16F7-4668-BE54-9A1E7A4F7556}") = "DrtWindowAutoLocation", "DRT\Window\WindowAutoLocation\DrtWindowAutoLocation.csproj", "{6941A368-144D-4985-9E1A-486C0D9B94A7}"
EndProject
Project("{9A19103F-16F7-4668-BE54-9A1E7A4F7556}") = "DrtWindowAutoSize", "DRT\Window\WindowAutoSize\DrtWindowAutoSize.csproj", "{4F788D88-B16F-4E77-B82F-256B9E26B0BB}"
EndProject
Project("{9A19103F-16F7-4668-BE54-9A1E7A4F7556}") = "DrtWindowDragMove", "DRT\Window\WindowDragMove\DrtWindowDragMove.csproj", "{A40C4C35-60E6-43DC-A69E-B18EA46EB53B}"
EndProject
Project("{9A19103F-16F7-4668-BE54-9A1E7A4F7556}") = "DrtWindowFunctionality", "DRT\Window\WindowFunctionality\DrtWindowFunctionality.csproj", "{64E07981-6A02-49A8-8539-B221695CD52D}"
EndProject
Project("{9A19103F-16F7-4668-BE54-9A1E7A4F7556}") = "DrtWindowHeightWidthTopLeft", "DRT\Window\WindowHeightWidthTopLeft\DrtWindowHeightWidthTopLeft.csproj", "{B3475549-5028-416A-A024-69F47507E46E}"
EndProject
Project("{9A19103F-16F7-4668-BE54-9A1E7A4F7556}") = "DrtWindowMinMaxContentSize", "DRT\Window\WindowMinMaxContentSize\DrtWindowMinMaxContentSize.csproj", "{C0924494-D073-40DF-AD47-12BDA363408E}"
EndProject
Project("{9A19103F-16F7-4668-BE54-9A1E7A4F7556}") = "DrtWindowResizeGripFlowDirection", "DRT\Window\WindowResizeGripFlowDirection\DrtWindowResizeGripFlowDirection.csproj", "{69CD07E6-45BA-4793-AA6F-5D74AB49B1A5}"
EndProject
Project("{9A19103F-16F7-4668-BE54-9A1E7A4F7556}") = "DrtWindowScroll", "DRT\Window\WindowScroll\DrtWindowScroll.csproj", "{E3D925D1-F37C-49E0-9531-53A37E1C198B}"
EndProject
Project("{9A19103F-16F7-4668-BE54-9A1E7A4F7556}") = "DialogTests", "FeatureTests\CommonDialogs\DialogTests\DialogTests.csproj", "{4BE5CA7A-06BA-46E6-ADC7-F3BD853E3DBC}"
EndProject
Project("{9A19103F-16F7-4668-BE54-9A1E7A4F7556}") = "DialogResultConverter", "FeatureTests\CommonDialogs\DialogResultConverter\DialogResultConverter.csproj", "{02BAE7A7-0268-4D3D-9F7C-2E2D9B836647}"
EndProject
Project("{9A19103F-16F7-4668-BE54-9A1E7A4F7556}") = "XTCs", "FeatureTests\XTCs\XTCs.csproj", "{76768903-8E58-4FEC-A5CB-6BC828B20EC9}"
EndProject
Project("{9A19103F-16F7-4668-BE54-9A1E7A4F7556}") = "WindowTest", "FeatureTests\WindowManagement\WindowTest.csproj", "{9D85A553-A78F-4043-B7E7-86B16E4B846B}"
EndProject
Project("{9A19103F-16F7-4668-BE54-9A1E7A4F7556}") = "TransitionElementTestExe", "FeatureTests\TransitionElement\TransitionElementTestExe\TransitionElementTestExe.csproj", "{FF262D7B-C313-4072-8906-794B72C0D8A1}"
EndProject
Project("{9A19103F-16F7-4668-BE54-9A1E7A4F7556}") = "TransitionElement", "FeatureTests\TransitionElement\TransitionElement\TransitionElement.csproj", "{91C5FD83-B598-4A30-9C11-F8137BB86EEA}"
EndProject
Project("{9A19103F-16F7-4668-BE54-9A1E7A4F7556}") = "Security", "FeatureTests\Security\ClrUnmanagedCodeCheck\Security.csproj", "{F9CC4FCE-3334-40F7-A487-210FA9FF1AE4}"
EndProject
Project("{9A19103F-16F7-4668-BE54-9A1E7A4F7556}") = "DeploymentOrcasTestCodeLibrary", "FeatureTests\Deployment\Orcas\DeploymentOrcasTestCodeLibrary.csproj", "{F2CCF190-DE0D-4166-8C0D-497E23D0EA81}"
EndProject
Project("{9A19103F-16F7-4668-BE54-9A1E7A4F7556}") = "AppModelData", "FeatureTests\Data\AppModelData.csproj", "{EF048A00-DF86-4CFC-8036-89B2A59F9660}"
EndProject
Project("{9A19103F-16F7-4668-BE54-9A1E7A4F7556}") = "CompilationTests", "FeatureTests\Compilation\CompilationTests.csproj", "{F2F065CD-7B6A-4EB7-9711-B50C4CDDFEF8}"
EndProject
Project("{9A19103F-16F7-4668-BE54-9A1E7A4F7556}") = "FolderDialogTests", "FeatureTests\CommonDialogs\OpenFolderDialogTests\FolderDialogTests\FolderDialogTests.csproj", "{0C7BC4B4-B562-4695-BEE7-44E04FF24BF8}"
EndProject
Project("{9A19103F-16F7-4668-BE54-9A1E7A4F7556}") = "OpenFolderDialogTests", "FeatureTests\CommonDialogs\OpenFolderDialogTests\OpenFolderDialogTests.csproj", "{EEB9D52A-CDE1-4831-9B1E-01DF201037BA}"
EndProject
Project("{9A19103F-16F7-4668-BE54-9A1E7A4F7556}") = "Standalone", "FeatureTests\CommonDialogs\CommonDialogs\standalone\standalone.csproj", "{31ADCF9D-FB24-4A14-9DDD-504DBB3823EA}"
EndProject
Project("{9A19103F-16F7-4668-BE54-9A1E7A4F7556}") = "DialogTestsPart1", "FeatureTests\CommonDialogs\Part1\DialogTests\DialogTestsPart1.csproj", "{0BF61BA9-AB8A-41EB-B3C5-F864BA0036D9}"
EndProject
Global
	GlobalSection(SolutionConfigurationPlatforms) = preSolution
		Debug|Any CPU = Debug|Any CPU
		Debug|x64 = Debug|x64
		Debug|x86 = Debug|x86
		Release|Any CPU = Release|Any CPU
		Release|x64 = Release|x64
		Release|x86 = Release|x86
	EndGlobalSection
	GlobalSection(ProjectConfigurationPlatforms) = postSolution
		{B2003DC1-9781-4FA6-8E2E-C2AC4E2EE10C}.Debug|Any CPU.ActiveCfg = Debug|Any CPU
		{B2003DC1-9781-4FA6-8E2E-C2AC4E2EE10C}.Debug|Any CPU.Build.0 = Debug|Any CPU
		{B2003DC1-9781-4FA6-8E2E-C2AC4E2EE10C}.Debug|x64.ActiveCfg = Debug|x64
		{B2003DC1-9781-4FA6-8E2E-C2AC4E2EE10C}.Debug|x64.Build.0 = Debug|x64
		{B2003DC1-9781-4FA6-8E2E-C2AC4E2EE10C}.Debug|x86.ActiveCfg = Debug|Any CPU
		{B2003DC1-9781-4FA6-8E2E-C2AC4E2EE10C}.Debug|x86.Build.0 = Debug|Any CPU
		{B2003DC1-9781-4FA6-8E2E-C2AC4E2EE10C}.Release|Any CPU.ActiveCfg = Release|Any CPU
		{B2003DC1-9781-4FA6-8E2E-C2AC4E2EE10C}.Release|Any CPU.Build.0 = Release|Any CPU
		{B2003DC1-9781-4FA6-8E2E-C2AC4E2EE10C}.Release|x64.ActiveCfg = Release|x64
		{B2003DC1-9781-4FA6-8E2E-C2AC4E2EE10C}.Release|x64.Build.0 = Release|x64
		{B2003DC1-9781-4FA6-8E2E-C2AC4E2EE10C}.Release|x86.ActiveCfg = Release|Any CPU
		{B2003DC1-9781-4FA6-8E2E-C2AC4E2EE10C}.Release|x86.Build.0 = Release|Any CPU
		{9017334B-BEA1-4E20-A3F5-8A119F8F163D}.Debug|Any CPU.ActiveCfg = Debug|Any CPU
		{9017334B-BEA1-4E20-A3F5-8A119F8F163D}.Debug|Any CPU.Build.0 = Debug|Any CPU
		{9017334B-BEA1-4E20-A3F5-8A119F8F163D}.Debug|x64.ActiveCfg = Debug|x64
		{9017334B-BEA1-4E20-A3F5-8A119F8F163D}.Debug|x64.Build.0 = Debug|x64
		{9017334B-BEA1-4E20-A3F5-8A119F8F163D}.Debug|x86.ActiveCfg = Debug|Any CPU
		{9017334B-BEA1-4E20-A3F5-8A119F8F163D}.Debug|x86.Build.0 = Debug|Any CPU
		{9017334B-BEA1-4E20-A3F5-8A119F8F163D}.Release|Any CPU.ActiveCfg = Release|Any CPU
		{9017334B-BEA1-4E20-A3F5-8A119F8F163D}.Release|Any CPU.Build.0 = Release|Any CPU
		{9017334B-BEA1-4E20-A3F5-8A119F8F163D}.Release|x64.ActiveCfg = Release|x64
		{9017334B-BEA1-4E20-A3F5-8A119F8F163D}.Release|x64.Build.0 = Release|x64
		{9017334B-BEA1-4E20-A3F5-8A119F8F163D}.Release|x86.ActiveCfg = Release|Any CPU
		{9017334B-BEA1-4E20-A3F5-8A119F8F163D}.Release|x86.Build.0 = Release|Any CPU
		{7C90C6E6-9C27-4150-B229-A7B27615EF63}.Debug|Any CPU.ActiveCfg = Debug|Any CPU
		{7C90C6E6-9C27-4150-B229-A7B27615EF63}.Debug|Any CPU.Build.0 = Debug|Any CPU
		{7C90C6E6-9C27-4150-B229-A7B27615EF63}.Debug|x64.ActiveCfg = Debug|x64
		{7C90C6E6-9C27-4150-B229-A7B27615EF63}.Debug|x64.Build.0 = Debug|x64
		{7C90C6E6-9C27-4150-B229-A7B27615EF63}.Debug|x86.ActiveCfg = Debug|Any CPU
		{7C90C6E6-9C27-4150-B229-A7B27615EF63}.Debug|x86.Build.0 = Debug|Any CPU
		{7C90C6E6-9C27-4150-B229-A7B27615EF63}.Release|Any CPU.ActiveCfg = Release|Any CPU
		{7C90C6E6-9C27-4150-B229-A7B27615EF63}.Release|Any CPU.Build.0 = Release|Any CPU
		{7C90C6E6-9C27-4150-B229-A7B27615EF63}.Release|x64.ActiveCfg = Release|x64
		{7C90C6E6-9C27-4150-B229-A7B27615EF63}.Release|x64.Build.0 = Release|x64
		{7C90C6E6-9C27-4150-B229-A7B27615EF63}.Release|x86.ActiveCfg = Release|Any CPU
		{7C90C6E6-9C27-4150-B229-A7B27615EF63}.Release|x86.Build.0 = Release|Any CPU
		{73364320-4E5D-44A5-BA8C-82C77F55EC70}.Debug|Any CPU.ActiveCfg = Debug|Any CPU
		{73364320-4E5D-44A5-BA8C-82C77F55EC70}.Debug|Any CPU.Build.0 = Debug|Any CPU
		{73364320-4E5D-44A5-BA8C-82C77F55EC70}.Debug|x64.ActiveCfg = Debug|x64
		{73364320-4E5D-44A5-BA8C-82C77F55EC70}.Debug|x64.Build.0 = Debug|x64
		{73364320-4E5D-44A5-BA8C-82C77F55EC70}.Debug|x86.ActiveCfg = Debug|Any CPU
		{73364320-4E5D-44A5-BA8C-82C77F55EC70}.Debug|x86.Build.0 = Debug|Any CPU
		{73364320-4E5D-44A5-BA8C-82C77F55EC70}.Release|Any CPU.ActiveCfg = Release|Any CPU
		{73364320-4E5D-44A5-BA8C-82C77F55EC70}.Release|Any CPU.Build.0 = Release|Any CPU
		{73364320-4E5D-44A5-BA8C-82C77F55EC70}.Release|x64.ActiveCfg = Release|x64
		{73364320-4E5D-44A5-BA8C-82C77F55EC70}.Release|x64.Build.0 = Release|x64
		{73364320-4E5D-44A5-BA8C-82C77F55EC70}.Release|x86.ActiveCfg = Release|Any CPU
		{73364320-4E5D-44A5-BA8C-82C77F55EC70}.Release|x86.Build.0 = Release|Any CPU
		{D48A1270-FD9B-4B5E-B7AF-6ACBC780F17B}.Debug|Any CPU.ActiveCfg = Debug|Any CPU
		{D48A1270-FD9B-4B5E-B7AF-6ACBC780F17B}.Debug|Any CPU.Build.0 = Debug|Any CPU
		{D48A1270-FD9B-4B5E-B7AF-6ACBC780F17B}.Debug|x64.ActiveCfg = Debug|x64
		{D48A1270-FD9B-4B5E-B7AF-6ACBC780F17B}.Debug|x64.Build.0 = Debug|x64
		{D48A1270-FD9B-4B5E-B7AF-6ACBC780F17B}.Debug|x86.ActiveCfg = Debug|Any CPU
		{D48A1270-FD9B-4B5E-B7AF-6ACBC780F17B}.Debug|x86.Build.0 = Debug|Any CPU
		{D48A1270-FD9B-4B5E-B7AF-6ACBC780F17B}.Release|Any CPU.ActiveCfg = Release|Any CPU
		{D48A1270-FD9B-4B5E-B7AF-6ACBC780F17B}.Release|Any CPU.Build.0 = Release|Any CPU
		{D48A1270-FD9B-4B5E-B7AF-6ACBC780F17B}.Release|x64.ActiveCfg = Release|x64
		{D48A1270-FD9B-4B5E-B7AF-6ACBC780F17B}.Release|x64.Build.0 = Release|x64
		{D48A1270-FD9B-4B5E-B7AF-6ACBC780F17B}.Release|x86.ActiveCfg = Release|Any CPU
		{D48A1270-FD9B-4B5E-B7AF-6ACBC780F17B}.Release|x86.Build.0 = Release|Any CPU
		{A96B02D1-32AD-4484-B94F-B8FED2775C2C}.Debug|Any CPU.ActiveCfg = Debug|Any CPU
		{A96B02D1-32AD-4484-B94F-B8FED2775C2C}.Debug|Any CPU.Build.0 = Debug|Any CPU
		{A96B02D1-32AD-4484-B94F-B8FED2775C2C}.Debug|x64.ActiveCfg = Debug|x64
		{A96B02D1-32AD-4484-B94F-B8FED2775C2C}.Debug|x64.Build.0 = Debug|x64
		{A96B02D1-32AD-4484-B94F-B8FED2775C2C}.Debug|x86.ActiveCfg = Debug|Any CPU
		{A96B02D1-32AD-4484-B94F-B8FED2775C2C}.Debug|x86.Build.0 = Debug|Any CPU
		{A96B02D1-32AD-4484-B94F-B8FED2775C2C}.Release|Any CPU.ActiveCfg = Release|Any CPU
		{A96B02D1-32AD-4484-B94F-B8FED2775C2C}.Release|Any CPU.Build.0 = Release|Any CPU
		{A96B02D1-32AD-4484-B94F-B8FED2775C2C}.Release|x64.ActiveCfg = Release|x64
		{A96B02D1-32AD-4484-B94F-B8FED2775C2C}.Release|x64.Build.0 = Release|x64
		{A96B02D1-32AD-4484-B94F-B8FED2775C2C}.Release|x86.ActiveCfg = Release|Any CPU
		{A96B02D1-32AD-4484-B94F-B8FED2775C2C}.Release|x86.Build.0 = Release|Any CPU
		{37C4B595-5FD2-48A7-A22C-61C82F98FC43}.Debug|Any CPU.ActiveCfg = Debug|Any CPU
		{37C4B595-5FD2-48A7-A22C-61C82F98FC43}.Debug|Any CPU.Build.0 = Debug|Any CPU
		{37C4B595-5FD2-48A7-A22C-61C82F98FC43}.Debug|x64.ActiveCfg = Debug|x64
		{37C4B595-5FD2-48A7-A22C-61C82F98FC43}.Debug|x64.Build.0 = Debug|x64
		{37C4B595-5FD2-48A7-A22C-61C82F98FC43}.Debug|x86.ActiveCfg = Debug|Any CPU
		{37C4B595-5FD2-48A7-A22C-61C82F98FC43}.Debug|x86.Build.0 = Debug|Any CPU
		{37C4B595-5FD2-48A7-A22C-61C82F98FC43}.Release|Any CPU.ActiveCfg = Release|Any CPU
		{37C4B595-5FD2-48A7-A22C-61C82F98FC43}.Release|Any CPU.Build.0 = Release|Any CPU
		{37C4B595-5FD2-48A7-A22C-61C82F98FC43}.Release|x64.ActiveCfg = Release|x64
		{37C4B595-5FD2-48A7-A22C-61C82F98FC43}.Release|x64.Build.0 = Release|x64
		{37C4B595-5FD2-48A7-A22C-61C82F98FC43}.Release|x86.ActiveCfg = Release|Any CPU
		{37C4B595-5FD2-48A7-A22C-61C82F98FC43}.Release|x86.Build.0 = Release|Any CPU
		{670C0D0D-E653-4B0D-9B70-017D758B97BC}.Debug|Any CPU.ActiveCfg = Debug|Any CPU
		{670C0D0D-E653-4B0D-9B70-017D758B97BC}.Debug|Any CPU.Build.0 = Debug|Any CPU
		{670C0D0D-E653-4B0D-9B70-017D758B97BC}.Debug|x64.ActiveCfg = Debug|x64
		{670C0D0D-E653-4B0D-9B70-017D758B97BC}.Debug|x64.Build.0 = Debug|x64
		{670C0D0D-E653-4B0D-9B70-017D758B97BC}.Debug|x86.ActiveCfg = Debug|Any CPU
		{670C0D0D-E653-4B0D-9B70-017D758B97BC}.Debug|x86.Build.0 = Debug|Any CPU
		{670C0D0D-E653-4B0D-9B70-017D758B97BC}.Release|Any CPU.ActiveCfg = Release|Any CPU
		{670C0D0D-E653-4B0D-9B70-017D758B97BC}.Release|Any CPU.Build.0 = Release|Any CPU
		{670C0D0D-E653-4B0D-9B70-017D758B97BC}.Release|x64.ActiveCfg = Release|x64
		{670C0D0D-E653-4B0D-9B70-017D758B97BC}.Release|x64.Build.0 = Release|x64
		{670C0D0D-E653-4B0D-9B70-017D758B97BC}.Release|x86.ActiveCfg = Release|Any CPU
		{670C0D0D-E653-4B0D-9B70-017D758B97BC}.Release|x86.Build.0 = Release|Any CPU
		{9CA98BFB-FFD3-4E92-A866-078A0AB530D3}.Debug|Any CPU.ActiveCfg = Debug|Any CPU
		{9CA98BFB-FFD3-4E92-A866-078A0AB530D3}.Debug|Any CPU.Build.0 = Debug|Any CPU
		{9CA98BFB-FFD3-4E92-A866-078A0AB530D3}.Debug|x64.ActiveCfg = Debug|x64
		{9CA98BFB-FFD3-4E92-A866-078A0AB530D3}.Debug|x64.Build.0 = Debug|x64
		{9CA98BFB-FFD3-4E92-A866-078A0AB530D3}.Debug|x86.ActiveCfg = Debug|Any CPU
		{9CA98BFB-FFD3-4E92-A866-078A0AB530D3}.Debug|x86.Build.0 = Debug|Any CPU
		{9CA98BFB-FFD3-4E92-A866-078A0AB530D3}.Release|Any CPU.ActiveCfg = Release|Any CPU
		{9CA98BFB-FFD3-4E92-A866-078A0AB530D3}.Release|Any CPU.Build.0 = Release|Any CPU
		{9CA98BFB-FFD3-4E92-A866-078A0AB530D3}.Release|x64.ActiveCfg = Release|x64
		{9CA98BFB-FFD3-4E92-A866-078A0AB530D3}.Release|x64.Build.0 = Release|x64
		{9CA98BFB-FFD3-4E92-A866-078A0AB530D3}.Release|x86.ActiveCfg = Release|Any CPU
		{9CA98BFB-FFD3-4E92-A866-078A0AB530D3}.Release|x86.Build.0 = Release|Any CPU
		{60236464-3181-4E68-8409-674445DD2477}.Debug|Any CPU.ActiveCfg = Debug|Any CPU
		{60236464-3181-4E68-8409-674445DD2477}.Debug|Any CPU.Build.0 = Debug|Any CPU
		{60236464-3181-4E68-8409-674445DD2477}.Debug|x64.ActiveCfg = Debug|x64
		{60236464-3181-4E68-8409-674445DD2477}.Debug|x64.Build.0 = Debug|x64
		{60236464-3181-4E68-8409-674445DD2477}.Debug|x86.ActiveCfg = Debug|Any CPU
		{60236464-3181-4E68-8409-674445DD2477}.Debug|x86.Build.0 = Debug|Any CPU
		{60236464-3181-4E68-8409-674445DD2477}.Release|Any CPU.ActiveCfg = Release|Any CPU
		{60236464-3181-4E68-8409-674445DD2477}.Release|Any CPU.Build.0 = Release|Any CPU
		{60236464-3181-4E68-8409-674445DD2477}.Release|x64.ActiveCfg = Release|x64
		{60236464-3181-4E68-8409-674445DD2477}.Release|x64.Build.0 = Release|x64
		{60236464-3181-4E68-8409-674445DD2477}.Release|x86.ActiveCfg = Release|Any CPU
		{60236464-3181-4E68-8409-674445DD2477}.Release|x86.Build.0 = Release|Any CPU
		{DF066778-2B3D-4544-A609-2B77065ED3AA}.Debug|Any CPU.ActiveCfg = Debug|Any CPU
		{DF066778-2B3D-4544-A609-2B77065ED3AA}.Debug|Any CPU.Build.0 = Debug|Any CPU
		{DF066778-2B3D-4544-A609-2B77065ED3AA}.Debug|x64.ActiveCfg = Debug|x64
		{DF066778-2B3D-4544-A609-2B77065ED3AA}.Debug|x64.Build.0 = Debug|x64
		{DF066778-2B3D-4544-A609-2B77065ED3AA}.Debug|x86.ActiveCfg = Debug|Any CPU
		{DF066778-2B3D-4544-A609-2B77065ED3AA}.Debug|x86.Build.0 = Debug|Any CPU
		{DF066778-2B3D-4544-A609-2B77065ED3AA}.Release|Any CPU.ActiveCfg = Release|Any CPU
		{DF066778-2B3D-4544-A609-2B77065ED3AA}.Release|Any CPU.Build.0 = Release|Any CPU
		{DF066778-2B3D-4544-A609-2B77065ED3AA}.Release|x64.ActiveCfg = Release|x64
		{DF066778-2B3D-4544-A609-2B77065ED3AA}.Release|x64.Build.0 = Release|x64
		{DF066778-2B3D-4544-A609-2B77065ED3AA}.Release|x86.ActiveCfg = Release|Any CPU
		{DF066778-2B3D-4544-A609-2B77065ED3AA}.Release|x86.Build.0 = Release|Any CPU
		{F9AF8227-170C-481A-AE15-C48E79B3857F}.Debug|Any CPU.ActiveCfg = Debug|Any CPU
		{F9AF8227-170C-481A-AE15-C48E79B3857F}.Debug|Any CPU.Build.0 = Debug|Any CPU
		{F9AF8227-170C-481A-AE15-C48E79B3857F}.Debug|x64.ActiveCfg = Debug|x64
		{F9AF8227-170C-481A-AE15-C48E79B3857F}.Debug|x64.Build.0 = Debug|x64
		{F9AF8227-170C-481A-AE15-C48E79B3857F}.Debug|x86.ActiveCfg = Debug|Any CPU
		{F9AF8227-170C-481A-AE15-C48E79B3857F}.Debug|x86.Build.0 = Debug|Any CPU
		{F9AF8227-170C-481A-AE15-C48E79B3857F}.Release|Any CPU.ActiveCfg = Release|Any CPU
		{F9AF8227-170C-481A-AE15-C48E79B3857F}.Release|Any CPU.Build.0 = Release|Any CPU
		{F9AF8227-170C-481A-AE15-C48E79B3857F}.Release|x64.ActiveCfg = Release|x64
		{F9AF8227-170C-481A-AE15-C48E79B3857F}.Release|x64.Build.0 = Release|x64
		{F9AF8227-170C-481A-AE15-C48E79B3857F}.Release|x86.ActiveCfg = Release|Any CPU
		{F9AF8227-170C-481A-AE15-C48E79B3857F}.Release|x86.Build.0 = Release|Any CPU
		{63AE1470-D005-4F27-A9CE-27F8B47FE657}.Debug|Any CPU.ActiveCfg = Debug|Any CPU
		{63AE1470-D005-4F27-A9CE-27F8B47FE657}.Debug|Any CPU.Build.0 = Debug|Any CPU
		{63AE1470-D005-4F27-A9CE-27F8B47FE657}.Debug|x64.ActiveCfg = Debug|x64
		{63AE1470-D005-4F27-A9CE-27F8B47FE657}.Debug|x64.Build.0 = Debug|x64
		{63AE1470-D005-4F27-A9CE-27F8B47FE657}.Debug|x86.ActiveCfg = Debug|Any CPU
		{63AE1470-D005-4F27-A9CE-27F8B47FE657}.Debug|x86.Build.0 = Debug|Any CPU
		{63AE1470-D005-4F27-A9CE-27F8B47FE657}.Release|Any CPU.ActiveCfg = Release|Any CPU
		{63AE1470-D005-4F27-A9CE-27F8B47FE657}.Release|Any CPU.Build.0 = Release|Any CPU
		{63AE1470-D005-4F27-A9CE-27F8B47FE657}.Release|x64.ActiveCfg = Release|x64
		{63AE1470-D005-4F27-A9CE-27F8B47FE657}.Release|x64.Build.0 = Release|x64
		{63AE1470-D005-4F27-A9CE-27F8B47FE657}.Release|x86.ActiveCfg = Release|Any CPU
		{63AE1470-D005-4F27-A9CE-27F8B47FE657}.Release|x86.Build.0 = Release|Any CPU
		{545943D3-C6D1-4606-B524-6CE3A1B669A0}.Debug|Any CPU.ActiveCfg = Debug|Any CPU
		{545943D3-C6D1-4606-B524-6CE3A1B669A0}.Debug|Any CPU.Build.0 = Debug|Any CPU
		{545943D3-C6D1-4606-B524-6CE3A1B669A0}.Debug|x64.ActiveCfg = Debug|x64
		{545943D3-C6D1-4606-B524-6CE3A1B669A0}.Debug|x64.Build.0 = Debug|x64
		{545943D3-C6D1-4606-B524-6CE3A1B669A0}.Debug|x86.ActiveCfg = Debug|Any CPU
		{545943D3-C6D1-4606-B524-6CE3A1B669A0}.Debug|x86.Build.0 = Debug|Any CPU
		{545943D3-C6D1-4606-B524-6CE3A1B669A0}.Release|Any CPU.ActiveCfg = Release|Any CPU
		{545943D3-C6D1-4606-B524-6CE3A1B669A0}.Release|Any CPU.Build.0 = Release|Any CPU
		{545943D3-C6D1-4606-B524-6CE3A1B669A0}.Release|x64.ActiveCfg = Release|x64
		{545943D3-C6D1-4606-B524-6CE3A1B669A0}.Release|x64.Build.0 = Release|x64
		{545943D3-C6D1-4606-B524-6CE3A1B669A0}.Release|x86.ActiveCfg = Release|Any CPU
		{545943D3-C6D1-4606-B524-6CE3A1B669A0}.Release|x86.Build.0 = Release|Any CPU
		{BC582CC6-F4B3-4BA4-A22E-F77AC7A8478A}.Debug|Any CPU.ActiveCfg = Debug|Any CPU
		{BC582CC6-F4B3-4BA4-A22E-F77AC7A8478A}.Debug|Any CPU.Build.0 = Debug|Any CPU
		{BC582CC6-F4B3-4BA4-A22E-F77AC7A8478A}.Debug|x64.ActiveCfg = Debug|x64
		{BC582CC6-F4B3-4BA4-A22E-F77AC7A8478A}.Debug|x64.Build.0 = Debug|x64
		{BC582CC6-F4B3-4BA4-A22E-F77AC7A8478A}.Debug|x86.ActiveCfg = Debug|Any CPU
		{BC582CC6-F4B3-4BA4-A22E-F77AC7A8478A}.Debug|x86.Build.0 = Debug|Any CPU
		{BC582CC6-F4B3-4BA4-A22E-F77AC7A8478A}.Release|Any CPU.ActiveCfg = Release|Any CPU
		{BC582CC6-F4B3-4BA4-A22E-F77AC7A8478A}.Release|Any CPU.Build.0 = Release|Any CPU
		{BC582CC6-F4B3-4BA4-A22E-F77AC7A8478A}.Release|x64.ActiveCfg = Release|x64
		{BC582CC6-F4B3-4BA4-A22E-F77AC7A8478A}.Release|x64.Build.0 = Release|x64
		{BC582CC6-F4B3-4BA4-A22E-F77AC7A8478A}.Release|x86.ActiveCfg = Release|Any CPU
		{BC582CC6-F4B3-4BA4-A22E-F77AC7A8478A}.Release|x86.Build.0 = Release|Any CPU
		{51FA56DA-B62D-4AD5-9EE5-9DE41387D520}.Debug|Any CPU.ActiveCfg = Debug|Any CPU
		{51FA56DA-B62D-4AD5-9EE5-9DE41387D520}.Debug|Any CPU.Build.0 = Debug|Any CPU
		{51FA56DA-B62D-4AD5-9EE5-9DE41387D520}.Debug|x64.ActiveCfg = Debug|x64
		{51FA56DA-B62D-4AD5-9EE5-9DE41387D520}.Debug|x64.Build.0 = Debug|x64
		{51FA56DA-B62D-4AD5-9EE5-9DE41387D520}.Debug|x86.ActiveCfg = Debug|Any CPU
		{51FA56DA-B62D-4AD5-9EE5-9DE41387D520}.Debug|x86.Build.0 = Debug|Any CPU
		{51FA56DA-B62D-4AD5-9EE5-9DE41387D520}.Release|Any CPU.ActiveCfg = Release|Any CPU
		{51FA56DA-B62D-4AD5-9EE5-9DE41387D520}.Release|Any CPU.Build.0 = Release|Any CPU
		{51FA56DA-B62D-4AD5-9EE5-9DE41387D520}.Release|x64.ActiveCfg = Release|x64
		{51FA56DA-B62D-4AD5-9EE5-9DE41387D520}.Release|x64.Build.0 = Release|x64
		{51FA56DA-B62D-4AD5-9EE5-9DE41387D520}.Release|x86.ActiveCfg = Release|Any CPU
		{51FA56DA-B62D-4AD5-9EE5-9DE41387D520}.Release|x86.Build.0 = Release|Any CPU
		{AE977DEC-4801-4ACE-B5EE-DD4DAA5868AF}.Debug|Any CPU.ActiveCfg = Debug|Any CPU
		{AE977DEC-4801-4ACE-B5EE-DD4DAA5868AF}.Debug|Any CPU.Build.0 = Debug|Any CPU
		{AE977DEC-4801-4ACE-B5EE-DD4DAA5868AF}.Debug|x64.ActiveCfg = Debug|x64
		{AE977DEC-4801-4ACE-B5EE-DD4DAA5868AF}.Debug|x64.Build.0 = Debug|x64
		{AE977DEC-4801-4ACE-B5EE-DD4DAA5868AF}.Debug|x86.ActiveCfg = Debug|Any CPU
		{AE977DEC-4801-4ACE-B5EE-DD4DAA5868AF}.Debug|x86.Build.0 = Debug|Any CPU
		{AE977DEC-4801-4ACE-B5EE-DD4DAA5868AF}.Release|Any CPU.ActiveCfg = Release|Any CPU
		{AE977DEC-4801-4ACE-B5EE-DD4DAA5868AF}.Release|Any CPU.Build.0 = Release|Any CPU
		{AE977DEC-4801-4ACE-B5EE-DD4DAA5868AF}.Release|x64.ActiveCfg = Release|x64
		{AE977DEC-4801-4ACE-B5EE-DD4DAA5868AF}.Release|x64.Build.0 = Release|x64
		{AE977DEC-4801-4ACE-B5EE-DD4DAA5868AF}.Release|x86.ActiveCfg = Release|Any CPU
		{AE977DEC-4801-4ACE-B5EE-DD4DAA5868AF}.Release|x86.Build.0 = Release|Any CPU
		{A49BB840-EC12-4A00-A875-DEB65CA9D582}.Debug|Any CPU.ActiveCfg = Debug|Any CPU
		{A49BB840-EC12-4A00-A875-DEB65CA9D582}.Debug|Any CPU.Build.0 = Debug|Any CPU
		{A49BB840-EC12-4A00-A875-DEB65CA9D582}.Debug|x64.ActiveCfg = Debug|x64
		{A49BB840-EC12-4A00-A875-DEB65CA9D582}.Debug|x64.Build.0 = Debug|x64
		{A49BB840-EC12-4A00-A875-DEB65CA9D582}.Debug|x86.ActiveCfg = Debug|Any CPU
		{A49BB840-EC12-4A00-A875-DEB65CA9D582}.Debug|x86.Build.0 = Debug|Any CPU
		{A49BB840-EC12-4A00-A875-DEB65CA9D582}.Release|Any CPU.ActiveCfg = Release|Any CPU
		{A49BB840-EC12-4A00-A875-DEB65CA9D582}.Release|Any CPU.Build.0 = Release|Any CPU
		{A49BB840-EC12-4A00-A875-DEB65CA9D582}.Release|x64.ActiveCfg = Release|x64
		{A49BB840-EC12-4A00-A875-DEB65CA9D582}.Release|x64.Build.0 = Release|x64
		{A49BB840-EC12-4A00-A875-DEB65CA9D582}.Release|x86.ActiveCfg = Release|Any CPU
		{A49BB840-EC12-4A00-A875-DEB65CA9D582}.Release|x86.Build.0 = Release|Any CPU
		{1223478B-33E5-4C2A-8F8F-95673930E0B2}.Debug|Any CPU.ActiveCfg = Debug|Any CPU
		{1223478B-33E5-4C2A-8F8F-95673930E0B2}.Debug|Any CPU.Build.0 = Debug|Any CPU
		{1223478B-33E5-4C2A-8F8F-95673930E0B2}.Debug|x64.ActiveCfg = Debug|x64
		{1223478B-33E5-4C2A-8F8F-95673930E0B2}.Debug|x64.Build.0 = Debug|x64
		{1223478B-33E5-4C2A-8F8F-95673930E0B2}.Debug|x86.ActiveCfg = Debug|Any CPU
		{1223478B-33E5-4C2A-8F8F-95673930E0B2}.Debug|x86.Build.0 = Debug|Any CPU
		{1223478B-33E5-4C2A-8F8F-95673930E0B2}.Release|Any CPU.ActiveCfg = Release|Any CPU
		{1223478B-33E5-4C2A-8F8F-95673930E0B2}.Release|Any CPU.Build.0 = Release|Any CPU
		{1223478B-33E5-4C2A-8F8F-95673930E0B2}.Release|x64.ActiveCfg = Release|x64
		{1223478B-33E5-4C2A-8F8F-95673930E0B2}.Release|x64.Build.0 = Release|x64
		{1223478B-33E5-4C2A-8F8F-95673930E0B2}.Release|x86.ActiveCfg = Release|Any CPU
		{1223478B-33E5-4C2A-8F8F-95673930E0B2}.Release|x86.Build.0 = Release|Any CPU
		{6B0DC340-47BF-40A7-B113-B57851640940}.Debug|Any CPU.ActiveCfg = Debug|Any CPU
		{6B0DC340-47BF-40A7-B113-B57851640940}.Debug|Any CPU.Build.0 = Debug|Any CPU
		{6B0DC340-47BF-40A7-B113-B57851640940}.Debug|x64.ActiveCfg = Debug|x64
		{6B0DC340-47BF-40A7-B113-B57851640940}.Debug|x64.Build.0 = Debug|x64
		{6B0DC340-47BF-40A7-B113-B57851640940}.Debug|x86.ActiveCfg = Debug|Any CPU
		{6B0DC340-47BF-40A7-B113-B57851640940}.Debug|x86.Build.0 = Debug|Any CPU
		{6B0DC340-47BF-40A7-B113-B57851640940}.Release|Any CPU.ActiveCfg = Release|Any CPU
		{6B0DC340-47BF-40A7-B113-B57851640940}.Release|Any CPU.Build.0 = Release|Any CPU
		{6B0DC340-47BF-40A7-B113-B57851640940}.Release|x64.ActiveCfg = Release|x64
		{6B0DC340-47BF-40A7-B113-B57851640940}.Release|x64.Build.0 = Release|x64
		{6B0DC340-47BF-40A7-B113-B57851640940}.Release|x86.ActiveCfg = Release|Any CPU
		{6B0DC340-47BF-40A7-B113-B57851640940}.Release|x86.Build.0 = Release|Any CPU
		{3A9DCCF8-5936-441D-A472-F7575A97EC9C}.Debug|Any CPU.ActiveCfg = Debug|Any CPU
		{3A9DCCF8-5936-441D-A472-F7575A97EC9C}.Debug|Any CPU.Build.0 = Debug|Any CPU
		{3A9DCCF8-5936-441D-A472-F7575A97EC9C}.Debug|x64.ActiveCfg = Debug|x64
		{3A9DCCF8-5936-441D-A472-F7575A97EC9C}.Debug|x64.Build.0 = Debug|x64
		{3A9DCCF8-5936-441D-A472-F7575A97EC9C}.Debug|x86.ActiveCfg = Debug|Any CPU
		{3A9DCCF8-5936-441D-A472-F7575A97EC9C}.Debug|x86.Build.0 = Debug|Any CPU
		{3A9DCCF8-5936-441D-A472-F7575A97EC9C}.Release|Any CPU.ActiveCfg = Release|Any CPU
		{3A9DCCF8-5936-441D-A472-F7575A97EC9C}.Release|Any CPU.Build.0 = Release|Any CPU
		{3A9DCCF8-5936-441D-A472-F7575A97EC9C}.Release|x64.ActiveCfg = Release|x64
		{3A9DCCF8-5936-441D-A472-F7575A97EC9C}.Release|x64.Build.0 = Release|x64
		{3A9DCCF8-5936-441D-A472-F7575A97EC9C}.Release|x86.ActiveCfg = Release|Any CPU
		{3A9DCCF8-5936-441D-A472-F7575A97EC9C}.Release|x86.Build.0 = Release|Any CPU
		{E9957BAA-59B2-4018-967B-E1571CBE3094}.Debug|Any CPU.ActiveCfg = Debug|Any CPU
		{E9957BAA-59B2-4018-967B-E1571CBE3094}.Debug|Any CPU.Build.0 = Debug|Any CPU
		{E9957BAA-59B2-4018-967B-E1571CBE3094}.Debug|x64.ActiveCfg = Debug|x64
		{E9957BAA-59B2-4018-967B-E1571CBE3094}.Debug|x64.Build.0 = Debug|x64
		{E9957BAA-59B2-4018-967B-E1571CBE3094}.Debug|x86.ActiveCfg = Debug|Any CPU
		{E9957BAA-59B2-4018-967B-E1571CBE3094}.Debug|x86.Build.0 = Debug|Any CPU
		{E9957BAA-59B2-4018-967B-E1571CBE3094}.Release|Any CPU.ActiveCfg = Release|Any CPU
		{E9957BAA-59B2-4018-967B-E1571CBE3094}.Release|Any CPU.Build.0 = Release|Any CPU
		{E9957BAA-59B2-4018-967B-E1571CBE3094}.Release|x64.ActiveCfg = Release|x64
		{E9957BAA-59B2-4018-967B-E1571CBE3094}.Release|x64.Build.0 = Release|x64
		{E9957BAA-59B2-4018-967B-E1571CBE3094}.Release|x86.ActiveCfg = Release|Any CPU
		{E9957BAA-59B2-4018-967B-E1571CBE3094}.Release|x86.Build.0 = Release|Any CPU
		{9BD16CF7-8129-4047-81A9-EC5E46826D4C}.Debug|Any CPU.ActiveCfg = Debug|Any CPU
		{9BD16CF7-8129-4047-81A9-EC5E46826D4C}.Debug|Any CPU.Build.0 = Debug|Any CPU
		{9BD16CF7-8129-4047-81A9-EC5E46826D4C}.Debug|x64.ActiveCfg = Debug|x64
		{9BD16CF7-8129-4047-81A9-EC5E46826D4C}.Debug|x64.Build.0 = Debug|x64
		{9BD16CF7-8129-4047-81A9-EC5E46826D4C}.Debug|x86.ActiveCfg = Debug|Any CPU
		{9BD16CF7-8129-4047-81A9-EC5E46826D4C}.Debug|x86.Build.0 = Debug|Any CPU
		{9BD16CF7-8129-4047-81A9-EC5E46826D4C}.Release|Any CPU.ActiveCfg = Release|Any CPU
		{9BD16CF7-8129-4047-81A9-EC5E46826D4C}.Release|Any CPU.Build.0 = Release|Any CPU
		{9BD16CF7-8129-4047-81A9-EC5E46826D4C}.Release|x64.ActiveCfg = Release|x64
		{9BD16CF7-8129-4047-81A9-EC5E46826D4C}.Release|x64.Build.0 = Release|x64
		{9BD16CF7-8129-4047-81A9-EC5E46826D4C}.Release|x86.ActiveCfg = Release|Any CPU
		{9BD16CF7-8129-4047-81A9-EC5E46826D4C}.Release|x86.Build.0 = Release|Any CPU
		{B26B6019-F970-4F26-965E-92FC7D4D28A9}.Debug|Any CPU.ActiveCfg = Debug|Any CPU
		{B26B6019-F970-4F26-965E-92FC7D4D28A9}.Debug|Any CPU.Build.0 = Debug|Any CPU
		{B26B6019-F970-4F26-965E-92FC7D4D28A9}.Debug|x64.ActiveCfg = Debug|x64
		{B26B6019-F970-4F26-965E-92FC7D4D28A9}.Debug|x64.Build.0 = Debug|x64
		{B26B6019-F970-4F26-965E-92FC7D4D28A9}.Debug|x86.ActiveCfg = Debug|Any CPU
		{B26B6019-F970-4F26-965E-92FC7D4D28A9}.Debug|x86.Build.0 = Debug|Any CPU
		{B26B6019-F970-4F26-965E-92FC7D4D28A9}.Release|Any CPU.ActiveCfg = Release|Any CPU
		{B26B6019-F970-4F26-965E-92FC7D4D28A9}.Release|Any CPU.Build.0 = Release|Any CPU
		{B26B6019-F970-4F26-965E-92FC7D4D28A9}.Release|x64.ActiveCfg = Release|x64
		{B26B6019-F970-4F26-965E-92FC7D4D28A9}.Release|x64.Build.0 = Release|x64
		{B26B6019-F970-4F26-965E-92FC7D4D28A9}.Release|x86.ActiveCfg = Release|Any CPU
		{B26B6019-F970-4F26-965E-92FC7D4D28A9}.Release|x86.Build.0 = Release|Any CPU
		{3BF6F369-5D61-44AF-81C1-DB0770811712}.Debug|Any CPU.ActiveCfg = Debug|Any CPU
		{3BF6F369-5D61-44AF-81C1-DB0770811712}.Debug|Any CPU.Build.0 = Debug|Any CPU
		{3BF6F369-5D61-44AF-81C1-DB0770811712}.Debug|x64.ActiveCfg = Debug|x64
		{3BF6F369-5D61-44AF-81C1-DB0770811712}.Debug|x64.Build.0 = Debug|x64
		{3BF6F369-5D61-44AF-81C1-DB0770811712}.Debug|x86.ActiveCfg = Debug|Any CPU
		{3BF6F369-5D61-44AF-81C1-DB0770811712}.Debug|x86.Build.0 = Debug|Any CPU
		{3BF6F369-5D61-44AF-81C1-DB0770811712}.Release|Any CPU.ActiveCfg = Release|Any CPU
		{3BF6F369-5D61-44AF-81C1-DB0770811712}.Release|Any CPU.Build.0 = Release|Any CPU
		{3BF6F369-5D61-44AF-81C1-DB0770811712}.Release|x64.ActiveCfg = Release|x64
		{3BF6F369-5D61-44AF-81C1-DB0770811712}.Release|x64.Build.0 = Release|x64
		{3BF6F369-5D61-44AF-81C1-DB0770811712}.Release|x86.ActiveCfg = Release|Any CPU
		{3BF6F369-5D61-44AF-81C1-DB0770811712}.Release|x86.Build.0 = Release|Any CPU
		{D97400A2-A87F-4B07-A522-76415FF76B70}.Debug|Any CPU.ActiveCfg = Debug|Any CPU
		{D97400A2-A87F-4B07-A522-76415FF76B70}.Debug|Any CPU.Build.0 = Debug|Any CPU
		{D97400A2-A87F-4B07-A522-76415FF76B70}.Debug|x64.ActiveCfg = Debug|x64
		{D97400A2-A87F-4B07-A522-76415FF76B70}.Debug|x64.Build.0 = Debug|x64
		{D97400A2-A87F-4B07-A522-76415FF76B70}.Debug|x86.ActiveCfg = Debug|Any CPU
		{D97400A2-A87F-4B07-A522-76415FF76B70}.Debug|x86.Build.0 = Debug|Any CPU
		{D97400A2-A87F-4B07-A522-76415FF76B70}.Release|Any CPU.ActiveCfg = Release|Any CPU
		{D97400A2-A87F-4B07-A522-76415FF76B70}.Release|Any CPU.Build.0 = Release|Any CPU
		{D97400A2-A87F-4B07-A522-76415FF76B70}.Release|x64.ActiveCfg = Release|x64
		{D97400A2-A87F-4B07-A522-76415FF76B70}.Release|x64.Build.0 = Release|x64
		{D97400A2-A87F-4B07-A522-76415FF76B70}.Release|x86.ActiveCfg = Release|Any CPU
		{D97400A2-A87F-4B07-A522-76415FF76B70}.Release|x86.Build.0 = Release|Any CPU
		{BAFD11FA-3304-45F2-8AFB-2A19295AA1F5}.Debug|Any CPU.ActiveCfg = Debug|Any CPU
		{BAFD11FA-3304-45F2-8AFB-2A19295AA1F5}.Debug|Any CPU.Build.0 = Debug|Any CPU
		{BAFD11FA-3304-45F2-8AFB-2A19295AA1F5}.Debug|x64.ActiveCfg = Debug|x64
		{BAFD11FA-3304-45F2-8AFB-2A19295AA1F5}.Debug|x64.Build.0 = Debug|x64
		{BAFD11FA-3304-45F2-8AFB-2A19295AA1F5}.Debug|x86.ActiveCfg = Debug|Any CPU
		{BAFD11FA-3304-45F2-8AFB-2A19295AA1F5}.Debug|x86.Build.0 = Debug|Any CPU
		{BAFD11FA-3304-45F2-8AFB-2A19295AA1F5}.Release|Any CPU.ActiveCfg = Release|Any CPU
		{BAFD11FA-3304-45F2-8AFB-2A19295AA1F5}.Release|Any CPU.Build.0 = Release|Any CPU
		{BAFD11FA-3304-45F2-8AFB-2A19295AA1F5}.Release|x64.ActiveCfg = Release|x64
		{BAFD11FA-3304-45F2-8AFB-2A19295AA1F5}.Release|x64.Build.0 = Release|x64
		{BAFD11FA-3304-45F2-8AFB-2A19295AA1F5}.Release|x86.ActiveCfg = Release|Any CPU
		{BAFD11FA-3304-45F2-8AFB-2A19295AA1F5}.Release|x86.Build.0 = Release|Any CPU
		{97E3A319-8844-4892-9544-B2CC26D4BB7C}.Debug|Any CPU.ActiveCfg = Debug|Any CPU
		{97E3A319-8844-4892-9544-B2CC26D4BB7C}.Debug|Any CPU.Build.0 = Debug|Any CPU
		{97E3A319-8844-4892-9544-B2CC26D4BB7C}.Debug|x64.ActiveCfg = Debug|x64
		{97E3A319-8844-4892-9544-B2CC26D4BB7C}.Debug|x64.Build.0 = Debug|x64
		{97E3A319-8844-4892-9544-B2CC26D4BB7C}.Debug|x86.ActiveCfg = Debug|Any CPU
		{97E3A319-8844-4892-9544-B2CC26D4BB7C}.Debug|x86.Build.0 = Debug|Any CPU
		{97E3A319-8844-4892-9544-B2CC26D4BB7C}.Release|Any CPU.ActiveCfg = Release|Any CPU
		{97E3A319-8844-4892-9544-B2CC26D4BB7C}.Release|Any CPU.Build.0 = Release|Any CPU
		{97E3A319-8844-4892-9544-B2CC26D4BB7C}.Release|x64.ActiveCfg = Release|x64
		{97E3A319-8844-4892-9544-B2CC26D4BB7C}.Release|x64.Build.0 = Release|x64
		{97E3A319-8844-4892-9544-B2CC26D4BB7C}.Release|x86.ActiveCfg = Release|Any CPU
		{97E3A319-8844-4892-9544-B2CC26D4BB7C}.Release|x86.Build.0 = Release|Any CPU
		{A8422B92-B108-4682-A1A7-9117365821FA}.Debug|Any CPU.ActiveCfg = Debug|Any CPU
		{A8422B92-B108-4682-A1A7-9117365821FA}.Debug|Any CPU.Build.0 = Debug|Any CPU
		{A8422B92-B108-4682-A1A7-9117365821FA}.Debug|x64.ActiveCfg = Debug|x64
		{A8422B92-B108-4682-A1A7-9117365821FA}.Debug|x64.Build.0 = Debug|x64
		{A8422B92-B108-4682-A1A7-9117365821FA}.Debug|x86.ActiveCfg = Debug|Any CPU
		{A8422B92-B108-4682-A1A7-9117365821FA}.Debug|x86.Build.0 = Debug|Any CPU
		{A8422B92-B108-4682-A1A7-9117365821FA}.Release|Any CPU.ActiveCfg = Release|Any CPU
		{A8422B92-B108-4682-A1A7-9117365821FA}.Release|Any CPU.Build.0 = Release|Any CPU
		{A8422B92-B108-4682-A1A7-9117365821FA}.Release|x64.ActiveCfg = Release|x64
		{A8422B92-B108-4682-A1A7-9117365821FA}.Release|x64.Build.0 = Release|x64
		{A8422B92-B108-4682-A1A7-9117365821FA}.Release|x86.ActiveCfg = Release|Any CPU
		{A8422B92-B108-4682-A1A7-9117365821FA}.Release|x86.Build.0 = Release|Any CPU
		{5D568071-7EAA-47FD-897A-80D9634FB109}.Debug|Any CPU.ActiveCfg = Debug|Any CPU
		{5D568071-7EAA-47FD-897A-80D9634FB109}.Debug|Any CPU.Build.0 = Debug|Any CPU
		{5D568071-7EAA-47FD-897A-80D9634FB109}.Debug|x64.ActiveCfg = Debug|x64
		{5D568071-7EAA-47FD-897A-80D9634FB109}.Debug|x64.Build.0 = Debug|x64
		{5D568071-7EAA-47FD-897A-80D9634FB109}.Debug|x86.ActiveCfg = Debug|Any CPU
		{5D568071-7EAA-47FD-897A-80D9634FB109}.Debug|x86.Build.0 = Debug|Any CPU
		{5D568071-7EAA-47FD-897A-80D9634FB109}.Release|Any CPU.ActiveCfg = Release|Any CPU
		{5D568071-7EAA-47FD-897A-80D9634FB109}.Release|Any CPU.Build.0 = Release|Any CPU
		{5D568071-7EAA-47FD-897A-80D9634FB109}.Release|x64.ActiveCfg = Release|x64
		{5D568071-7EAA-47FD-897A-80D9634FB109}.Release|x64.Build.0 = Release|x64
		{5D568071-7EAA-47FD-897A-80D9634FB109}.Release|x86.ActiveCfg = Release|Any CPU
		{5D568071-7EAA-47FD-897A-80D9634FB109}.Release|x86.Build.0 = Release|Any CPU
		{6941A368-144D-4985-9E1A-486C0D9B94A7}.Debug|Any CPU.ActiveCfg = Debug|Any CPU
		{6941A368-144D-4985-9E1A-486C0D9B94A7}.Debug|Any CPU.Build.0 = Debug|Any CPU
		{6941A368-144D-4985-9E1A-486C0D9B94A7}.Debug|x64.ActiveCfg = Debug|x64
		{6941A368-144D-4985-9E1A-486C0D9B94A7}.Debug|x64.Build.0 = Debug|x64
		{6941A368-144D-4985-9E1A-486C0D9B94A7}.Debug|x86.ActiveCfg = Debug|Any CPU
		{6941A368-144D-4985-9E1A-486C0D9B94A7}.Debug|x86.Build.0 = Debug|Any CPU
		{6941A368-144D-4985-9E1A-486C0D9B94A7}.Release|Any CPU.ActiveCfg = Release|Any CPU
		{6941A368-144D-4985-9E1A-486C0D9B94A7}.Release|Any CPU.Build.0 = Release|Any CPU
		{6941A368-144D-4985-9E1A-486C0D9B94A7}.Release|x64.ActiveCfg = Release|x64
		{6941A368-144D-4985-9E1A-486C0D9B94A7}.Release|x64.Build.0 = Release|x64
		{6941A368-144D-4985-9E1A-486C0D9B94A7}.Release|x86.ActiveCfg = Release|Any CPU
		{6941A368-144D-4985-9E1A-486C0D9B94A7}.Release|x86.Build.0 = Release|Any CPU
		{4F788D88-B16F-4E77-B82F-256B9E26B0BB}.Debug|Any CPU.ActiveCfg = Debug|Any CPU
		{4F788D88-B16F-4E77-B82F-256B9E26B0BB}.Debug|Any CPU.Build.0 = Debug|Any CPU
		{4F788D88-B16F-4E77-B82F-256B9E26B0BB}.Debug|x64.ActiveCfg = Debug|x64
		{4F788D88-B16F-4E77-B82F-256B9E26B0BB}.Debug|x64.Build.0 = Debug|x64
		{4F788D88-B16F-4E77-B82F-256B9E26B0BB}.Debug|x86.ActiveCfg = Debug|Any CPU
		{4F788D88-B16F-4E77-B82F-256B9E26B0BB}.Debug|x86.Build.0 = Debug|Any CPU
		{4F788D88-B16F-4E77-B82F-256B9E26B0BB}.Release|Any CPU.ActiveCfg = Release|Any CPU
		{4F788D88-B16F-4E77-B82F-256B9E26B0BB}.Release|Any CPU.Build.0 = Release|Any CPU
		{4F788D88-B16F-4E77-B82F-256B9E26B0BB}.Release|x64.ActiveCfg = Release|x64
		{4F788D88-B16F-4E77-B82F-256B9E26B0BB}.Release|x64.Build.0 = Release|x64
		{4F788D88-B16F-4E77-B82F-256B9E26B0BB}.Release|x86.ActiveCfg = Release|Any CPU
		{4F788D88-B16F-4E77-B82F-256B9E26B0BB}.Release|x86.Build.0 = Release|Any CPU
		{A40C4C35-60E6-43DC-A69E-B18EA46EB53B}.Debug|Any CPU.ActiveCfg = Debug|Any CPU
		{A40C4C35-60E6-43DC-A69E-B18EA46EB53B}.Debug|Any CPU.Build.0 = Debug|Any CPU
		{A40C4C35-60E6-43DC-A69E-B18EA46EB53B}.Debug|x64.ActiveCfg = Debug|x64
		{A40C4C35-60E6-43DC-A69E-B18EA46EB53B}.Debug|x64.Build.0 = Debug|x64
		{A40C4C35-60E6-43DC-A69E-B18EA46EB53B}.Debug|x86.ActiveCfg = Debug|Any CPU
		{A40C4C35-60E6-43DC-A69E-B18EA46EB53B}.Debug|x86.Build.0 = Debug|Any CPU
		{A40C4C35-60E6-43DC-A69E-B18EA46EB53B}.Release|Any CPU.ActiveCfg = Release|Any CPU
		{A40C4C35-60E6-43DC-A69E-B18EA46EB53B}.Release|Any CPU.Build.0 = Release|Any CPU
		{A40C4C35-60E6-43DC-A69E-B18EA46EB53B}.Release|x64.ActiveCfg = Release|x64
		{A40C4C35-60E6-43DC-A69E-B18EA46EB53B}.Release|x64.Build.0 = Release|x64
		{A40C4C35-60E6-43DC-A69E-B18EA46EB53B}.Release|x86.ActiveCfg = Release|Any CPU
		{A40C4C35-60E6-43DC-A69E-B18EA46EB53B}.Release|x86.Build.0 = Release|Any CPU
		{64E07981-6A02-49A8-8539-B221695CD52D}.Debug|Any CPU.ActiveCfg = Debug|Any CPU
		{64E07981-6A02-49A8-8539-B221695CD52D}.Debug|Any CPU.Build.0 = Debug|Any CPU
		{64E07981-6A02-49A8-8539-B221695CD52D}.Debug|x64.ActiveCfg = Debug|x64
		{64E07981-6A02-49A8-8539-B221695CD52D}.Debug|x64.Build.0 = Debug|x64
		{64E07981-6A02-49A8-8539-B221695CD52D}.Debug|x86.ActiveCfg = Debug|Any CPU
		{64E07981-6A02-49A8-8539-B221695CD52D}.Debug|x86.Build.0 = Debug|Any CPU
		{64E07981-6A02-49A8-8539-B221695CD52D}.Release|Any CPU.ActiveCfg = Release|Any CPU
		{64E07981-6A02-49A8-8539-B221695CD52D}.Release|Any CPU.Build.0 = Release|Any CPU
		{64E07981-6A02-49A8-8539-B221695CD52D}.Release|x64.ActiveCfg = Release|x64
		{64E07981-6A02-49A8-8539-B221695CD52D}.Release|x64.Build.0 = Release|x64
		{64E07981-6A02-49A8-8539-B221695CD52D}.Release|x86.ActiveCfg = Release|Any CPU
		{64E07981-6A02-49A8-8539-B221695CD52D}.Release|x86.Build.0 = Release|Any CPU
		{B3475549-5028-416A-A024-69F47507E46E}.Debug|Any CPU.ActiveCfg = Debug|Any CPU
		{B3475549-5028-416A-A024-69F47507E46E}.Debug|Any CPU.Build.0 = Debug|Any CPU
		{B3475549-5028-416A-A024-69F47507E46E}.Debug|x64.ActiveCfg = Debug|x64
		{B3475549-5028-416A-A024-69F47507E46E}.Debug|x64.Build.0 = Debug|x64
		{B3475549-5028-416A-A024-69F47507E46E}.Debug|x86.ActiveCfg = Debug|Any CPU
		{B3475549-5028-416A-A024-69F47507E46E}.Debug|x86.Build.0 = Debug|Any CPU
		{B3475549-5028-416A-A024-69F47507E46E}.Release|Any CPU.ActiveCfg = Release|Any CPU
		{B3475549-5028-416A-A024-69F47507E46E}.Release|Any CPU.Build.0 = Release|Any CPU
		{B3475549-5028-416A-A024-69F47507E46E}.Release|x64.ActiveCfg = Release|x64
		{B3475549-5028-416A-A024-69F47507E46E}.Release|x64.Build.0 = Release|x64
		{B3475549-5028-416A-A024-69F47507E46E}.Release|x86.ActiveCfg = Release|Any CPU
		{B3475549-5028-416A-A024-69F47507E46E}.Release|x86.Build.0 = Release|Any CPU
		{C0924494-D073-40DF-AD47-12BDA363408E}.Debug|Any CPU.ActiveCfg = Debug|Any CPU
		{C0924494-D073-40DF-AD47-12BDA363408E}.Debug|Any CPU.Build.0 = Debug|Any CPU
		{C0924494-D073-40DF-AD47-12BDA363408E}.Debug|x64.ActiveCfg = Debug|x64
		{C0924494-D073-40DF-AD47-12BDA363408E}.Debug|x64.Build.0 = Debug|x64
		{C0924494-D073-40DF-AD47-12BDA363408E}.Debug|x86.ActiveCfg = Debug|Any CPU
		{C0924494-D073-40DF-AD47-12BDA363408E}.Debug|x86.Build.0 = Debug|Any CPU
		{C0924494-D073-40DF-AD47-12BDA363408E}.Release|Any CPU.ActiveCfg = Release|Any CPU
		{C0924494-D073-40DF-AD47-12BDA363408E}.Release|Any CPU.Build.0 = Release|Any CPU
		{C0924494-D073-40DF-AD47-12BDA363408E}.Release|x64.ActiveCfg = Release|x64
		{C0924494-D073-40DF-AD47-12BDA363408E}.Release|x64.Build.0 = Release|x64
		{C0924494-D073-40DF-AD47-12BDA363408E}.Release|x86.ActiveCfg = Release|Any CPU
		{C0924494-D073-40DF-AD47-12BDA363408E}.Release|x86.Build.0 = Release|Any CPU
		{69CD07E6-45BA-4793-AA6F-5D74AB49B1A5}.Debug|Any CPU.ActiveCfg = Debug|Any CPU
		{69CD07E6-45BA-4793-AA6F-5D74AB49B1A5}.Debug|Any CPU.Build.0 = Debug|Any CPU
		{69CD07E6-45BA-4793-AA6F-5D74AB49B1A5}.Debug|x64.ActiveCfg = Debug|x64
		{69CD07E6-45BA-4793-AA6F-5D74AB49B1A5}.Debug|x64.Build.0 = Debug|x64
		{69CD07E6-45BA-4793-AA6F-5D74AB49B1A5}.Debug|x86.ActiveCfg = Debug|Any CPU
		{69CD07E6-45BA-4793-AA6F-5D74AB49B1A5}.Debug|x86.Build.0 = Debug|Any CPU
		{69CD07E6-45BA-4793-AA6F-5D74AB49B1A5}.Release|Any CPU.ActiveCfg = Release|Any CPU
		{69CD07E6-45BA-4793-AA6F-5D74AB49B1A5}.Release|Any CPU.Build.0 = Release|Any CPU
		{69CD07E6-45BA-4793-AA6F-5D74AB49B1A5}.Release|x64.ActiveCfg = Release|x64
		{69CD07E6-45BA-4793-AA6F-5D74AB49B1A5}.Release|x64.Build.0 = Release|x64
		{69CD07E6-45BA-4793-AA6F-5D74AB49B1A5}.Release|x86.ActiveCfg = Release|Any CPU
		{69CD07E6-45BA-4793-AA6F-5D74AB49B1A5}.Release|x86.Build.0 = Release|Any CPU
		{E3D925D1-F37C-49E0-9531-53A37E1C198B}.Debug|Any CPU.ActiveCfg = Debug|Any CPU
		{E3D925D1-F37C-49E0-9531-53A37E1C198B}.Debug|Any CPU.Build.0 = Debug|Any CPU
		{E3D925D1-F37C-49E0-9531-53A37E1C198B}.Debug|x64.ActiveCfg = Debug|x64
		{E3D925D1-F37C-49E0-9531-53A37E1C198B}.Debug|x64.Build.0 = Debug|x64
		{E3D925D1-F37C-49E0-9531-53A37E1C198B}.Debug|x86.ActiveCfg = Debug|Any CPU
		{E3D925D1-F37C-49E0-9531-53A37E1C198B}.Debug|x86.Build.0 = Debug|Any CPU
		{E3D925D1-F37C-49E0-9531-53A37E1C198B}.Release|Any CPU.ActiveCfg = Release|Any CPU
		{E3D925D1-F37C-49E0-9531-53A37E1C198B}.Release|Any CPU.Build.0 = Release|Any CPU
		{E3D925D1-F37C-49E0-9531-53A37E1C198B}.Release|x64.ActiveCfg = Release|x64
		{E3D925D1-F37C-49E0-9531-53A37E1C198B}.Release|x64.Build.0 = Release|x64
		{E3D925D1-F37C-49E0-9531-53A37E1C198B}.Release|x86.ActiveCfg = Release|Any CPU
		{E3D925D1-F37C-49E0-9531-53A37E1C198B}.Release|x86.Build.0 = Release|Any CPU
		{5DF9E262-F95E-4989-87C6-7FBA1D2E09FA}.Debug|Any CPU.ActiveCfg = Debug|Any CPU
		{5DF9E262-F95E-4989-87C6-7FBA1D2E09FA}.Debug|Any CPU.Build.0 = Debug|Any CPU
		{5DF9E262-F95E-4989-87C6-7FBA1D2E09FA}.Debug|x64.ActiveCfg = Debug|x64
		{5DF9E262-F95E-4989-87C6-7FBA1D2E09FA}.Debug|x64.Build.0 = Debug|x64
		{5DF9E262-F95E-4989-87C6-7FBA1D2E09FA}.Debug|x86.ActiveCfg = Debug|Any CPU
		{5DF9E262-F95E-4989-87C6-7FBA1D2E09FA}.Debug|x86.Build.0 = Debug|Any CPU
		{5DF9E262-F95E-4989-87C6-7FBA1D2E09FA}.Release|Any CPU.ActiveCfg = Release|Any CPU
		{5DF9E262-F95E-4989-87C6-7FBA1D2E09FA}.Release|Any CPU.Build.0 = Release|Any CPU
		{5DF9E262-F95E-4989-87C6-7FBA1D2E09FA}.Release|x64.ActiveCfg = Release|x64
		{5DF9E262-F95E-4989-87C6-7FBA1D2E09FA}.Release|x64.Build.0 = Release|x64
		{5DF9E262-F95E-4989-87C6-7FBA1D2E09FA}.Release|x86.ActiveCfg = Release|Any CPU
		{5DF9E262-F95E-4989-87C6-7FBA1D2E09FA}.Release|x86.Build.0 = Release|Any CPU
		{02BAE7A7-0268-4D3D-9F7C-2E2D9B836647}.Debug|Any CPU.ActiveCfg = Debug|Any CPU
		{02BAE7A7-0268-4D3D-9F7C-2E2D9B836647}.Debug|Any CPU.Build.0 = Debug|Any CPU
		{02BAE7A7-0268-4D3D-9F7C-2E2D9B836647}.Debug|x64.ActiveCfg = Debug|x64
		{02BAE7A7-0268-4D3D-9F7C-2E2D9B836647}.Debug|x64.Build.0 = Debug|x64
		{02BAE7A7-0268-4D3D-9F7C-2E2D9B836647}.Debug|x86.ActiveCfg = Debug|Any CPU
		{02BAE7A7-0268-4D3D-9F7C-2E2D9B836647}.Debug|x86.Build.0 = Debug|Any CPU
		{02BAE7A7-0268-4D3D-9F7C-2E2D9B836647}.Release|Any CPU.ActiveCfg = Release|Any CPU
		{02BAE7A7-0268-4D3D-9F7C-2E2D9B836647}.Release|Any CPU.Build.0 = Release|Any CPU
		{02BAE7A7-0268-4D3D-9F7C-2E2D9B836647}.Release|x64.ActiveCfg = Release|x64
		{02BAE7A7-0268-4D3D-9F7C-2E2D9B836647}.Release|x64.Build.0 = Release|x64
		{02BAE7A7-0268-4D3D-9F7C-2E2D9B836647}.Release|x86.ActiveCfg = Release|Any CPU
		{02BAE7A7-0268-4D3D-9F7C-2E2D9B836647}.Release|x86.Build.0 = Release|Any CPU
		{76768903-8E58-4FEC-A5CB-6BC828B20EC9}.Debug|Any CPU.ActiveCfg = Debug|Any CPU
		{76768903-8E58-4FEC-A5CB-6BC828B20EC9}.Debug|Any CPU.Build.0 = Debug|Any CPU
		{76768903-8E58-4FEC-A5CB-6BC828B20EC9}.Debug|x64.ActiveCfg = Debug|x64
		{76768903-8E58-4FEC-A5CB-6BC828B20EC9}.Debug|x64.Build.0 = Debug|x64
		{76768903-8E58-4FEC-A5CB-6BC828B20EC9}.Debug|x86.ActiveCfg = Debug|Any CPU
		{76768903-8E58-4FEC-A5CB-6BC828B20EC9}.Debug|x86.Build.0 = Debug|Any CPU
		{76768903-8E58-4FEC-A5CB-6BC828B20EC9}.Release|Any CPU.ActiveCfg = Release|Any CPU
		{76768903-8E58-4FEC-A5CB-6BC828B20EC9}.Release|Any CPU.Build.0 = Release|Any CPU
		{76768903-8E58-4FEC-A5CB-6BC828B20EC9}.Release|x64.ActiveCfg = Release|x64
		{76768903-8E58-4FEC-A5CB-6BC828B20EC9}.Release|x64.Build.0 = Release|x64
		{76768903-8E58-4FEC-A5CB-6BC828B20EC9}.Release|x86.ActiveCfg = Release|Any CPU
		{76768903-8E58-4FEC-A5CB-6BC828B20EC9}.Release|x86.Build.0 = Release|Any CPU
		{9D85A553-A78F-4043-B7E7-86B16E4B846B}.Debug|Any CPU.ActiveCfg = Debug|Any CPU
		{9D85A553-A78F-4043-B7E7-86B16E4B846B}.Debug|Any CPU.Build.0 = Debug|Any CPU
		{9D85A553-A78F-4043-B7E7-86B16E4B846B}.Debug|x64.ActiveCfg = Debug|x64
		{9D85A553-A78F-4043-B7E7-86B16E4B846B}.Debug|x64.Build.0 = Debug|x64
		{9D85A553-A78F-4043-B7E7-86B16E4B846B}.Debug|x86.ActiveCfg = Debug|Any CPU
		{9D85A553-A78F-4043-B7E7-86B16E4B846B}.Debug|x86.Build.0 = Debug|Any CPU
		{9D85A553-A78F-4043-B7E7-86B16E4B846B}.Release|Any CPU.ActiveCfg = Release|Any CPU
		{9D85A553-A78F-4043-B7E7-86B16E4B846B}.Release|Any CPU.Build.0 = Release|Any CPU
		{9D85A553-A78F-4043-B7E7-86B16E4B846B}.Release|x64.ActiveCfg = Release|x64
		{9D85A553-A78F-4043-B7E7-86B16E4B846B}.Release|x64.Build.0 = Release|x64
		{9D85A553-A78F-4043-B7E7-86B16E4B846B}.Release|x86.ActiveCfg = Release|Any CPU
		{9D85A553-A78F-4043-B7E7-86B16E4B846B}.Release|x86.Build.0 = Release|Any CPU
		{FF262D7B-C313-4072-8906-794B72C0D8A1}.Debug|Any CPU.ActiveCfg = Debug|Any CPU
		{FF262D7B-C313-4072-8906-794B72C0D8A1}.Debug|Any CPU.Build.0 = Debug|Any CPU
		{FF262D7B-C313-4072-8906-794B72C0D8A1}.Debug|x64.ActiveCfg = Debug|x64
		{FF262D7B-C313-4072-8906-794B72C0D8A1}.Debug|x64.Build.0 = Debug|x64
		{FF262D7B-C313-4072-8906-794B72C0D8A1}.Debug|x86.ActiveCfg = Debug|Any CPU
		{FF262D7B-C313-4072-8906-794B72C0D8A1}.Debug|x86.Build.0 = Debug|Any CPU
		{FF262D7B-C313-4072-8906-794B72C0D8A1}.Release|Any CPU.ActiveCfg = Release|Any CPU
		{FF262D7B-C313-4072-8906-794B72C0D8A1}.Release|Any CPU.Build.0 = Release|Any CPU
		{FF262D7B-C313-4072-8906-794B72C0D8A1}.Release|x64.ActiveCfg = Release|x64
		{FF262D7B-C313-4072-8906-794B72C0D8A1}.Release|x64.Build.0 = Release|x64
		{FF262D7B-C313-4072-8906-794B72C0D8A1}.Release|x86.ActiveCfg = Release|Any CPU
		{FF262D7B-C313-4072-8906-794B72C0D8A1}.Release|x86.Build.0 = Release|Any CPU
		{91C5FD83-B598-4A30-9C11-F8137BB86EEA}.Debug|Any CPU.ActiveCfg = Debug|Any CPU
		{91C5FD83-B598-4A30-9C11-F8137BB86EEA}.Debug|Any CPU.Build.0 = Debug|Any CPU
		{91C5FD83-B598-4A30-9C11-F8137BB86EEA}.Debug|x64.ActiveCfg = Debug|x64
		{91C5FD83-B598-4A30-9C11-F8137BB86EEA}.Debug|x64.Build.0 = Debug|x64
		{91C5FD83-B598-4A30-9C11-F8137BB86EEA}.Debug|x86.ActiveCfg = Debug|Any CPU
		{91C5FD83-B598-4A30-9C11-F8137BB86EEA}.Debug|x86.Build.0 = Debug|Any CPU
		{91C5FD83-B598-4A30-9C11-F8137BB86EEA}.Release|Any CPU.ActiveCfg = Release|Any CPU
		{91C5FD83-B598-4A30-9C11-F8137BB86EEA}.Release|Any CPU.Build.0 = Release|Any CPU
		{91C5FD83-B598-4A30-9C11-F8137BB86EEA}.Release|x64.ActiveCfg = Release|x64
		{91C5FD83-B598-4A30-9C11-F8137BB86EEA}.Release|x64.Build.0 = Release|x64
		{91C5FD83-B598-4A30-9C11-F8137BB86EEA}.Release|x86.ActiveCfg = Release|Any CPU
		{91C5FD83-B598-4A30-9C11-F8137BB86EEA}.Release|x86.Build.0 = Release|Any CPU
		{F9CC4FCE-3334-40F7-A487-210FA9FF1AE4}.Debug|Any CPU.ActiveCfg = Debug|Any CPU
		{F9CC4FCE-3334-40F7-A487-210FA9FF1AE4}.Debug|Any CPU.Build.0 = Debug|Any CPU
		{F9CC4FCE-3334-40F7-A487-210FA9FF1AE4}.Debug|x64.ActiveCfg = Debug|x64
		{F9CC4FCE-3334-40F7-A487-210FA9FF1AE4}.Debug|x64.Build.0 = Debug|x64
		{F9CC4FCE-3334-40F7-A487-210FA9FF1AE4}.Debug|x86.ActiveCfg = Debug|Any CPU
		{F9CC4FCE-3334-40F7-A487-210FA9FF1AE4}.Debug|x86.Build.0 = Debug|Any CPU
		{F9CC4FCE-3334-40F7-A487-210FA9FF1AE4}.Release|Any CPU.ActiveCfg = Release|Any CPU
		{F9CC4FCE-3334-40F7-A487-210FA9FF1AE4}.Release|Any CPU.Build.0 = Release|Any CPU
		{F9CC4FCE-3334-40F7-A487-210FA9FF1AE4}.Release|x64.ActiveCfg = Release|x64
		{F9CC4FCE-3334-40F7-A487-210FA9FF1AE4}.Release|x64.Build.0 = Release|x64
		{F9CC4FCE-3334-40F7-A487-210FA9FF1AE4}.Release|x86.ActiveCfg = Release|Any CPU
		{F9CC4FCE-3334-40F7-A487-210FA9FF1AE4}.Release|x86.Build.0 = Release|Any CPU
		{F2CCF190-DE0D-4166-8C0D-497E23D0EA81}.Debug|Any CPU.ActiveCfg = Debug|Any CPU
		{F2CCF190-DE0D-4166-8C0D-497E23D0EA81}.Debug|Any CPU.Build.0 = Debug|Any CPU
		{F2CCF190-DE0D-4166-8C0D-497E23D0EA81}.Debug|x64.ActiveCfg = Debug|x64
		{F2CCF190-DE0D-4166-8C0D-497E23D0EA81}.Debug|x64.Build.0 = Debug|x64
		{F2CCF190-DE0D-4166-8C0D-497E23D0EA81}.Debug|x86.ActiveCfg = Debug|Any CPU
		{F2CCF190-DE0D-4166-8C0D-497E23D0EA81}.Debug|x86.Build.0 = Debug|Any CPU
		{F2CCF190-DE0D-4166-8C0D-497E23D0EA81}.Release|Any CPU.ActiveCfg = Release|Any CPU
		{F2CCF190-DE0D-4166-8C0D-497E23D0EA81}.Release|Any CPU.Build.0 = Release|Any CPU
		{F2CCF190-DE0D-4166-8C0D-497E23D0EA81}.Release|x64.ActiveCfg = Release|x64
		{F2CCF190-DE0D-4166-8C0D-497E23D0EA81}.Release|x64.Build.0 = Release|x64
		{F2CCF190-DE0D-4166-8C0D-497E23D0EA81}.Release|x86.ActiveCfg = Release|Any CPU
		{F2CCF190-DE0D-4166-8C0D-497E23D0EA81}.Release|x86.Build.0 = Release|Any CPU
		{EF048A00-DF86-4CFC-8036-89B2A59F9660}.Debug|Any CPU.ActiveCfg = Debug|Any CPU
		{EF048A00-DF86-4CFC-8036-89B2A59F9660}.Debug|Any CPU.Build.0 = Debug|Any CPU
		{EF048A00-DF86-4CFC-8036-89B2A59F9660}.Debug|x64.ActiveCfg = Debug|x64
		{EF048A00-DF86-4CFC-8036-89B2A59F9660}.Debug|x64.Build.0 = Debug|x64
		{EF048A00-DF86-4CFC-8036-89B2A59F9660}.Debug|x86.ActiveCfg = Debug|Any CPU
		{EF048A00-DF86-4CFC-8036-89B2A59F9660}.Debug|x86.Build.0 = Debug|Any CPU
		{EF048A00-DF86-4CFC-8036-89B2A59F9660}.Release|Any CPU.ActiveCfg = Release|Any CPU
		{EF048A00-DF86-4CFC-8036-89B2A59F9660}.Release|Any CPU.Build.0 = Release|Any CPU
		{EF048A00-DF86-4CFC-8036-89B2A59F9660}.Release|x64.ActiveCfg = Release|x64
		{EF048A00-DF86-4CFC-8036-89B2A59F9660}.Release|x64.Build.0 = Release|x64
		{EF048A00-DF86-4CFC-8036-89B2A59F9660}.Release|x86.ActiveCfg = Release|Any CPU
		{EF048A00-DF86-4CFC-8036-89B2A59F9660}.Release|x86.Build.0 = Release|Any CPU
		{F2F065CD-7B6A-4EB7-9711-B50C4CDDFEF8}.Debug|Any CPU.ActiveCfg = Debug|Any CPU
		{F2F065CD-7B6A-4EB7-9711-B50C4CDDFEF8}.Debug|Any CPU.Build.0 = Debug|Any CPU
		{F2F065CD-7B6A-4EB7-9711-B50C4CDDFEF8}.Debug|x64.ActiveCfg = Debug|x64
		{F2F065CD-7B6A-4EB7-9711-B50C4CDDFEF8}.Debug|x64.Build.0 = Debug|x64
		{F2F065CD-7B6A-4EB7-9711-B50C4CDDFEF8}.Debug|x86.ActiveCfg = Debug|Any CPU
		{F2F065CD-7B6A-4EB7-9711-B50C4CDDFEF8}.Debug|x86.Build.0 = Debug|Any CPU
		{F2F065CD-7B6A-4EB7-9711-B50C4CDDFEF8}.Release|Any CPU.ActiveCfg = Release|Any CPU
		{F2F065CD-7B6A-4EB7-9711-B50C4CDDFEF8}.Release|Any CPU.Build.0 = Release|Any CPU
		{F2F065CD-7B6A-4EB7-9711-B50C4CDDFEF8}.Release|x64.ActiveCfg = Release|x64
		{F2F065CD-7B6A-4EB7-9711-B50C4CDDFEF8}.Release|x64.Build.0 = Release|x64
		{F2F065CD-7B6A-4EB7-9711-B50C4CDDFEF8}.Release|x86.ActiveCfg = Release|Any CPU
		{F2F065CD-7B6A-4EB7-9711-B50C4CDDFEF8}.Release|x86.Build.0 = Release|Any CPU
		{0C7BC4B4-B562-4695-BEE7-44E04FF24BF8}.Debug|Any CPU.ActiveCfg = Debug|Any CPU
		{0C7BC4B4-B562-4695-BEE7-44E04FF24BF8}.Debug|Any CPU.Build.0 = Debug|Any CPU
		{0C7BC4B4-B562-4695-BEE7-44E04FF24BF8}.Debug|x64.ActiveCfg = Debug|x64
		{0C7BC4B4-B562-4695-BEE7-44E04FF24BF8}.Debug|x64.Build.0 = Debug|x64
		{0C7BC4B4-B562-4695-BEE7-44E04FF24BF8}.Debug|x86.ActiveCfg = Debug|Any CPU
		{0C7BC4B4-B562-4695-BEE7-44E04FF24BF8}.Debug|x86.Build.0 = Debug|Any CPU
		{0C7BC4B4-B562-4695-BEE7-44E04FF24BF8}.Release|Any CPU.ActiveCfg = Release|Any CPU
		{0C7BC4B4-B562-4695-BEE7-44E04FF24BF8}.Release|Any CPU.Build.0 = Release|Any CPU
		{0C7BC4B4-B562-4695-BEE7-44E04FF24BF8}.Release|x64.ActiveCfg = Release|x64
		{0C7BC4B4-B562-4695-BEE7-44E04FF24BF8}.Release|x64.Build.0 = Release|x64
		{0C7BC4B4-B562-4695-BEE7-44E04FF24BF8}.Release|x86.ActiveCfg = Release|Any CPU
		{0C7BC4B4-B562-4695-BEE7-44E04FF24BF8}.Release|x86.Build.0 = Release|Any CPU
		{EEB9D52A-CDE1-4831-9B1E-01DF201037BA}.Debug|Any CPU.ActiveCfg = Debug|Any CPU
		{EEB9D52A-CDE1-4831-9B1E-01DF201037BA}.Debug|Any CPU.Build.0 = Debug|Any CPU
		{EEB9D52A-CDE1-4831-9B1E-01DF201037BA}.Debug|x64.ActiveCfg = Debug|x64
		{EEB9D52A-CDE1-4831-9B1E-01DF201037BA}.Debug|x64.Build.0 = Debug|x64
		{EEB9D52A-CDE1-4831-9B1E-01DF201037BA}.Debug|x86.ActiveCfg = Debug|Any CPU
		{EEB9D52A-CDE1-4831-9B1E-01DF201037BA}.Debug|x86.Build.0 = Debug|Any CPU
		{EEB9D52A-CDE1-4831-9B1E-01DF201037BA}.Release|Any CPU.ActiveCfg = Release|Any CPU
		{EEB9D52A-CDE1-4831-9B1E-01DF201037BA}.Release|Any CPU.Build.0 = Release|Any CPU
		{EEB9D52A-CDE1-4831-9B1E-01DF201037BA}.Release|x64.ActiveCfg = Release|x64
		{EEB9D52A-CDE1-4831-9B1E-01DF201037BA}.Release|x64.Build.0 = Release|x64
		{EEB9D52A-CDE1-4831-9B1E-01DF201037BA}.Release|x86.ActiveCfg = Release|Any CPU
		{EEB9D52A-CDE1-4831-9B1E-01DF201037BA}.Release|x86.Build.0 = Release|Any CPU
		{0BF61BA9-AB8A-41EB-B3C5-F864BA0036D9}.Debug|Any CPU.ActiveCfg = Debug|Any CPU
		{0BF61BA9-AB8A-41EB-B3C5-F864BA0036D9}.Debug|Any CPU.Build.0 = Debug|Any CPU
		{0BF61BA9-AB8A-41EB-B3C5-F864BA0036D9}.Debug|x64.ActiveCfg = Debug|x64
		{0BF61BA9-AB8A-41EB-B3C5-F864BA0036D9}.Debug|x64.Build.0 = Debug|x64
		{0BF61BA9-AB8A-41EB-B3C5-F864BA0036D9}.Debug|x86.ActiveCfg = Debug|Any CPU
		{0BF61BA9-AB8A-41EB-B3C5-F864BA0036D9}.Debug|x86.Build.0 = Debug|Any CPU
		{0BF61BA9-AB8A-41EB-B3C5-F864BA0036D9}.Release|Any CPU.ActiveCfg = Release|Any CPU
		{0BF61BA9-AB8A-41EB-B3C5-F864BA0036D9}.Release|Any CPU.Build.0 = Release|Any CPU
		{0BF61BA9-AB8A-41EB-B3C5-F864BA0036D9}.Release|x64.ActiveCfg = Release|x64
		{0BF61BA9-AB8A-41EB-B3C5-F864BA0036D9}.Release|x64.Build.0 = Release|x64
		{0BF61BA9-AB8A-41EB-B3C5-F864BA0036D9}.Release|x86.ActiveCfg = Release|Any CPU
		{0BF61BA9-AB8A-41EB-B3C5-F864BA0036D9}.Release|x86.Build.0 = Release|Any CPU
		{31ADCF9D-FB24-4A14-9DDD-504DBB3823EA}.Debug|Any CPU.ActiveCfg = Debug|Any CPU
		{31ADCF9D-FB24-4A14-9DDD-504DBB3823EA}.Debug|Any CPU.Build.0 = Debug|Any CPU
		{31ADCF9D-FB24-4A14-9DDD-504DBB3823EA}.Debug|x64.ActiveCfg = Debug|x64
		{31ADCF9D-FB24-4A14-9DDD-504DBB3823EA}.Debug|x64.Build.0 = Debug|x64
		{31ADCF9D-FB24-4A14-9DDD-504DBB3823EA}.Debug|x86.ActiveCfg = Debug|Any CPU
		{31ADCF9D-FB24-4A14-9DDD-504DBB3823EA}.Debug|x86.Build.0 = Debug|Any CPU
		{31ADCF9D-FB24-4A14-9DDD-504DBB3823EA}.Release|Any CPU.ActiveCfg = Release|Any CPU
		{31ADCF9D-FB24-4A14-9DDD-504DBB3823EA}.Release|Any CPU.Build.0 = Release|Any CPU
		{31ADCF9D-FB24-4A14-9DDD-504DBB3823EA}.Release|x64.ActiveCfg = Release|x64
		{31ADCF9D-FB24-4A14-9DDD-504DBB3823EA}.Release|x64.Build.0 = Release|x64
		{31ADCF9D-FB24-4A14-9DDD-504DBB3823EA}.Release|x86.ActiveCfg = Release|Any CPU
		{31ADCF9D-FB24-4A14-9DDD-504DBB3823EA}.Release|x86.Build.0 = Release|Any CPU
		{4BE5CA7A-06BA-46E6-ADC7-F3BD853E3DBC}.Debug|Any CPU.ActiveCfg = Debug|Any CPU
		{4BE5CA7A-06BA-46E6-ADC7-F3BD853E3DBC}.Debug|Any CPU.Build.0 = Debug|Any CPU
		{4BE5CA7A-06BA-46E6-ADC7-F3BD853E3DBC}.Debug|x64.ActiveCfg = Debug|x64
		{4BE5CA7A-06BA-46E6-ADC7-F3BD853E3DBC}.Debug|x64.Build.0 = Debug|x64
		{4BE5CA7A-06BA-46E6-ADC7-F3BD853E3DBC}.Debug|x86.ActiveCfg = Debug|Any CPU
		{4BE5CA7A-06BA-46E6-ADC7-F3BD853E3DBC}.Debug|x86.Build.0 = Debug|Any CPU
		{4BE5CA7A-06BA-46E6-ADC7-F3BD853E3DBC}.Release|Any CPU.ActiveCfg = Release|Any CPU
		{4BE5CA7A-06BA-46E6-ADC7-F3BD853E3DBC}.Release|Any CPU.Build.0 = Release|Any CPU
		{4BE5CA7A-06BA-46E6-ADC7-F3BD853E3DBC}.Release|x64.ActiveCfg = Release|x64
		{4BE5CA7A-06BA-46E6-ADC7-F3BD853E3DBC}.Release|x64.Build.0 = Release|x64
		{4BE5CA7A-06BA-46E6-ADC7-F3BD853E3DBC}.Release|x86.ActiveCfg = Release|Any CPU
		{4BE5CA7A-06BA-46E6-ADC7-F3BD853E3DBC}.Release|x86.Build.0 = Release|Any CPU

	EndGlobalSection
	GlobalSection(SolutionProperties) = preSolution
		HideSolutionNode = FALSE
	EndGlobalSection
	GlobalSection(ExtensibilityGlobals) = postSolution
		SolutionGuid = {AAFE9408-AC65-4909-9808-D35A5521621D}
	EndGlobalSection
EndGlobal
