
Microsoft Visual Studio Solution File, Format Version 12.00
# Visual Studio Version 16
VisualStudioVersion = 16.0.28516.95
MinimumVisualStudioVersion = 10.0.40219.1
Project("{9A19103F-16F7-4668-BE54-9A1E7A4F7556}") = "Basic", "DRT\Localization\Basic\Basic.csproj", "{59085811-37B1-46D6-9ECA-D48595D84640}"
EndProject
Project("{9A19103F-16F7-4668-BE54-9A1E7A4F7556}") = "DrtLocalization", "DRT\Localization\DrtLocalization.csproj", "{49DF74F2-7ABB-446E-B70E-EB24B93FA6D8}"
EndProject
Project("{9A19103F-16F7-4668-BE54-9A1E7A4F7556}") = "DrtTools", "..\Common\DRT\Tools\DrtTools.csproj", "{E61D76FA-6653-4795-8B8A-D1E27851694E}"
EndProject
Global
	GlobalSection(SolutionConfigurationPlatforms) = preSolution
		Debug|Any CPU = Debug|Any CPU
		Debug|x64 = Debug|x64
		Debug|x86 = Debug|x86
		Release|Any CPU = Release|Any CPU
		Release|x64 = Release|x64
		Release|x86 = Release|x86
	EndGlobalSection
	GlobalSection(ProjectConfigurationPlatforms) = postSolution
		{59085811-37B1-46D6-9ECA-D48595D84640}.Debug|Any CPU.ActiveCfg = Debug|Any CPU
		{59085811-37B1-46D6-9ECA-D48595D84640}.Debug|Any CPU.Build.0 = Debug|Any CPU
		{59085811-37B1-46D6-9ECA-D48595D84640}.Debug|x64.ActiveCfg = Debug|x64
		{59085811-37B1-46D6-9ECA-D48595D84640}.Debug|x64.Build.0 = Debug|x64
		{59085811-37B1-46D6-9ECA-D48595D84640}.Debug|x86.ActiveCfg = Debug|x86
		{59085811-37B1-46D6-9ECA-D48595D84640}.Debug|x86.Build.0 = Debug|x86
		{59085811-37B1-46D6-9ECA-D48595D84640}.Release|Any CPU.ActiveCfg = Release|Any CPU
		{59085811-37B1-46D6-9ECA-D48595D84640}.Release|Any CPU.Build.0 = Release|Any CPU
		{59085811-37B1-46D6-9ECA-D48595D84640}.Release|x64.ActiveCfg = Release|x64
		{59085811-37B1-46D6-9ECA-D48595D84640}.Release|x64.Build.0 = Release|x64
		{59085811-37B1-46D6-9ECA-D48595D84640}.Release|x86.ActiveCfg = Release|x86
		{59085811-37B1-46D6-9ECA-D48595D84640}.Release|x86.Build.0 = Release|x86
		{49DF74F2-7ABB-446E-B70E-EB24B93FA6D8}.Debug|Any CPU.ActiveCfg = Debug|Any CPU
		{49DF74F2-7ABB-446E-B70E-EB24B93FA6D8}.Debug|Any CPU.Build.0 = Debug|Any CPU
		{49DF74F2-7ABB-446E-B70E-EB24B93FA6D8}.Debug|x64.ActiveCfg = Debug|x64
		{49DF74F2-7ABB-446E-B70E-EB24B93FA6D8}.Debug|x64.Build.0 = Debug|x64
		{49DF74F2-7ABB-446E-B70E-EB24B93FA6D8}.Debug|x86.ActiveCfg = Debug|x86
		{49DF74F2-7ABB-446E-B70E-EB24B93FA6D8}.Debug|x86.Build.0 = Debug|x86
		{49DF74F2-7ABB-446E-B70E-EB24B93FA6D8}.Release|Any CPU.ActiveCfg = Release|Any CPU
		{49DF74F2-7ABB-446E-B70E-EB24B93FA6D8}.Release|Any CPU.Build.0 = Release|Any CPU
		{49DF74F2-7ABB-446E-B70E-EB24B93FA6D8}.Release|x64.ActiveCfg = Release|x64
		{49DF74F2-7ABB-446E-B70E-EB24B93FA6D8}.Release|x64.Build.0 = Release|x64
		{49DF74F2-7ABB-446E-B70E-EB24B93FA6D8}.Release|x86.ActiveCfg = Release|x86
		{49DF74F2-7ABB-446E-B70E-EB24B93FA6D8}.Release|x86.Build.0 = Release|x86
		{E61D76FA-6653-4795-8B8A-D1E27851694E}.Debug|Any CPU.ActiveCfg = Debug|Any CPU
		{E61D76FA-6653-4795-8B8A-D1E27851694E}.Debug|Any CPU.Build.0 = Debug|Any CPU
		{E61D76FA-6653-4795-8B8A-D1E27851694E}.Debug|x64.ActiveCfg = Debug|x64
		{E61D76FA-6653-4795-8B8A-D1E27851694E}.Debug|x64.Build.0 = Debug|x64
		{E61D76FA-6653-4795-8B8A-D1E27851694E}.Debug|x86.ActiveCfg = Debug|x86
		{E61D76FA-6653-4795-8B8A-D1E27851694E}.Debug|x86.Build.0 = Debug|x86
		{E61D76FA-6653-4795-8B8A-D1E27851694E}.Release|Any CPU.ActiveCfg = Release|Any CPU
		{E61D76FA-6653-4795-8B8A-D1E27851694E}.Release|Any CPU.Build.0 = Release|Any CPU
		{E61D76FA-6653-4795-8B8A-D1E27851694E}.Release|x64.ActiveCfg = Release|x64
		{E61D76FA-6653-4795-8B8A-D1E27851694E}.Release|x64.Build.0 = Release|x64
		{E61D76FA-6653-4795-8B8A-D1E27851694E}.Release|x86.ActiveCfg = Release|x86
		{E61D76FA-6653-4795-8B8A-D1E27851694E}.Release|x86.Build.0 = Release|x86
	EndGlobalSection
	GlobalSection(SolutionProperties) = preSolution
		HideSolutionNode = FALSE
	EndGlobalSection
EndGlobal
