
Microsoft Visual Studio Solution File, Format Version 12.00
# Visual Studio Version 16
VisualStudioVersion = 16.0.28516.95
MinimumVisualStudioVersion = 10.0.40219.1
Project("{9A19103F-16F7-4668-BE54-9A1E7A4F7556}") = "TestContracts", "..\Infra\CommunityChest\TestContracts\TestContracts.csproj", "{7C90C6E6-9C27-4150-B229-A7B27615EF63}"
EndProject
Project("{9A19103F-16F7-4668-BE54-9A1E7A4F7556}") = "InternalUtilities", "..\Infra\TestUtilities\InternalUtilities\InternalUtilities.csproj", "{D48A1270-FD9B-4B5E-B7AF-6ACBC780F17B}"
EndProject
Project("{9A19103F-16F7-4668-BE54-9A1E7A4F7556}") = "TestApiCore", "..\Infra\TestApi\TestApiCore\Code\TestApiCore.csproj", "{73364320-4E5D-44A5-BA8C-82C77F55EC70}"
EndProject
Project("{9A19103F-16F7-4668-BE54-9A1E7A4F7556}") = "TestRuntime", "..\Common\TestRuntime\TestRuntime.csproj", "{9017334B-BEA1-4E20-A3F5-8A119F8F163D}"
EndProject
Project("{9A19103F-16F7-4668-BE54-9A1E7A4F7556}") = "TestClasses", "DRT\Parser\TestClasses\TestClasses.csproj", "{86360F81-9CC3-4579-99A1-B8BDE6D58BD8}"
EndProject
Project("{9A19103F-16F7-4668-BE54-9A1E7A4F7556}") = "DrtParser", "DRT\Parser\Parser\DrtParser.csproj", "{7B43D428-042F-42D5-B01B-B264F1E2DC9E}"
EndProject
Project("{9A19103F-16F7-4668-BE54-9A1E7A4F7556}") = "DrtMarkupSerializer", "DRT\MarkupSerializer\DrtMarkupSerializer.csproj", "{7BC099FD-4E9B-4D64-899E-5537E3B271E1}"
EndProject
Project("{9A19103F-16F7-4668-BE54-9A1E7A4F7556}") = "DrtCommanding", "DRT\Commanding\DrtCommanding.csproj", "{AABF0DE6-84B1-4EBE-91FA-2D6CB3EC6110}"
EndProject
Project("{9A19103F-16F7-4668-BE54-9A1E7A4F7556}") = "DRTContainer", "DRT\Container\DRTContainer.csproj", "{B695C734-F688-4C67-A744-719DF57366A2}"
EndProject
Project("{9A19103F-16F7-4668-BE54-9A1E7A4F7556}") = "DrtEvents", "DRT\Events\DrtEvents.csproj", "{5E655181-60C3-47EA-BB8D-9CD904FEA46B}"
EndProject
Project("{9A19103F-16F7-4668-BE54-9A1E7A4F7556}") = "DrtHwndSource", "DRT\HwndSource\DrtHwndSource.csproj", "{6BFE0EE8-6BFD-4440-8201-68AAAB70004D}"
EndProject
Project("{9A19103F-16F7-4668-BE54-9A1E7A4F7556}") = "DrtInput", "DRT\Input\DrtInput.csproj", "{7486C82F-30FD-49BE-8BDD-630EF6E3D9D5}"
EndProject
Project("{9A19103F-16F7-4668-BE54-9A1E7A4F7556}") = "DrtMultiTouch", "DRT\MultiTouch\DrtMultiTouch.csproj", "{009ACD39-C291-4AAA-BC0F-E2767180F8FA}"
EndProject
Project("{9A19103F-16F7-4668-BE54-9A1E7A4F7556}") = "DrtPropertyEngine", "DRT\PropertyEngine\DrtPropertyEngine.csproj", "{4EC01222-C5AB-4DED-8B75-AC2D6E9A0454}"
EndProject
Project("{9A19103F-16F7-4668-BE54-9A1E7A4F7556}") = "DrtUIContext", "DRT\UIContext\DrtUIContext.csproj", "{DBFC2A7C-CB7B-4601-8E95-3F8F1E2D2482}"
EndProject
Project("{9A19103F-16F7-4668-BE54-9A1E7A4F7556}") = "Dev10CommonData", "FeatureTests\Dev10\Common\Dev10CommonData.csproj", "{EFD59A0A-1C69-4161-8A92-C80C055ED514}"
EndProject
Project("{9A19103F-16F7-4668-BE54-9A1E7A4F7556}") = "MultiTouchTestCommon", "FeatureTests\Dev10\Common\MultiTouchTestCommon.csproj", "{81BE1477-FBC4-4873-8F92-A5EA31DA02F0}"
EndProject
Project("{9A19103F-16F7-4668-BE54-9A1E7A4F7556}") = "MultiTouchTest", "FeatureTests\Dev10\multitouch\MultiTouchTest.csproj", "{50DC05E2-B434-47F5-9C5F-8A44A3A56E81}"
EndProject
Project("{9A19103F-16F7-4668-BE54-9A1E7A4F7556}") = "ElementServicesTest", "FeatureTests\BuildSources\ElementServicesTest.csproj", "{9093F875-A725-4713-9E47-F8EC9C375B3B}"
EndProject
Project("{9A19103F-16F7-4668-BE54-9A1E7A4F7556}") = "ElementServicesData", "FeatureTests\TestData\ElementServicesData.csproj", "{CC854620-2D76-4D77-B838-887B61FAF511}"
EndProject
Project("{9A19103F-16F7-4668-BE54-9A1E7A4F7556}") = "WpfApp", "FeatureTests\ControllerApplications\WpfApp\WpfApp.csproj", "{1DF84CB8-DC9A-43F1-8476-1D50032EE07B}"
EndProject
Project("{9A19103F-16F7-4668-BE54-9A1E7A4F7556}") = "FreezablesTest", "FeatureTests\Freezables\BuildSources\FreezablesTest.csproj", "{4CD8C804-E443-4B70-9194-792F0C3E33F8}"
EndProject
Project("{9A19103F-16F7-4668-BE54-9A1E7A4F7556}") = "CoreTestsTrusted", "FeatureTests\Trusted\CoreTestsTrusted.csproj", "{DFF8D150-CA94-424E-A505-ED97878135EB}"
EndProject
Project("{9A19103F-16F7-4668-BE54-9A1E7A4F7556}") = "CoreTestsUntrusted", "FeatureTests\Untrusted\CoreTestsUntrusted.csproj", "{6A81D6D0-17BD-4187-84D6-EB284B2F1FA5}"
EndProject
Project("{9A19103F-16F7-4668-BE54-9A1E7A4F7556}") = "WpfApp", "FeatureTests\ControllerApplications\WpfApp\WpfApp.csproj", "{0C0165BA-0B4B-4F2E-A5D8-A281F51E5739}"
EndProject
Project("{9A19103F-16F7-4668-BE54-9A1E7A4F7556}") = "FreezablesTest", "FeatureTests\Freezables\BuildSources\FreezablesTest.csproj", "{80929AB1-8C35-452A-B995-3D6D28502BF3}"
EndProject
Project("{9A19103F-16F7-4668-BE54-9A1E7A4F7556}") = "MultiTouchTestCommon", "FeatureTests\Dev10\Common\MultiTouchTestCommon.csproj", "{56170610-87BA-4922-AF06-60FB1F5D70A9}"
EndProject
Project("{9A19103F-16F7-4668-BE54-9A1E7A4F7556}") = "MultiTouchTest", "FeatureTests\Dev10\multitouch\MultiTouchTest.csproj", "{7D7B24E7-C3ED-4E38-99D1-2859B7805055}"
EndProject
Project("{9A19103F-16F7-4668-BE54-9A1E7A4F7556}") = "Dev10CommonData", "FeatureTests\Dev10\Common\Dev10CommonData.csproj", "{1073D625-B196-4883-BC36-6CBA357B173C}"
EndProject
Global
	GlobalSection(SolutionConfigurationPlatforms) = preSolution
		Debug|Any CPU = Debug|Any CPU
		Debug|x64 = Debug|x64
		Debug|x86 = Debug|x86
		Release|Any CPU = Release|Any CPU
		Release|x64 = Release|x64
		Release|x86 = Release|x86
	EndGlobalSection
	GlobalSection(ProjectConfigurationPlatforms) = postSolution
		{7C90C6E6-9C27-4150-B229-A7B27615EF63}.Debug|Any CPU.ActiveCfg = Debug|Any CPU
		{7C90C6E6-9C27-4150-B229-A7B27615EF63}.Debug|Any CPU.Build.0 = Debug|Any CPU
		{7C90C6E6-9C27-4150-B229-A7B27615EF63}.Debug|x64.ActiveCfg = Debug|x64
		{7C90C6E6-9C27-4150-B229-A7B27615EF63}.Debug|x64.Build.0 = Debug|x64
		{7C90C6E6-9C27-4150-B229-A7B27615EF63}.Debug|x86.ActiveCfg = Debug|Any CPU
		{7C90C6E6-9C27-4150-B229-A7B27615EF63}.Debug|x86.Build.0 = Debug|Any CPU
		{7C90C6E6-9C27-4150-B229-A7B27615EF63}.Release|Any CPU.ActiveCfg = Release|Any CPU
		{7C90C6E6-9C27-4150-B229-A7B27615EF63}.Release|Any CPU.Build.0 = Release|Any CPU
		{7C90C6E6-9C27-4150-B229-A7B27615EF63}.Release|x64.ActiveCfg = Release|x64
		{7C90C6E6-9C27-4150-B229-A7B27615EF63}.Release|x64.Build.0 = Release|x64
		{7C90C6E6-9C27-4150-B229-A7B27615EF63}.Release|x86.ActiveCfg = Release|Any CPU
		{7C90C6E6-9C27-4150-B229-A7B27615EF63}.Release|x86.Build.0 = Release|Any CPU
		{D48A1270-FD9B-4B5E-B7AF-6ACBC780F17B}.Debug|Any CPU.ActiveCfg = Debug|Any CPU
		{D48A1270-FD9B-4B5E-B7AF-6ACBC780F17B}.Debug|Any CPU.Build.0 = Debug|Any CPU
		{D48A1270-FD9B-4B5E-B7AF-6ACBC780F17B}.Debug|x64.ActiveCfg = Debug|x64
		{D48A1270-FD9B-4B5E-B7AF-6ACBC780F17B}.Debug|x64.Build.0 = Debug|x64
		{D48A1270-FD9B-4B5E-B7AF-6ACBC780F17B}.Debug|x86.ActiveCfg = Debug|Any CPU
		{D48A1270-FD9B-4B5E-B7AF-6ACBC780F17B}.Debug|x86.Build.0 = Debug|Any CPU
		{D48A1270-FD9B-4B5E-B7AF-6ACBC780F17B}.Release|Any CPU.ActiveCfg = Release|Any CPU
		{D48A1270-FD9B-4B5E-B7AF-6ACBC780F17B}.Release|Any CPU.Build.0 = Release|Any CPU
		{D48A1270-FD9B-4B5E-B7AF-6ACBC780F17B}.Release|x64.ActiveCfg = Release|x64
		{D48A1270-FD9B-4B5E-B7AF-6ACBC780F17B}.Release|x64.Build.0 = Release|x64
		{D48A1270-FD9B-4B5E-B7AF-6ACBC780F17B}.Release|x86.ActiveCfg = Release|Any CPU
		{D48A1270-FD9B-4B5E-B7AF-6ACBC780F17B}.Release|x86.Build.0 = Release|Any CPU		
		{73364320-4E5D-44A5-BA8C-82C77F55EC70}.Debug|Any CPU.ActiveCfg = Debug|Any CPU
		{73364320-4E5D-44A5-BA8C-82C77F55EC70}.Debug|Any CPU.Build.0 = Debug|Any CPU
		{73364320-4E5D-44A5-BA8C-82C77F55EC70}.Debug|x64.ActiveCfg = Debug|x64
		{73364320-4E5D-44A5-BA8C-82C77F55EC70}.Debug|x64.Build.0 = Debug|x64
		{73364320-4E5D-44A5-BA8C-82C77F55EC70}.Debug|x86.ActiveCfg = Debug|Any CPU
		{73364320-4E5D-44A5-BA8C-82C77F55EC70}.Debug|x86.Build.0 = Debug|Any CPU
		{73364320-4E5D-44A5-BA8C-82C77F55EC70}.Release|Any CPU.ActiveCfg = Release|Any CPU
		{73364320-4E5D-44A5-BA8C-82C77F55EC70}.Release|Any CPU.Build.0 = Release|Any CPU
		{73364320-4E5D-44A5-BA8C-82C77F55EC70}.Release|x64.ActiveCfg = Release|x64
		{73364320-4E5D-44A5-BA8C-82C77F55EC70}.Release|x64.Build.0 = Release|x64
		{73364320-4E5D-44A5-BA8C-82C77F55EC70}.Release|x86.ActiveCfg = Release|Any CPU
		{73364320-4E5D-44A5-BA8C-82C77F55EC70}.Release|x86.Build.0 = Release|Any CPU
		{9017334B-BEA1-4E20-A3F5-8A119F8F163D}.Debug|Any CPU.ActiveCfg = Debug|Any CPU
		{9017334B-BEA1-4E20-A3F5-8A119F8F163D}.Debug|Any CPU.Build.0 = Debug|Any CPU
		{9017334B-BEA1-4E20-A3F5-8A119F8F163D}.Debug|x64.ActiveCfg = Debug|x64
		{9017334B-BEA1-4E20-A3F5-8A119F8F163D}.Debug|x64.Build.0 = Debug|x64
		{9017334B-BEA1-4E20-A3F5-8A119F8F163D}.Debug|x86.ActiveCfg = Debug|Any CPU
		{9017334B-BEA1-4E20-A3F5-8A119F8F163D}.Debug|x86.Build.0 = Debug|Any CPU
		{9017334B-BEA1-4E20-A3F5-8A119F8F163D}.Release|Any CPU.ActiveCfg = Release|Any CPU
		{9017334B-BEA1-4E20-A3F5-8A119F8F163D}.Release|Any CPU.Build.0 = Release|Any CPU
		{9017334B-BEA1-4E20-A3F5-8A119F8F163D}.Release|x64.ActiveCfg = Release|x64
		{9017334B-BEA1-4E20-A3F5-8A119F8F163D}.Release|x64.Build.0 = Release|x64
		{9017334B-BEA1-4E20-A3F5-8A119F8F163D}.Release|x86.ActiveCfg = Release|Any CPU
		{9017334B-BEA1-4E20-A3F5-8A119F8F163D}.Release|x86.Build.0 = Release|Any CPU
		{86360F81-9CC3-4579-99A1-B8BDE6D58BD8}.Debug|Any CPU.ActiveCfg = Debug|Any CPU
		{86360F81-9CC3-4579-99A1-B8BDE6D58BD8}.Debug|Any CPU.Build.0 = Debug|Any CPU
		{86360F81-9CC3-4579-99A1-B8BDE6D58BD8}.Debug|x64.ActiveCfg = Debug|x64
		{86360F81-9CC3-4579-99A1-B8BDE6D58BD8}.Debug|x64.Build.0 = Debug|x64
		{86360F81-9CC3-4579-99A1-B8BDE6D58BD8}.Debug|x86.ActiveCfg = Debug|Any CPU
		{86360F81-9CC3-4579-99A1-B8BDE6D58BD8}.Debug|x86.Build.0 = Debug|Any CPU
		{86360F81-9CC3-4579-99A1-B8BDE6D58BD8}.Release|Any CPU.ActiveCfg = Release|Any CPU
		{86360F81-9CC3-4579-99A1-B8BDE6D58BD8}.Release|Any CPU.Build.0 = Release|Any CPU
		{86360F81-9CC3-4579-99A1-B8BDE6D58BD8}.Release|x64.ActiveCfg = Release|x64
		{86360F81-9CC3-4579-99A1-B8BDE6D58BD8}.Release|x64.Build.0 = Release|x64
		{86360F81-9CC3-4579-99A1-B8BDE6D58BD8}.Release|x86.ActiveCfg = Release|Any CPU
		{86360F81-9CC3-4579-99A1-B8BDE6D58BD8}.Release|x86.Build.0 = Release|Any CPU
		{7B43D428-042F-42D5-B01B-B264F1E2DC9E}.Debug|Any CPU.ActiveCfg = Debug|Any CPU
		{7B43D428-042F-42D5-B01B-B264F1E2DC9E}.Debug|Any CPU.Build.0 = Debug|Any CPU
		{7B43D428-042F-42D5-B01B-B264F1E2DC9E}.Debug|x64.ActiveCfg = Debug|x64
		{7B43D428-042F-42D5-B01B-B264F1E2DC9E}.Debug|x64.Build.0 = Debug|x64
		{7B43D428-042F-42D5-B01B-B264F1E2DC9E}.Debug|x86.ActiveCfg = Debug|Any CPU
		{7B43D428-042F-42D5-B01B-B264F1E2DC9E}.Debug|x86.Build.0 = Debug|Any CPU
		{7B43D428-042F-42D5-B01B-B264F1E2DC9E}.Release|Any CPU.ActiveCfg = Release|Any CPU
		{7B43D428-042F-42D5-B01B-B264F1E2DC9E}.Release|Any CPU.Build.0 = Release|Any CPU
		{7B43D428-042F-42D5-B01B-B264F1E2DC9E}.Release|x64.ActiveCfg = Release|x64
		{7B43D428-042F-42D5-B01B-B264F1E2DC9E}.Release|x64.Build.0 = Release|x64
		{7B43D428-042F-42D5-B01B-B264F1E2DC9E}.Release|x86.ActiveCfg = Release|Any CPU
		{7B43D428-042F-42D5-B01B-B264F1E2DC9E}.Release|x86.Build.0 = Release|Any CPU
		{7BC099FD-4E9B-4D64-899E-5537E3B271E1}.Debug|Any CPU.ActiveCfg = Debug|Any CPU
		{7BC099FD-4E9B-4D64-899E-5537E3B271E1}.Debug|Any CPU.Build.0 = Debug|Any CPU
		{7BC099FD-4E9B-4D64-899E-5537E3B271E1}.Debug|x64.ActiveCfg = Debug|x64
		{7BC099FD-4E9B-4D64-899E-5537E3B271E1}.Debug|x64.Build.0 = Debug|x64
		{7BC099FD-4E9B-4D64-899E-5537E3B271E1}.Debug|x86.ActiveCfg = Debug|Any CPU
		{7BC099FD-4E9B-4D64-899E-5537E3B271E1}.Debug|x86.Build.0 = Debug|Any CPU
		{7BC099FD-4E9B-4D64-899E-5537E3B271E1}.Release|Any CPU.ActiveCfg = Release|Any CPU
		{7BC099FD-4E9B-4D64-899E-5537E3B271E1}.Release|Any CPU.Build.0 = Release|Any CPU
		{7BC099FD-4E9B-4D64-899E-5537E3B271E1}.Release|x64.ActiveCfg = Release|x64
		{7BC099FD-4E9B-4D64-899E-5537E3B271E1}.Release|x64.Build.0 = Release|x64
		{7BC099FD-4E9B-4D64-899E-5537E3B271E1}.Release|x86.ActiveCfg = Release|Any CPU
		{7BC099FD-4E9B-4D64-899E-5537E3B271E1}.Release|x86.Build.0 = Release|Any CPU
		{AABF0DE6-84B1-4EBE-91FA-2D6CB3EC6110}.Debug|Any CPU.ActiveCfg = Debug|Any CPU
		{AABF0DE6-84B1-4EBE-91FA-2D6CB3EC6110}.Debug|Any CPU.Build.0 = Debug|Any CPU
		{AABF0DE6-84B1-4EBE-91FA-2D6CB3EC6110}.Debug|x64.ActiveCfg = Debug|x64
		{AABF0DE6-84B1-4EBE-91FA-2D6CB3EC6110}.Debug|x64.Build.0 = Debug|x64
		{AABF0DE6-84B1-4EBE-91FA-2D6CB3EC6110}.Debug|x86.ActiveCfg = Debug|Any CPU
		{AABF0DE6-84B1-4EBE-91FA-2D6CB3EC6110}.Debug|x86.Build.0 = Debug|Any CPU
		{AABF0DE6-84B1-4EBE-91FA-2D6CB3EC6110}.Release|Any CPU.ActiveCfg = Release|Any CPU
		{AABF0DE6-84B1-4EBE-91FA-2D6CB3EC6110}.Release|Any CPU.Build.0 = Release|Any CPU
		{AABF0DE6-84B1-4EBE-91FA-2D6CB3EC6110}.Release|x64.ActiveCfg = Release|x64
		{AABF0DE6-84B1-4EBE-91FA-2D6CB3EC6110}.Release|x64.Build.0 = Release|x64
		{AABF0DE6-84B1-4EBE-91FA-2D6CB3EC6110}.Release|x86.ActiveCfg = Release|Any CPU
		{AABF0DE6-84B1-4EBE-91FA-2D6CB3EC6110}.Release|x86.Build.0 = Release|Any CPU
		{B695C734-F688-4C67-A744-719DF57366A2}.Debug|Any CPU.ActiveCfg = Debug|Any CPU
		{B695C734-F688-4C67-A744-719DF57366A2}.Debug|Any CPU.Build.0 = Debug|Any CPU
		{B695C734-F688-4C67-A744-719DF57366A2}.Debug|x64.ActiveCfg = Debug|x64
		{B695C734-F688-4C67-A744-719DF57366A2}.Debug|x64.Build.0 = Debug|x64
		{B695C734-F688-4C67-A744-719DF57366A2}.Debug|x86.ActiveCfg = Debug|Any CPU
		{B695C734-F688-4C67-A744-719DF57366A2}.Debug|x86.Build.0 = Debug|Any CPU
		{B695C734-F688-4C67-A744-719DF57366A2}.Release|Any CPU.ActiveCfg = Release|Any CPU
		{B695C734-F688-4C67-A744-719DF57366A2}.Release|Any CPU.Build.0 = Release|Any CPU
		{B695C734-F688-4C67-A744-719DF57366A2}.Release|x64.ActiveCfg = Release|x64
		{B695C734-F688-4C67-A744-719DF57366A2}.Release|x64.Build.0 = Release|x64
		{B695C734-F688-4C67-A744-719DF57366A2}.Release|x86.ActiveCfg = Release|Any CPU
		{B695C734-F688-4C67-A744-719DF57366A2}.Release|x86.Build.0 = Release|Any CPU
		{5E655181-60C3-47EA-BB8D-9CD904FEA46B}.Debug|Any CPU.ActiveCfg = Debug|Any CPU
		{5E655181-60C3-47EA-BB8D-9CD904FEA46B}.Debug|Any CPU.Build.0 = Debug|Any CPU
		{5E655181-60C3-47EA-BB8D-9CD904FEA46B}.Debug|x64.ActiveCfg = Debug|x64
		{5E655181-60C3-47EA-BB8D-9CD904FEA46B}.Debug|x64.Build.0 = Debug|x64
		{5E655181-60C3-47EA-BB8D-9CD904FEA46B}.Debug|x86.ActiveCfg = Debug|Any CPU
		{5E655181-60C3-47EA-BB8D-9CD904FEA46B}.Debug|x86.Build.0 = Debug|Any CPU
		{5E655181-60C3-47EA-BB8D-9CD904FEA46B}.Release|Any CPU.ActiveCfg = Release|Any CPU
		{5E655181-60C3-47EA-BB8D-9CD904FEA46B}.Release|Any CPU.Build.0 = Release|Any CPU
		{5E655181-60C3-47EA-BB8D-9CD904FEA46B}.Release|x64.ActiveCfg = Release|x64
		{5E655181-60C3-47EA-BB8D-9CD904FEA46B}.Release|x64.Build.0 = Release|x64
		{5E655181-60C3-47EA-BB8D-9CD904FEA46B}.Release|x86.ActiveCfg = Release|Any CPU
		{5E655181-60C3-47EA-BB8D-9CD904FEA46B}.Release|x86.Build.0 = Release|Any CPU
		{6BFE0EE8-6BFD-4440-8201-68AAAB70004D}.Debug|Any CPU.ActiveCfg = Debug|Any CPU
		{6BFE0EE8-6BFD-4440-8201-68AAAB70004D}.Debug|Any CPU.Build.0 = Debug|Any CPU
		{6BFE0EE8-6BFD-4440-8201-68AAAB70004D}.Debug|x64.ActiveCfg = Debug|x64
		{6BFE0EE8-6BFD-4440-8201-68AAAB70004D}.Debug|x64.Build.0 = Debug|x64
		{6BFE0EE8-6BFD-4440-8201-68AAAB70004D}.Debug|x86.ActiveCfg = Debug|Any CPU
		{6BFE0EE8-6BFD-4440-8201-68AAAB70004D}.Debug|x86.Build.0 = Debug|Any CPU
		{6BFE0EE8-6BFD-4440-8201-68AAAB70004D}.Release|Any CPU.ActiveCfg = Release|Any CPU
		{6BFE0EE8-6BFD-4440-8201-68AAAB70004D}.Release|Any CPU.Build.0 = Release|Any CPU
		{6BFE0EE8-6BFD-4440-8201-68AAAB70004D}.Release|x64.ActiveCfg = Release|x64
		{6BFE0EE8-6BFD-4440-8201-68AAAB70004D}.Release|x64.Build.0 = Release|x64
		{6BFE0EE8-6BFD-4440-8201-68AAAB70004D}.Release|x86.ActiveCfg = Release|Any CPU
		{6BFE0EE8-6BFD-4440-8201-68AAAB70004D}.Release|x86.Build.0 = Release|Any CPU
		{7486C82F-30FD-49BE-8BDD-630EF6E3D9D5}.Debug|Any CPU.ActiveCfg = Debug|Any CPU
		{7486C82F-30FD-49BE-8BDD-630EF6E3D9D5}.Debug|Any CPU.Build.0 = Debug|Any CPU
		{7486C82F-30FD-49BE-8BDD-630EF6E3D9D5}.Debug|x64.ActiveCfg = Debug|x64
		{7486C82F-30FD-49BE-8BDD-630EF6E3D9D5}.Debug|x64.Build.0 = Debug|x64
		{7486C82F-30FD-49BE-8BDD-630EF6E3D9D5}.Debug|x86.ActiveCfg = Debug|Any CPU
		{7486C82F-30FD-49BE-8BDD-630EF6E3D9D5}.Debug|x86.Build.0 = Debug|Any CPU
		{7486C82F-30FD-49BE-8BDD-630EF6E3D9D5}.Release|Any CPU.ActiveCfg = Release|Any CPU
		{7486C82F-30FD-49BE-8BDD-630EF6E3D9D5}.Release|Any CPU.Build.0 = Release|Any CPU
		{7486C82F-30FD-49BE-8BDD-630EF6E3D9D5}.Release|x64.ActiveCfg = Release|x64
		{7486C82F-30FD-49BE-8BDD-630EF6E3D9D5}.Release|x64.Build.0 = Release|x64
		{7486C82F-30FD-49BE-8BDD-630EF6E3D9D5}.Release|x86.ActiveCfg = Release|Any CPU
		{7486C82F-30FD-49BE-8BDD-630EF6E3D9D5}.Release|x86.Build.0 = Release|Any CPU
		{009ACD39-C291-4AAA-BC0F-E2767180F8FA}.Debug|Any CPU.ActiveCfg = Debug|Any CPU
		{009ACD39-C291-4AAA-BC0F-E2767180F8FA}.Debug|Any CPU.Build.0 = Debug|Any CPU
		{009ACD39-C291-4AAA-BC0F-E2767180F8FA}.Debug|x64.ActiveCfg = Debug|x64
		{009ACD39-C291-4AAA-BC0F-E2767180F8FA}.Debug|x64.Build.0 = Debug|x64
		{009ACD39-C291-4AAA-BC0F-E2767180F8FA}.Debug|x86.ActiveCfg = Debug|Any CPU
		{009ACD39-C291-4AAA-BC0F-E2767180F8FA}.Debug|x86.Build.0 = Debug|Any CPU
		{009ACD39-C291-4AAA-BC0F-E2767180F8FA}.Release|Any CPU.ActiveCfg = Release|Any CPU
		{009ACD39-C291-4AAA-BC0F-E2767180F8FA}.Release|Any CPU.Build.0 = Release|Any CPU
		{009ACD39-C291-4AAA-BC0F-E2767180F8FA}.Release|x64.ActiveCfg = Release|x64
		{009ACD39-C291-4AAA-BC0F-E2767180F8FA}.Release|x64.Build.0 = Release|x64
		{009ACD39-C291-4AAA-BC0F-E2767180F8FA}.Release|x86.ActiveCfg = Release|Any CPU
		{009ACD39-C291-4AAA-BC0F-E2767180F8FA}.Release|x86.Build.0 = Release|Any CPU
		{4EC01222-C5AB-4DED-8B75-AC2D6E9A0454}.Debug|Any CPU.ActiveCfg = Debug|Any CPU
		{4EC01222-C5AB-4DED-8B75-AC2D6E9A0454}.Debug|Any CPU.Build.0 = Debug|Any CPU
		{4EC01222-C5AB-4DED-8B75-AC2D6E9A0454}.Debug|x64.ActiveCfg = Debug|x64
		{4EC01222-C5AB-4DED-8B75-AC2D6E9A0454}.Debug|x64.Build.0 = Debug|x64
		{4EC01222-C5AB-4DED-8B75-AC2D6E9A0454}.Debug|x86.ActiveCfg = Debug|Any CPU
		{4EC01222-C5AB-4DED-8B75-AC2D6E9A0454}.Debug|x86.Build.0 = Debug|Any CPU
		{4EC01222-C5AB-4DED-8B75-AC2D6E9A0454}.Release|Any CPU.ActiveCfg = Release|Any CPU
		{4EC01222-C5AB-4DED-8B75-AC2D6E9A0454}.Release|Any CPU.Build.0 = Release|Any CPU
		{4EC01222-C5AB-4DED-8B75-AC2D6E9A0454}.Release|x64.ActiveCfg = Release|x64
		{4EC01222-C5AB-4DED-8B75-AC2D6E9A0454}.Release|x64.Build.0 = Release|x64
		{4EC01222-C5AB-4DED-8B75-AC2D6E9A0454}.Release|x86.ActiveCfg = Release|Any CPU
		{4EC01222-C5AB-4DED-8B75-AC2D6E9A0454}.Release|x86.Build.0 = Release|Any CPU
		{DBFC2A7C-CB7B-4601-8E95-3F8F1E2D2482}.Debug|Any CPU.ActiveCfg = Debug|Any CPU
		{DBFC2A7C-CB7B-4601-8E95-3F8F1E2D2482}.Debug|Any CPU.Build.0 = Debug|Any CPU
		{DBFC2A7C-CB7B-4601-8E95-3F8F1E2D2482}.Debug|x64.ActiveCfg = Debug|x64
		{DBFC2A7C-CB7B-4601-8E95-3F8F1E2D2482}.Debug|x64.Build.0 = Debug|x64
		{DBFC2A7C-CB7B-4601-8E95-3F8F1E2D2482}.Debug|x86.ActiveCfg = Debug|Any CPU
		{DBFC2A7C-CB7B-4601-8E95-3F8F1E2D2482}.Debug|x86.Build.0 = Debug|Any CPU
		{DBFC2A7C-CB7B-4601-8E95-3F8F1E2D2482}.Release|Any CPU.ActiveCfg = Release|Any CPU
		{DBFC2A7C-CB7B-4601-8E95-3F8F1E2D2482}.Release|Any CPU.Build.0 = Release|Any CPU
		{DBFC2A7C-CB7B-4601-8E95-3F8F1E2D2482}.Release|x64.ActiveCfg = Release|x64
		{DBFC2A7C-CB7B-4601-8E95-3F8F1E2D2482}.Release|x64.Build.0 = Release|x64
		{DBFC2A7C-CB7B-4601-8E95-3F8F1E2D2482}.Release|x86.ActiveCfg = Release|Any CPU
		{DBFC2A7C-CB7B-4601-8E95-3F8F1E2D2482}.Release|x86.Build.0 = Release|Any CPU
		{EFD59A0A-1C69-4161-8A92-C80C055ED514}.Debug|Any CPU.ActiveCfg = Debug|Any CPU
		{EFD59A0A-1C69-4161-8A92-C80C055ED514}.Debug|Any CPU.Build.0 = Debug|Any CPU
		{EFD59A0A-1C69-4161-8A92-C80C055ED514}.Debug|x64.ActiveCfg = Debug|x64
		{EFD59A0A-1C69-4161-8A92-C80C055ED514}.Debug|x64.Build.0 = Debug|x64
		{EFD59A0A-1C69-4161-8A92-C80C055ED514}.Debug|x86.ActiveCfg = Debug|Any CPU
		{EFD59A0A-1C69-4161-8A92-C80C055ED514}.Debug|x86.Build.0 = Debug|Any CPU
		{EFD59A0A-1C69-4161-8A92-C80C055ED514}.Release|Any CPU.ActiveCfg = Release|Any CPU
		{EFD59A0A-1C69-4161-8A92-C80C055ED514}.Release|Any CPU.Build.0 = Release|Any CPU
		{EFD59A0A-1C69-4161-8A92-C80C055ED514}.Release|x64.ActiveCfg = Release|x64
		{EFD59A0A-1C69-4161-8A92-C80C055ED514}.Release|x64.Build.0 = Release|x64
		{EFD59A0A-1C69-4161-8A92-C80C055ED514}.Release|x86.ActiveCfg = Release|Any CPU
		{EFD59A0A-1C69-4161-8A92-C80C055ED514}.Release|x86.Build.0 = Release|Any CPU
		{81BE1477-FBC4-4873-8F92-A5EA31DA02F0}.Debug|Any CPU.ActiveCfg = Debug|Any CPU
		{81BE1477-FBC4-4873-8F92-A5EA31DA02F0}.Debug|Any CPU.Build.0 = Debug|Any CPU
		{81BE1477-FBC4-4873-8F92-A5EA31DA02F0}.Debug|x64.ActiveCfg = Debug|x64
		{81BE1477-FBC4-4873-8F92-A5EA31DA02F0}.Debug|x64.Build.0 = Debug|x64
		{81BE1477-FBC4-4873-8F92-A5EA31DA02F0}.Debug|x86.ActiveCfg = Debug|Any CPU
		{81BE1477-FBC4-4873-8F92-A5EA31DA02F0}.Debug|x86.Build.0 = Debug|Any CPU
		{81BE1477-FBC4-4873-8F92-A5EA31DA02F0}.Release|Any CPU.ActiveCfg = Release|Any CPU
		{81BE1477-FBC4-4873-8F92-A5EA31DA02F0}.Release|Any CPU.Build.0 = Release|Any CPU
		{81BE1477-FBC4-4873-8F92-A5EA31DA02F0}.Release|x64.ActiveCfg = Release|x64
		{81BE1477-FBC4-4873-8F92-A5EA31DA02F0}.Release|x64.Build.0 = Release|x64
		{81BE1477-FBC4-4873-8F92-A5EA31DA02F0}.Release|x86.ActiveCfg = Release|Any CPU
		{81BE1477-FBC4-4873-8F92-A5EA31DA02F0}.Release|x86.Build.0 = Release|Any CPU
		{50DC05E2-B434-47F5-9C5F-8A44A3A56E81}.Debug|Any CPU.ActiveCfg = Debug|Any CPU
		{50DC05E2-B434-47F5-9C5F-8A44A3A56E81}.Debug|Any CPU.Build.0 = Debug|Any CPU
		{50DC05E2-B434-47F5-9C5F-8A44A3A56E81}.Debug|x64.ActiveCfg = Debug|x64
		{50DC05E2-B434-47F5-9C5F-8A44A3A56E81}.Debug|x64.Build.0 = Debug|x64
		{50DC05E2-B434-47F5-9C5F-8A44A3A56E81}.Debug|x86.ActiveCfg = Debug|Any CPU
		{50DC05E2-B434-47F5-9C5F-8A44A3A56E81}.Debug|x86.Build.0 = Debug|Any CPU
		{50DC05E2-B434-47F5-9C5F-8A44A3A56E81}.Release|Any CPU.ActiveCfg = Release|Any CPU
		{50DC05E2-B434-47F5-9C5F-8A44A3A56E81}.Release|Any CPU.Build.0 = Release|Any CPU
		{50DC05E2-B434-47F5-9C5F-8A44A3A56E81}.Release|x64.ActiveCfg = Release|x64
		{50DC05E2-B434-47F5-9C5F-8A44A3A56E81}.Release|x64.Build.0 = Release|x64
		{50DC05E2-B434-47F5-9C5F-8A44A3A56E81}.Release|x86.ActiveCfg = Release|Any CPU
		{50DC05E2-B434-47F5-9C5F-8A44A3A56E81}.Release|x86.Build.0 = Release|Any CPU
		{9093F875-A725-4713-9E47-F8EC9C375B3B}.Debug|Any CPU.ActiveCfg = Debug|Any CPU
		{9093F875-A725-4713-9E47-F8EC9C375B3B}.Debug|Any CPU.Build.0 = Debug|Any CPU
		{9093F875-A725-4713-9E47-F8EC9C375B3B}.Debug|x64.ActiveCfg = Debug|x64
		{9093F875-A725-4713-9E47-F8EC9C375B3B}.Debug|x64.Build.0 = Debug|x64
		{9093F875-A725-4713-9E47-F8EC9C375B3B}.Debug|x86.ActiveCfg = Debug|Any CPU
		{9093F875-A725-4713-9E47-F8EC9C375B3B}.Debug|x86.Build.0 = Debug|Any CPU
		{9093F875-A725-4713-9E47-F8EC9C375B3B}.Release|Any CPU.ActiveCfg = Release|Any CPU
		{9093F875-A725-4713-9E47-F8EC9C375B3B}.Release|Any CPU.Build.0 = Release|Any CPU
		{9093F875-A725-4713-9E47-F8EC9C375B3B}.Release|x64.ActiveCfg = Release|x64
		{9093F875-A725-4713-9E47-F8EC9C375B3B}.Release|x64.Build.0 = Release|x64
		{9093F875-A725-4713-9E47-F8EC9C375B3B}.Release|x86.ActiveCfg = Release|Any CPU
		{9093F875-A725-4713-9E47-F8EC9C375B3B}.Release|x86.Build.0 = Release|Any CPU
		{CC854620-2D76-4D77-B838-887B61FAF511}.Debug|Any CPU.ActiveCfg = Debug|Any CPU
		{CC854620-2D76-4D77-B838-887B61FAF511}.Debug|Any CPU.Build.0 = Debug|Any CPU
		{CC854620-2D76-4D77-B838-887B61FAF511}.Debug|x64.ActiveCfg = Debug|x64
		{CC854620-2D76-4D77-B838-887B61FAF511}.Debug|x64.Build.0 = Debug|x64
		{CC854620-2D76-4D77-B838-887B61FAF511}.Debug|x86.ActiveCfg = Debug|Any CPU
		{CC854620-2D76-4D77-B838-887B61FAF511}.Debug|x86.Build.0 = Debug|Any CPU
		{CC854620-2D76-4D77-B838-887B61FAF511}.Release|Any CPU.ActiveCfg = Release|Any CPU
		{CC854620-2D76-4D77-B838-887B61FAF511}.Release|Any CPU.Build.0 = Release|Any CPU
		{CC854620-2D76-4D77-B838-887B61FAF511}.Release|x64.ActiveCfg = Release|x64
		{CC854620-2D76-4D77-B838-887B61FAF511}.Release|x64.Build.0 = Release|x64
		{CC854620-2D76-4D77-B838-887B61FAF511}.Release|x86.ActiveCfg = Release|Any CPU
		{CC854620-2D76-4D77-B838-887B61FAF511}.Release|x86.Build.0 = Release|Any CPU
		{1DF84CB8-DC9A-43F1-8476-1D50032EE07B}.Debug|Any CPU.ActiveCfg = Debug|Any CPU
		{1DF84CB8-DC9A-43F1-8476-1D50032EE07B}.Debug|Any CPU.Build.0 = Debug|Any CPU
		{1DF84CB8-DC9A-43F1-8476-1D50032EE07B}.Debug|x64.ActiveCfg = Debug|x64
		{1DF84CB8-DC9A-43F1-8476-1D50032EE07B}.Debug|x64.Build.0 = Debug|x64
		{1DF84CB8-DC9A-43F1-8476-1D50032EE07B}.Debug|x86.ActiveCfg = Debug|Any CPU
		{1DF84CB8-DC9A-43F1-8476-1D50032EE07B}.Debug|x86.Build.0 = Debug|Any CPU
		{1DF84CB8-DC9A-43F1-8476-1D50032EE07B}.Release|Any CPU.ActiveCfg = Release|Any CPU
		{1DF84CB8-DC9A-43F1-8476-1D50032EE07B}.Release|Any CPU.Build.0 = Release|Any CPU
		{1DF84CB8-DC9A-43F1-8476-1D50032EE07B}.Release|x64.ActiveCfg = Release|x64
		{1DF84CB8-DC9A-43F1-8476-1D50032EE07B}.Release|x64.Build.0 = Release|x64
		{1DF84CB8-DC9A-43F1-8476-1D50032EE07B}.Release|x86.ActiveCfg = Release|Any CPU
		{1DF84CB8-DC9A-43F1-8476-1D50032EE07B}.Release|x86.Build.0 = Release|Any CPU
		{4CD8C804-E443-4B70-9194-792F0C3E33F8}.Debug|Any CPU.ActiveCfg = Debug|Any CPU
		{4CD8C804-E443-4B70-9194-792F0C3E33F8}.Debug|Any CPU.Build.0 = Debug|Any CPU
		{4CD8C804-E443-4B70-9194-792F0C3E33F8}.Debug|x64.ActiveCfg = Debug|x64
		{4CD8C804-E443-4B70-9194-792F0C3E33F8}.Debug|x64.Build.0 = Debug|x64
		{4CD8C804-E443-4B70-9194-792F0C3E33F8}.Debug|x86.ActiveCfg = Debug|Any CPU
		{4CD8C804-E443-4B70-9194-792F0C3E33F8}.Debug|x86.Build.0 = Debug|Any CPU
		{4CD8C804-E443-4B70-9194-792F0C3E33F8}.Release|Any CPU.ActiveCfg = Release|Any CPU
		{4CD8C804-E443-4B70-9194-792F0C3E33F8}.Release|Any CPU.Build.0 = Release|Any CPU
		{4CD8C804-E443-4B70-9194-792F0C3E33F8}.Release|x64.ActiveCfg = Release|x64
		{4CD8C804-E443-4B70-9194-792F0C3E33F8}.Release|x64.Build.0 = Release|x64
		{4CD8C804-E443-4B70-9194-792F0C3E33F8}.Release|x86.ActiveCfg = Release|Any CPU
		{4CD8C804-E443-4B70-9194-792F0C3E33F8}.Release|x86.Build.0 = Release|Any CPU
		{DFF8D150-CA94-424E-A505-ED97878135EB}.Debug|Any CPU.ActiveCfg = Debug|Any CPU
		{DFF8D150-CA94-424E-A505-ED97878135EB}.Debug|Any CPU.Build.0 = Debug|Any CPU
		{DFF8D150-CA94-424E-A505-ED97878135EB}.Debug|x64.ActiveCfg = Debug|x64
		{DFF8D150-CA94-424E-A505-ED97878135EB}.Debug|x64.Build.0 = Debug|x64
		{DFF8D150-CA94-424E-A505-ED97878135EB}.Debug|x86.ActiveCfg = Debug|Any CPU
		{DFF8D150-CA94-424E-A505-ED97878135EB}.Debug|x86.Build.0 = Debug|Any CPU
		{DFF8D150-CA94-424E-A505-ED97878135EB}.Release|Any CPU.ActiveCfg = Release|Any CPU
		{DFF8D150-CA94-424E-A505-ED97878135EB}.Release|Any CPU.Build.0 = Release|Any CPU
		{DFF8D150-CA94-424E-A505-ED97878135EB}.Release|x64.ActiveCfg = Release|x64
		{DFF8D150-CA94-424E-A505-ED97878135EB}.Release|x64.Build.0 = Release|x64
		{DFF8D150-CA94-424E-A505-ED97878135EB}.Release|x86.ActiveCfg = Release|Any CPU
		{DFF8D150-CA94-424E-A505-ED97878135EB}.Release|x86.Build.0 = Release|Any CPU
		{6A81D6D0-17BD-4187-84D6-EB284B2F1FA5}.Debug|Any CPU.ActiveCfg = Debug|Any CPU
		{6A81D6D0-17BD-4187-84D6-EB284B2F1FA5}.Debug|Any CPU.Build.0 = Debug|Any CPU
		{6A81D6D0-17BD-4187-84D6-EB284B2F1FA5}.Debug|x64.ActiveCfg = Debug|x64
		{6A81D6D0-17BD-4187-84D6-EB284B2F1FA5}.Debug|x64.Build.0 = Debug|x64
		{6A81D6D0-17BD-4187-84D6-EB284B2F1FA5}.Debug|x86.ActiveCfg = Debug|Any CPU
		{6A81D6D0-17BD-4187-84D6-EB284B2F1FA5}.Debug|x86.Build.0 = Debug|Any CPU
		{6A81D6D0-17BD-4187-84D6-EB284B2F1FA5}.Release|Any CPU.ActiveCfg = Release|Any CPU
		{6A81D6D0-17BD-4187-84D6-EB284B2F1FA5}.Release|Any CPU.Build.0 = Release|Any CPU
		{6A81D6D0-17BD-4187-84D6-EB284B2F1FA5}.Release|x64.ActiveCfg = Release|x64
		{6A81D6D0-17BD-4187-84D6-EB284B2F1FA5}.Release|x64.Build.0 = Release|x64
		{6A81D6D0-17BD-4187-84D6-EB284B2F1FA5}.Release|x86.ActiveCfg = Release|Any CPU
		{6A81D6D0-17BD-4187-84D6-EB284B2F1FA5}.Release|x86.Build.0 = Release|Any CPU
		{DFF8D150-CA94-424E-A505-ED97878135EB}.Debug|Any CPU.ActiveCfg = Debug|Any CPU
		{0C0165BA-0B4B-4F2E-A5D8-A281F51E5739}.Debug|Any CPU.Build.0 = Debug|Any CPU
		{0C0165BA-0B4B-4F2E-A5D8-A281F51E5739}.Debug|x64.ActiveCfg = Debug|x64
		{0C0165BA-0B4B-4F2E-A5D8-A281F51E5739}.Debug|x64.Build.0 = Debug|x64
		{0C0165BA-0B4B-4F2E-A5D8-A281F51E5739}.Debug|x86.ActiveCfg = Debug|Any CPU
		{0C0165BA-0B4B-4F2E-A5D8-A281F51E5739}.Debug|x86.Build.0 = Debug|Any CPU
		{0C0165BA-0B4B-4F2E-A5D8-A281F51E5739}.Release|Any CPU.ActiveCfg = Release|Any CPU
		{0C0165BA-0B4B-4F2E-A5D8-A281F51E5739}.Release|Any CPU.Build.0 = Release|Any CPU
		{0C0165BA-0B4B-4F2E-A5D8-A281F51E5739}.Release|x64.ActiveCfg = Release|x64
		{0C0165BA-0B4B-4F2E-A5D8-A281F51E5739}.Release|x64.Build.0 = Release|x64
		{0C0165BA-0B4B-4F2E-A5D8-A281F51E5739}.Release|x86.ActiveCfg = Release|Any CPU
		{0C0165BA-0B4B-4F2E-A5D8-A281F51E5739}.Release|x86.Build.0 = Release|Any CPU
		{80929AB1-8C35-452A-B995-3D6D28502BF3}.Debug|Any CPU.ActiveCfg = Debug|Any CPU
		{80929AB1-8C35-452A-B995-3D6D28502BF3}.Debug|Any CPU.Build.0 = Debug|Any CPU
		{80929AB1-8C35-452A-B995-3D6D28502BF3}.Debug|x64.ActiveCfg = Debug|x64
		{80929AB1-8C35-452A-B995-3D6D28502BF3}.Debug|x64.Build.0 = Debug|x64
		{80929AB1-8C35-452A-B995-3D6D28502BF3}.Debug|x86.ActiveCfg = Debug|Any CPU
		{80929AB1-8C35-452A-B995-3D6D28502BF3}.Debug|x86.Build.0 = Debug|Any CPU
		{80929AB1-8C35-452A-B995-3D6D28502BF3}.Release|Any CPU.ActiveCfg = Release|Any CPU
		{80929AB1-8C35-452A-B995-3D6D28502BF3}.Release|Any CPU.Build.0 = Release|Any CPU
		{80929AB1-8C35-452A-B995-3D6D28502BF3}.Release|x64.ActiveCfg = Release|x64
		{80929AB1-8C35-452A-B995-3D6D28502BF3}.Release|x64.Build.0 = Release|x64
		{80929AB1-8C35-452A-B995-3D6D28502BF3}.Release|x86.ActiveCfg = Release|Any CPU
		{80929AB1-8C35-452A-B995-3D6D28502BF3}.Release|x86.Build.0 = Release|Any CPU
		{56170610-87BA-4922-AF06-60FB1F5D70A9}.Debug|Any CPU.ActiveCfg = Debug|Any CPU
		{56170610-87BA-4922-AF06-60FB1F5D70A9}.Debug|Any CPU.Build.0 = Debug|Any CPU
		{56170610-87BA-4922-AF06-60FB1F5D70A9}.Debug|x64.ActiveCfg = Debug|x64
		{56170610-87BA-4922-AF06-60FB1F5D70A9}.Debug|x64.Build.0 = Debug|x64
		{56170610-87BA-4922-AF06-60FB1F5D70A9}.Debug|x86.ActiveCfg = Debug|Any CPU
		{56170610-87BA-4922-AF06-60FB1F5D70A9}.Debug|x86.Build.0 = Debug|Any CPU
		{56170610-87BA-4922-AF06-60FB1F5D70A9}.Release|Any CPU.ActiveCfg = Release|Any CPU
		{56170610-87BA-4922-AF06-60FB1F5D70A9}.Release|Any CPU.Build.0 = Release|Any CPU
		{56170610-87BA-4922-AF06-60FB1F5D70A9}.Release|x64.ActiveCfg = Release|x64
		{56170610-87BA-4922-AF06-60FB1F5D70A9}.Release|x64.Build.0 = Release|x64
		{56170610-87BA-4922-AF06-60FB1F5D70A9}.Release|x86.ActiveCfg = Release|Any CPU
		{56170610-87BA-4922-AF06-60FB1F5D70A9}.Release|x86.Build.0 = Release|Any CPU
		{7D7B24E7-C3ED-4E38-99D1-2859B7805055}.Debug|Any CPU.ActiveCfg = Debug|Any CPU
		{7D7B24E7-C3ED-4E38-99D1-2859B7805055}.Debug|Any CPU.Build.0 = Debug|Any CPU
		{7D7B24E7-C3ED-4E38-99D1-2859B7805055}.Debug|x64.ActiveCfg = Debug|x64
		{7D7B24E7-C3ED-4E38-99D1-2859B7805055}.Debug|x64.Build.0 = Debug|x64
		{7D7B24E7-C3ED-4E38-99D1-2859B7805055}.Debug|x86.ActiveCfg = Debug|Any CPU
		{7D7B24E7-C3ED-4E38-99D1-2859B7805055}.Debug|x86.Build.0 = Debug|Any CPU
		{7D7B24E7-C3ED-4E38-99D1-2859B7805055}.Release|Any CPU.ActiveCfg = Release|Any CPU
		{7D7B24E7-C3ED-4E38-99D1-2859B7805055}.Release|Any CPU.Build.0 = Release|Any CPU
		{7D7B24E7-C3ED-4E38-99D1-2859B7805055}.Release|x64.ActiveCfg = Release|x64
		{7D7B24E7-C3ED-4E38-99D1-2859B7805055}.Release|x64.Build.0 = Release|x64
		{7D7B24E7-C3ED-4E38-99D1-2859B7805055}.Release|x86.ActiveCfg = Release|Any CPU
		{7D7B24E7-C3ED-4E38-99D1-2859B7805055}.Release|x86.Build.0 = Release|Any CPU
		{1073D625-B196-4883-BC36-6CBA357B173C}.Debug|Any CPU.ActiveCfg = Debug|Any CPU
		{1073D625-B196-4883-BC36-6CBA357B173C}.Debug|Any CPU.Build.0 = Debug|Any CPU
		{1073D625-B196-4883-BC36-6CBA357B173C}.Debug|x64.ActiveCfg = Debug|x64
		{1073D625-B196-4883-BC36-6CBA357B173C}.Debug|x64.Build.0 = Debug|x64
		{1073D625-B196-4883-BC36-6CBA357B173C}.Debug|x86.ActiveCfg = Debug|Any CPU
		{1073D625-B196-4883-BC36-6CBA357B173C}.Debug|x86.Build.0 = Debug|Any CPU
		{1073D625-B196-4883-BC36-6CBA357B173C}.Release|Any CPU.ActiveCfg = Release|Any CPU
		{1073D625-B196-4883-BC36-6CBA357B173C}.Release|Any CPU.Build.0 = Release|Any CPU
		{1073D625-B196-4883-BC36-6CBA357B173C}.Release|x64.ActiveCfg = Release|x64
		{1073D625-B196-4883-BC36-6CBA357B173C}.Release|x64.Build.0 = Release|x64
		{1073D625-B196-4883-BC36-6CBA357B173C}.Release|x86.ActiveCfg = Release|Any CPU
		{1073D625-B196-4883-BC36-6CBA357B173C}.Release|x86.Build.0 = Release|Any CPU
	EndGlobalSection
	GlobalSection(SolutionProperties) = preSolution
		HideSolutionNode = FALSE
	EndGlobalSection
EndGlobal